
Microsoft Visual Studio Solution File, Format Version 12.00
# Visual Studio Version 17
VisualStudioVersion = 17.0.31903.59
MinimumVisualStudioVersion = 10.0.40219.1
Project("{2150E333-8FDC-42A3-9474-1A3956D46DE8}") = "src", "src", "{827E0CD3-B72D-47B6-A68D-7590B98EB39B}"
EndProject
Project("{FAE04EC0-301F-11D3-BF4B-00C04F79EFBC}") = "FractalDataWorks.Configuration", "src\FractalDataWorks.Configuration\FractalDataWorks.Configuration.csproj", "{03BD1228-631F-43B8-B59D-0E0D392B242F}"
EndProject
Project("{FAE04EC0-301F-11D3-BF4B-00C04F79EFBC}") = "FractalDataWorks.Net", "src\FractalDataWorks.Net\FractalDataWorks.Net.csproj", "{8A6943BF-441D-4153-B69F-FCB617B53867}"
EndProject
Project("{FAE04EC0-301F-11D3-BF4B-00C04F79EFBC}") = "FractalDataWorks.Connections", "src\FractalDataWorks.Connections\FractalDataWorks.Connections.csproj", "{6E06DA29-697D-46D8-BFB2-2E3876954A09}"
EndProject
Project("{FAE04EC0-301F-11D3-BF4B-00C04F79EFBC}") = "FractalDataWorks.Services", "src\FractalDataWorks.Services\FractalDataWorks.Services.csproj", "{2F34BB1A-09B5-4668-A397-5D085FB92EE1}"
EndProject
Project("{FAE04EC0-301F-11D3-BF4B-00C04F79EFBC}") = "FractalDataWorks.Connections.Data", "src\FractalDataWorks.Connections.Data\FractalDataWorks.Connections.Data.csproj", "{1D844D8A-EF5D-4663-BF06-550624D2CE3A}"
EndProject
Project("{FAE04EC0-301F-11D3-BF4B-00C04F79EFBC}") = "FractalDataWorks.Entities", "src\FractalDataWorks.Entities\FractalDataWorks.Entities.csproj", "{D6B98475-4F68-4170-9F09-8056600C460D}"
EndProject
Project("{FAE04EC0-301F-11D3-BF4B-00C04F79EFBC}") = "FractalDataWorks.Hosts", "src\FractalDataWorks.Hosts\FractalDataWorks.Hosts.csproj", "{3208DA8A-642B-4E1A-B00A-0A0651896B0F}"
EndProject
Project("{FAE04EC0-301F-11D3-BF4B-00C04F79EFBC}") = "FractalDataWorks.Services.Connections.Data", "src\FractalDataWorks.Services.Connections.Data\FractalDataWorks.Services.Connections.Data.csproj", "{53DDD24A-2470-411E-B248-3CCD069F32D3}"
EndProject
Project("{FAE04EC0-301F-11D3-BF4B-00C04F79EFBC}") = "FractalDataWorks.Services.Extensions", "src\FractalDataWorks.Services.Extensions\FractalDataWorks.Services.Extensions.csproj", "{80FD7ED4-78F7-4B99-AA73-E24291FA3878}"
EndProject
Project("{FAE04EC0-301F-11D3-BF4B-00C04F79EFBC}") = "FractalDataWorks.Transformers", "src\FractalDataWorks.Transformers\FractalDataWorks.Transformers.csproj", "{74C1046E-7029-447A-986C-5E62A230BBC0}"
EndProject
Project("{2150E333-8FDC-42A3-9474-1A3956D46DE8}") = "tests", "tests", "{0AB3BF05-4346-4AA6-1389-037BE0695223}"
EndProject
Project("{FAE04EC0-301F-11D3-BF4B-00C04F79EFBC}") = "FractalDataWorks.Configuration.Tests", "tests\FractalDataWorks.Configuration.Tests\FractalDataWorks.Configuration.Tests.csproj", "{A78E0E13-9A06-423A-8694-884A2741781A}"
EndProject
Project("{FAE04EC0-301F-11D3-BF4B-00C04F79EFBC}") = "FractalDataWorks.Data.Tests", "tests\FractalDataWorks.Data.Tests\FractalDataWorks.Data.Tests.csproj", "{FF72C9D2-6528-4F45-82C9-4312B9322557}"
EndProject
Project("{FAE04EC0-301F-11D3-BF4B-00C04F79EFBC}") = "FractalDataWorks.Hosts.Tests", "tests\FractalDataWorks.Hosts.Tests\FractalDataWorks.Hosts.Tests.csproj", "{3652F8C7-ACB2-46CF-BD49-A3E38CC6AA12}"
EndProject
Project("{FAE04EC0-301F-11D3-BF4B-00C04F79EFBC}") = "FractalDataWorks.Net.Tests", "tests\FractalDataWorks.Net.Tests\FractalDataWorks.Net.Tests.csproj", "{C6A377DF-3314-48D4-ACB8-02185E5EF567}"
EndProject
Project("{FAE04EC0-301F-11D3-BF4B-00C04F79EFBC}") = "FractalDataWorks.Services.Connections.Data.Tests", "tests\FractalDataWorks.Services.Connections.Data.Tests\FractalDataWorks.Services.Connections.Data.Tests.csproj", "{6FC2C1C4-CC5C-4293-AFA0-89E60D55D78A}"
EndProject
Project("{FAE04EC0-301F-11D3-BF4B-00C04F79EFBC}") = "FractalDataWorks.Services.Connections.Tests", "tests\FractalDataWorks.Services.Connections.Tests\FractalDataWorks.Services.Connections.Tests.csproj", "{E0241CC8-40F3-4220-85C7-B5CD516029F5}"
EndProject
Project("{FAE04EC0-301F-11D3-BF4B-00C04F79EFBC}") = "FractalDataWorks.Services.Extensions.Tests", "tests\FractalDataWorks.Services.Extensions.Tests\FractalDataWorks.Services.Extensions.Tests.csproj", "{0A6B37E8-E51A-4B22-A171-0CBB39EFFB46}"
EndProject
Project("{FAE04EC0-301F-11D3-BF4B-00C04F79EFBC}") = "FractalDataWorks.Services.Tests", "tests\FractalDataWorks.Services.Tests\FractalDataWorks.Services.Tests.csproj", "{467BAE49-B382-47C1-9930-E632B5FB8274}"
EndProject
Project("{FAE04EC0-301F-11D3-BF4B-00C04F79EFBC}") = "FractalDataWorks.Tests", "tests\FractalDataWorks.Tests\FractalDataWorks.Tests.csproj", "{FACE9686-7992-4685-9CB6-2D84A3B0BCB5}"
EndProject
Project("{FAE04EC0-301F-11D3-BF4B-00C04F79EFBC}") = "FractalDataWorks.Transformers.Tests", "tests\FractalDataWorks.Transformers.Tests\FractalDataWorks.Transformers.Tests.csproj", "{33963A37-49E1-450B-9EC6-378704480984}"
EndProject
Project("{2150E333-8FDC-42A3-9474-1A3956D46DE8}") = "samples", "samples", "{5D20AA90-6969-D8BD-9DCD-8634F4692FDA}"
EndProject
Project("{FAE04EC0-301F-11D3-BF4B-00C04F79EFBC}") = "BasicUsage", "samples\BasicUsage\BasicUsage.csproj", "{992AFE42-5607-4466-83B8-BF780E9179BC}"
EndProject
Project("{FAE04EC0-301F-11D3-BF4B-00C04F79EFBC}") = "FractalDataWorks.Services.Data", "src\FractalDataWorks.Services.Data\FractalDataWorks.Services.Data.csproj", "{7D7BA87A-B99C-41E5-BA35-0D4B01045742}"
EndProject
Project("{FAE04EC0-301F-11D3-BF4B-00C04F79EFBC}") = "FractalDataWorks.Connections.SqlServer", "src\FractalDataWorks.Connections.SqlServer\FractalDataWorks.Connections.SqlServer.csproj", "{F8CEA9CD-C4D0-49CF-9429-5E9210695410}"
EndProject
Project("{FAE04EC0-301F-11D3-BF4B-00C04F79EFBC}") = "FractalDataWorks.Connections.Data.Tests", "tests\FractalDataWorks.Connections.Data.Tests\FractalDataWorks.Connections.Data.Tests.csproj", "{E599CF57-D266-4EAA-A4F6-BE0637715533}"
EndProject
Project("{FAE04EC0-301F-11D3-BF4B-00C04F79EFBC}") = "FractalDataWorks.Services.Data.Tests", "tests\FractalDataWorks.Services.Data.Tests\FractalDataWorks.Services.Data.Tests.csproj", "{19FC649C-F40C-4BFC-8866-5F8A7A8BEC0E}"
EndProject
Project("{FAE04EC0-301F-11D3-BF4B-00C04F79EFBC}") = "FractalDataWorks.Connections.SqlServer.Tests", "tests\FractalDataWorks.Connections.SqlServer.Tests\FractalDataWorks.Connections.SqlServer.Tests.csproj", "{76353E03-AD8A-483E-BFD3-DE2271DC19B8}"
EndProject
Global
	GlobalSection(SolutionConfigurationPlatforms) = preSolution
		Debug|Any CPU = Debug|Any CPU
		Debug|x64 = Debug|x64
		Debug|x86 = Debug|x86
		Release|Any CPU = Release|Any CPU
		Release|x64 = Release|x64
		Release|x86 = Release|x86
	EndGlobalSection
	GlobalSection(ProjectConfigurationPlatforms) = postSolution
		{03BD1228-631F-43B8-B59D-0E0D392B242F}.Debug|Any CPU.ActiveCfg = Debug|Any CPU
		{03BD1228-631F-43B8-B59D-0E0D392B242F}.Debug|Any CPU.Build.0 = Debug|Any CPU
		{03BD1228-631F-43B8-B59D-0E0D392B242F}.Debug|x64.ActiveCfg = Debug|Any CPU
		{03BD1228-631F-43B8-B59D-0E0D392B242F}.Debug|x64.Build.0 = Debug|Any CPU
		{03BD1228-631F-43B8-B59D-0E0D392B242F}.Debug|x86.ActiveCfg = Debug|Any CPU
		{03BD1228-631F-43B8-B59D-0E0D392B242F}.Debug|x86.Build.0 = Debug|Any CPU
		{03BD1228-631F-43B8-B59D-0E0D392B242F}.Release|Any CPU.ActiveCfg = Release|Any CPU
		{03BD1228-631F-43B8-B59D-0E0D392B242F}.Release|Any CPU.Build.0 = Release|Any CPU
		{03BD1228-631F-43B8-B59D-0E0D392B242F}.Release|x64.ActiveCfg = Release|Any CPU
		{03BD1228-631F-43B8-B59D-0E0D392B242F}.Release|x64.Build.0 = Release|Any CPU
		{03BD1228-631F-43B8-B59D-0E0D392B242F}.Release|x86.ActiveCfg = Release|Any CPU
		{03BD1228-631F-43B8-B59D-0E0D392B242F}.Release|x86.Build.0 = Release|Any CPU
		{8A6943BF-441D-4153-B69F-FCB617B53867}.Debug|Any CPU.ActiveCfg = Debug|Any CPU
		{8A6943BF-441D-4153-B69F-FCB617B53867}.Debug|Any CPU.Build.0 = Debug|Any CPU
		{8A6943BF-441D-4153-B69F-FCB617B53867}.Debug|x64.ActiveCfg = Debug|Any CPU
		{8A6943BF-441D-4153-B69F-FCB617B53867}.Debug|x64.Build.0 = Debug|Any CPU
		{8A6943BF-441D-4153-B69F-FCB617B53867}.Debug|x86.ActiveCfg = Debug|Any CPU
		{8A6943BF-441D-4153-B69F-FCB617B53867}.Debug|x86.Build.0 = Debug|Any CPU
		{8A6943BF-441D-4153-B69F-FCB617B53867}.Release|Any CPU.ActiveCfg = Release|Any CPU
		{8A6943BF-441D-4153-B69F-FCB617B53867}.Release|Any CPU.Build.0 = Release|Any CPU
		{8A6943BF-441D-4153-B69F-FCB617B53867}.Release|x64.ActiveCfg = Release|Any CPU
		{8A6943BF-441D-4153-B69F-FCB617B53867}.Release|x64.Build.0 = Release|Any CPU
		{8A6943BF-441D-4153-B69F-FCB617B53867}.Release|x86.ActiveCfg = Release|Any CPU
		{8A6943BF-441D-4153-B69F-FCB617B53867}.Release|x86.Build.0 = Release|Any CPU
		{6E06DA29-697D-46D8-BFB2-2E3876954A09}.Debug|Any CPU.ActiveCfg = Debug|Any CPU
		{6E06DA29-697D-46D8-BFB2-2E3876954A09}.Debug|Any CPU.Build.0 = Debug|Any CPU
		{6E06DA29-697D-46D8-BFB2-2E3876954A09}.Debug|x64.ActiveCfg = Debug|Any CPU
		{6E06DA29-697D-46D8-BFB2-2E3876954A09}.Debug|x64.Build.0 = Debug|Any CPU
		{6E06DA29-697D-46D8-BFB2-2E3876954A09}.Debug|x86.ActiveCfg = Debug|Any CPU
		{6E06DA29-697D-46D8-BFB2-2E3876954A09}.Debug|x86.Build.0 = Debug|Any CPU
		{6E06DA29-697D-46D8-BFB2-2E3876954A09}.Release|Any CPU.ActiveCfg = Release|Any CPU
		{6E06DA29-697D-46D8-BFB2-2E3876954A09}.Release|Any CPU.Build.0 = Release|Any CPU
		{6E06DA29-697D-46D8-BFB2-2E3876954A09}.Release|x64.ActiveCfg = Release|Any CPU
		{6E06DA29-697D-46D8-BFB2-2E3876954A09}.Release|x64.Build.0 = Release|Any CPU
		{6E06DA29-697D-46D8-BFB2-2E3876954A09}.Release|x86.ActiveCfg = Release|Any CPU
		{6E06DA29-697D-46D8-BFB2-2E3876954A09}.Release|x86.Build.0 = Release|Any CPU
		{2F34BB1A-09B5-4668-A397-5D085FB92EE1}.Debug|Any CPU.ActiveCfg = Debug|Any CPU
		{2F34BB1A-09B5-4668-A397-5D085FB92EE1}.Debug|Any CPU.Build.0 = Debug|Any CPU
		{2F34BB1A-09B5-4668-A397-5D085FB92EE1}.Debug|x64.ActiveCfg = Debug|Any CPU
		{2F34BB1A-09B5-4668-A397-5D085FB92EE1}.Debug|x64.Build.0 = Debug|Any CPU
		{2F34BB1A-09B5-4668-A397-5D085FB92EE1}.Debug|x86.ActiveCfg = Debug|Any CPU
		{2F34BB1A-09B5-4668-A397-5D085FB92EE1}.Debug|x86.Build.0 = Debug|Any CPU
		{2F34BB1A-09B5-4668-A397-5D085FB92EE1}.Release|Any CPU.ActiveCfg = Release|Any CPU
		{2F34BB1A-09B5-4668-A397-5D085FB92EE1}.Release|Any CPU.Build.0 = Release|Any CPU
		{2F34BB1A-09B5-4668-A397-5D085FB92EE1}.Release|x64.ActiveCfg = Release|Any CPU
		{2F34BB1A-09B5-4668-A397-5D085FB92EE1}.Release|x64.Build.0 = Release|Any CPU
		{2F34BB1A-09B5-4668-A397-5D085FB92EE1}.Release|x86.ActiveCfg = Release|Any CPU
		{2F34BB1A-09B5-4668-A397-5D085FB92EE1}.Release|x86.Build.0 = Release|Any CPU
		{1D844D8A-EF5D-4663-BF06-550624D2CE3A}.Debug|Any CPU.ActiveCfg = Debug|Any CPU
		{1D844D8A-EF5D-4663-BF06-550624D2CE3A}.Debug|Any CPU.Build.0 = Debug|Any CPU
		{1D844D8A-EF5D-4663-BF06-550624D2CE3A}.Debug|x64.ActiveCfg = Debug|Any CPU
		{1D844D8A-EF5D-4663-BF06-550624D2CE3A}.Debug|x64.Build.0 = Debug|Any CPU
		{1D844D8A-EF5D-4663-BF06-550624D2CE3A}.Debug|x86.ActiveCfg = Debug|Any CPU
		{1D844D8A-EF5D-4663-BF06-550624D2CE3A}.Debug|x86.Build.0 = Debug|Any CPU
		{1D844D8A-EF5D-4663-BF06-550624D2CE3A}.Release|Any CPU.ActiveCfg = Release|Any CPU
		{1D844D8A-EF5D-4663-BF06-550624D2CE3A}.Release|Any CPU.Build.0 = Release|Any CPU
		{1D844D8A-EF5D-4663-BF06-550624D2CE3A}.Release|x64.ActiveCfg = Release|Any CPU
		{1D844D8A-EF5D-4663-BF06-550624D2CE3A}.Release|x64.Build.0 = Release|Any CPU
		{1D844D8A-EF5D-4663-BF06-550624D2CE3A}.Release|x86.ActiveCfg = Release|Any CPU
		{1D844D8A-EF5D-4663-BF06-550624D2CE3A}.Release|x86.Build.0 = Release|Any CPU
		{D6B98475-4F68-4170-9F09-8056600C460D}.Debug|Any CPU.ActiveCfg = Debug|Any CPU
		{D6B98475-4F68-4170-9F09-8056600C460D}.Debug|Any CPU.Build.0 = Debug|Any CPU
		{D6B98475-4F68-4170-9F09-8056600C460D}.Debug|x64.ActiveCfg = Debug|Any CPU
		{D6B98475-4F68-4170-9F09-8056600C460D}.Debug|x64.Build.0 = Debug|Any CPU
		{D6B98475-4F68-4170-9F09-8056600C460D}.Debug|x86.ActiveCfg = Debug|Any CPU
		{D6B98475-4F68-4170-9F09-8056600C460D}.Debug|x86.Build.0 = Debug|Any CPU
		{D6B98475-4F68-4170-9F09-8056600C460D}.Release|Any CPU.ActiveCfg = Release|Any CPU
		{D6B98475-4F68-4170-9F09-8056600C460D}.Release|Any CPU.Build.0 = Release|Any CPU
		{D6B98475-4F68-4170-9F09-8056600C460D}.Release|x64.ActiveCfg = Release|Any CPU
		{D6B98475-4F68-4170-9F09-8056600C460D}.Release|x64.Build.0 = Release|Any CPU
		{D6B98475-4F68-4170-9F09-8056600C460D}.Release|x86.ActiveCfg = Release|Any CPU
		{D6B98475-4F68-4170-9F09-8056600C460D}.Release|x86.Build.0 = Release|Any CPU
		{3208DA8A-642B-4E1A-B00A-0A0651896B0F}.Debug|Any CPU.ActiveCfg = Debug|Any CPU
		{3208DA8A-642B-4E1A-B00A-0A0651896B0F}.Debug|Any CPU.Build.0 = Debug|Any CPU
		{3208DA8A-642B-4E1A-B00A-0A0651896B0F}.Debug|x64.ActiveCfg = Debug|Any CPU
		{3208DA8A-642B-4E1A-B00A-0A0651896B0F}.Debug|x64.Build.0 = Debug|Any CPU
		{3208DA8A-642B-4E1A-B00A-0A0651896B0F}.Debug|x86.ActiveCfg = Debug|Any CPU
		{3208DA8A-642B-4E1A-B00A-0A0651896B0F}.Debug|x86.Build.0 = Debug|Any CPU
		{3208DA8A-642B-4E1A-B00A-0A0651896B0F}.Release|Any CPU.ActiveCfg = Release|Any CPU
		{3208DA8A-642B-4E1A-B00A-0A0651896B0F}.Release|Any CPU.Build.0 = Release|Any CPU
		{3208DA8A-642B-4E1A-B00A-0A0651896B0F}.Release|x64.ActiveCfg = Release|Any CPU
		{3208DA8A-642B-4E1A-B00A-0A0651896B0F}.Release|x64.Build.0 = Release|Any CPU
		{3208DA8A-642B-4E1A-B00A-0A0651896B0F}.Release|x86.ActiveCfg = Release|Any CPU
		{3208DA8A-642B-4E1A-B00A-0A0651896B0F}.Release|x86.Build.0 = Release|Any CPU
		{53DDD24A-2470-411E-B248-3CCD069F32D3}.Debug|Any CPU.ActiveCfg = Debug|Any CPU
		{53DDD24A-2470-411E-B248-3CCD069F32D3}.Debug|Any CPU.Build.0 = Debug|Any CPU
		{53DDD24A-2470-411E-B248-3CCD069F32D3}.Debug|x64.ActiveCfg = Debug|Any CPU
		{53DDD24A-2470-411E-B248-3CCD069F32D3}.Debug|x64.Build.0 = Debug|Any CPU
		{53DDD24A-2470-411E-B248-3CCD069F32D3}.Debug|x86.ActiveCfg = Debug|Any CPU
		{53DDD24A-2470-411E-B248-3CCD069F32D3}.Debug|x86.Build.0 = Debug|Any CPU
		{53DDD24A-2470-411E-B248-3CCD069F32D3}.Release|Any CPU.ActiveCfg = Release|Any CPU
		{53DDD24A-2470-411E-B248-3CCD069F32D3}.Release|Any CPU.Build.0 = Release|Any CPU
		{53DDD24A-2470-411E-B248-3CCD069F32D3}.Release|x64.ActiveCfg = Release|Any CPU
		{53DDD24A-2470-411E-B248-3CCD069F32D3}.Release|x64.Build.0 = Release|Any CPU
		{53DDD24A-2470-411E-B248-3CCD069F32D3}.Release|x86.ActiveCfg = Release|Any CPU
		{53DDD24A-2470-411E-B248-3CCD069F32D3}.Release|x86.Build.0 = Release|Any CPU
		{80FD7ED4-78F7-4B99-AA73-E24291FA3878}.Debug|Any CPU.ActiveCfg = Debug|Any CPU
		{80FD7ED4-78F7-4B99-AA73-E24291FA3878}.Debug|Any CPU.Build.0 = Debug|Any CPU
		{80FD7ED4-78F7-4B99-AA73-E24291FA3878}.Debug|x64.ActiveCfg = Debug|Any CPU
		{80FD7ED4-78F7-4B99-AA73-E24291FA3878}.Debug|x64.Build.0 = Debug|Any CPU
		{80FD7ED4-78F7-4B99-AA73-E24291FA3878}.Debug|x86.ActiveCfg = Debug|Any CPU
		{80FD7ED4-78F7-4B99-AA73-E24291FA3878}.Debug|x86.Build.0 = Debug|Any CPU
		{80FD7ED4-78F7-4B99-AA73-E24291FA3878}.Release|Any CPU.ActiveCfg = Release|Any CPU
		{80FD7ED4-78F7-4B99-AA73-E24291FA3878}.Release|Any CPU.Build.0 = Release|Any CPU
		{80FD7ED4-78F7-4B99-AA73-E24291FA3878}.Release|x64.ActiveCfg = Release|Any CPU
		{80FD7ED4-78F7-4B99-AA73-E24291FA3878}.Release|x64.Build.0 = Release|Any CPU
		{80FD7ED4-78F7-4B99-AA73-E24291FA3878}.Release|x86.ActiveCfg = Release|Any CPU
		{80FD7ED4-78F7-4B99-AA73-E24291FA3878}.Release|x86.Build.0 = Release|Any CPU
		{74C1046E-7029-447A-986C-5E62A230BBC0}.Debug|Any CPU.ActiveCfg = Debug|Any CPU
		{74C1046E-7029-447A-986C-5E62A230BBC0}.Debug|Any CPU.Build.0 = Debug|Any CPU
		{74C1046E-7029-447A-986C-5E62A230BBC0}.Debug|x64.ActiveCfg = Debug|Any CPU
		{74C1046E-7029-447A-986C-5E62A230BBC0}.Debug|x64.Build.0 = Debug|Any CPU
		{74C1046E-7029-447A-986C-5E62A230BBC0}.Debug|x86.ActiveCfg = Debug|Any CPU
		{74C1046E-7029-447A-986C-5E62A230BBC0}.Debug|x86.Build.0 = Debug|Any CPU
		{74C1046E-7029-447A-986C-5E62A230BBC0}.Release|Any CPU.ActiveCfg = Release|Any CPU
		{74C1046E-7029-447A-986C-5E62A230BBC0}.Release|Any CPU.Build.0 = Release|Any CPU
		{74C1046E-7029-447A-986C-5E62A230BBC0}.Release|x64.ActiveCfg = Release|Any CPU
		{74C1046E-7029-447A-986C-5E62A230BBC0}.Release|x64.Build.0 = Release|Any CPU
		{74C1046E-7029-447A-986C-5E62A230BBC0}.Release|x86.ActiveCfg = Release|Any CPU
		{74C1046E-7029-447A-986C-5E62A230BBC0}.Release|x86.Build.0 = Release|Any CPU
		{A78E0E13-9A06-423A-8694-884A2741781A}.Debug|Any CPU.ActiveCfg = Debug|Any CPU
		{A78E0E13-9A06-423A-8694-884A2741781A}.Debug|Any CPU.Build.0 = Debug|Any CPU
		{A78E0E13-9A06-423A-8694-884A2741781A}.Debug|x64.ActiveCfg = Debug|Any CPU
		{A78E0E13-9A06-423A-8694-884A2741781A}.Debug|x64.Build.0 = Debug|Any CPU
		{A78E0E13-9A06-423A-8694-884A2741781A}.Debug|x86.ActiveCfg = Debug|Any CPU
		{A78E0E13-9A06-423A-8694-884A2741781A}.Debug|x86.Build.0 = Debug|Any CPU
		{A78E0E13-9A06-423A-8694-884A2741781A}.Release|Any CPU.ActiveCfg = Release|Any CPU
		{A78E0E13-9A06-423A-8694-884A2741781A}.Release|Any CPU.Build.0 = Release|Any CPU
		{A78E0E13-9A06-423A-8694-884A2741781A}.Release|x64.ActiveCfg = Release|Any CPU
		{A78E0E13-9A06-423A-8694-884A2741781A}.Release|x64.Build.0 = Release|Any CPU
		{A78E0E13-9A06-423A-8694-884A2741781A}.Release|x86.ActiveCfg = Release|Any CPU
		{A78E0E13-9A06-423A-8694-884A2741781A}.Release|x86.Build.0 = Release|Any CPU
		{FF72C9D2-6528-4F45-82C9-4312B9322557}.Debug|Any CPU.ActiveCfg = Debug|Any CPU
		{FF72C9D2-6528-4F45-82C9-4312B9322557}.Debug|Any CPU.Build.0 = Debug|Any CPU
		{FF72C9D2-6528-4F45-82C9-4312B9322557}.Debug|x64.ActiveCfg = Debug|Any CPU
		{FF72C9D2-6528-4F45-82C9-4312B9322557}.Debug|x64.Build.0 = Debug|Any CPU
		{FF72C9D2-6528-4F45-82C9-4312B9322557}.Debug|x86.ActiveCfg = Debug|Any CPU
		{FF72C9D2-6528-4F45-82C9-4312B9322557}.Debug|x86.Build.0 = Debug|Any CPU
		{FF72C9D2-6528-4F45-82C9-4312B9322557}.Release|Any CPU.ActiveCfg = Release|Any CPU
		{FF72C9D2-6528-4F45-82C9-4312B9322557}.Release|Any CPU.Build.0 = Release|Any CPU
		{FF72C9D2-6528-4F45-82C9-4312B9322557}.Release|x64.ActiveCfg = Release|Any CPU
		{FF72C9D2-6528-4F45-82C9-4312B9322557}.Release|x64.Build.0 = Release|Any CPU
		{FF72C9D2-6528-4F45-82C9-4312B9322557}.Release|x86.ActiveCfg = Release|Any CPU
		{FF72C9D2-6528-4F45-82C9-4312B9322557}.Release|x86.Build.0 = Release|Any CPU
		{3652F8C7-ACB2-46CF-BD49-A3E38CC6AA12}.Debug|Any CPU.ActiveCfg = Debug|Any CPU
		{3652F8C7-ACB2-46CF-BD49-A3E38CC6AA12}.Debug|Any CPU.Build.0 = Debug|Any CPU
		{3652F8C7-ACB2-46CF-BD49-A3E38CC6AA12}.Debug|x64.ActiveCfg = Debug|Any CPU
		{3652F8C7-ACB2-46CF-BD49-A3E38CC6AA12}.Debug|x64.Build.0 = Debug|Any CPU
		{3652F8C7-ACB2-46CF-BD49-A3E38CC6AA12}.Debug|x86.ActiveCfg = Debug|Any CPU
		{3652F8C7-ACB2-46CF-BD49-A3E38CC6AA12}.Debug|x86.Build.0 = Debug|Any CPU
		{3652F8C7-ACB2-46CF-BD49-A3E38CC6AA12}.Release|Any CPU.ActiveCfg = Release|Any CPU
		{3652F8C7-ACB2-46CF-BD49-A3E38CC6AA12}.Release|Any CPU.Build.0 = Release|Any CPU
		{3652F8C7-ACB2-46CF-BD49-A3E38CC6AA12}.Release|x64.ActiveCfg = Release|Any CPU
		{3652F8C7-ACB2-46CF-BD49-A3E38CC6AA12}.Release|x64.Build.0 = Release|Any CPU
		{3652F8C7-ACB2-46CF-BD49-A3E38CC6AA12}.Release|x86.ActiveCfg = Release|Any CPU
		{3652F8C7-ACB2-46CF-BD49-A3E38CC6AA12}.Release|x86.Build.0 = Release|Any CPU
		{C6A377DF-3314-48D4-ACB8-02185E5EF567}.Debug|Any CPU.ActiveCfg = Debug|Any CPU
		{C6A377DF-3314-48D4-ACB8-02185E5EF567}.Debug|Any CPU.Build.0 = Debug|Any CPU
		{C6A377DF-3314-48D4-ACB8-02185E5EF567}.Debug|x64.ActiveCfg = Debug|Any CPU
		{C6A377DF-3314-48D4-ACB8-02185E5EF567}.Debug|x64.Build.0 = Debug|Any CPU
		{C6A377DF-3314-48D4-ACB8-02185E5EF567}.Debug|x86.ActiveCfg = Debug|Any CPU
		{C6A377DF-3314-48D4-ACB8-02185E5EF567}.Debug|x86.Build.0 = Debug|Any CPU
		{C6A377DF-3314-48D4-ACB8-02185E5EF567}.Release|Any CPU.ActiveCfg = Release|Any CPU
		{C6A377DF-3314-48D4-ACB8-02185E5EF567}.Release|Any CPU.Build.0 = Release|Any CPU
		{C6A377DF-3314-48D4-ACB8-02185E5EF567}.Release|x64.ActiveCfg = Release|Any CPU
		{C6A377DF-3314-48D4-ACB8-02185E5EF567}.Release|x64.Build.0 = Release|Any CPU
		{C6A377DF-3314-48D4-ACB8-02185E5EF567}.Release|x86.ActiveCfg = Release|Any CPU
		{C6A377DF-3314-48D4-ACB8-02185E5EF567}.Release|x86.Build.0 = Release|Any CPU
		{6FC2C1C4-CC5C-4293-AFA0-89E60D55D78A}.Debug|Any CPU.ActiveCfg = Debug|Any CPU
		{6FC2C1C4-CC5C-4293-AFA0-89E60D55D78A}.Debug|Any CPU.Build.0 = Debug|Any CPU
		{6FC2C1C4-CC5C-4293-AFA0-89E60D55D78A}.Debug|x64.ActiveCfg = Debug|Any CPU
		{6FC2C1C4-CC5C-4293-AFA0-89E60D55D78A}.Debug|x64.Build.0 = Debug|Any CPU
		{6FC2C1C4-CC5C-4293-AFA0-89E60D55D78A}.Debug|x86.ActiveCfg = Debug|Any CPU
		{6FC2C1C4-CC5C-4293-AFA0-89E60D55D78A}.Debug|x86.Build.0 = Debug|Any CPU
		{6FC2C1C4-CC5C-4293-AFA0-89E60D55D78A}.Release|Any CPU.ActiveCfg = Release|Any CPU
		{6FC2C1C4-CC5C-4293-AFA0-89E60D55D78A}.Release|Any CPU.Build.0 = Release|Any CPU
		{6FC2C1C4-CC5C-4293-AFA0-89E60D55D78A}.Release|x64.ActiveCfg = Release|Any CPU
		{6FC2C1C4-CC5C-4293-AFA0-89E60D55D78A}.Release|x64.Build.0 = Release|Any CPU
		{6FC2C1C4-CC5C-4293-AFA0-89E60D55D78A}.Release|x86.ActiveCfg = Release|Any CPU
		{6FC2C1C4-CC5C-4293-AFA0-89E60D55D78A}.Release|x86.Build.0 = Release|Any CPU
		{E0241CC8-40F3-4220-85C7-B5CD516029F5}.Debug|Any CPU.ActiveCfg = Debug|Any CPU
		{E0241CC8-40F3-4220-85C7-B5CD516029F5}.Debug|Any CPU.Build.0 = Debug|Any CPU
		{E0241CC8-40F3-4220-85C7-B5CD516029F5}.Debug|x64.ActiveCfg = Debug|Any CPU
		{E0241CC8-40F3-4220-85C7-B5CD516029F5}.Debug|x64.Build.0 = Debug|Any CPU
		{E0241CC8-40F3-4220-85C7-B5CD516029F5}.Debug|x86.ActiveCfg = Debug|Any CPU
		{E0241CC8-40F3-4220-85C7-B5CD516029F5}.Debug|x86.Build.0 = Debug|Any CPU
		{E0241CC8-40F3-4220-85C7-B5CD516029F5}.Release|Any CPU.ActiveCfg = Release|Any CPU
		{E0241CC8-40F3-4220-85C7-B5CD516029F5}.Release|Any CPU.Build.0 = Release|Any CPU
		{E0241CC8-40F3-4220-85C7-B5CD516029F5}.Release|x64.ActiveCfg = Release|Any CPU
		{E0241CC8-40F3-4220-85C7-B5CD516029F5}.Release|x64.Build.0 = Release|Any CPU
		{E0241CC8-40F3-4220-85C7-B5CD516029F5}.Release|x86.ActiveCfg = Release|Any CPU
		{E0241CC8-40F3-4220-85C7-B5CD516029F5}.Release|x86.Build.0 = Release|Any CPU
		{0A6B37E8-E51A-4B22-A171-0CBB39EFFB46}.Debug|Any CPU.ActiveCfg = Debug|Any CPU
		{0A6B37E8-E51A-4B22-A171-0CBB39EFFB46}.Debug|Any CPU.Build.0 = Debug|Any CPU
		{0A6B37E8-E51A-4B22-A171-0CBB39EFFB46}.Debug|x64.ActiveCfg = Debug|Any CPU
		{0A6B37E8-E51A-4B22-A171-0CBB39EFFB46}.Debug|x64.Build.0 = Debug|Any CPU
		{0A6B37E8-E51A-4B22-A171-0CBB39EFFB46}.Debug|x86.ActiveCfg = Debug|Any CPU
		{0A6B37E8-E51A-4B22-A171-0CBB39EFFB46}.Debug|x86.Build.0 = Debug|Any CPU
		{0A6B37E8-E51A-4B22-A171-0CBB39EFFB46}.Release|Any CPU.ActiveCfg = Release|Any CPU
		{0A6B37E8-E51A-4B22-A171-0CBB39EFFB46}.Release|Any CPU.Build.0 = Release|Any CPU
		{0A6B37E8-E51A-4B22-A171-0CBB39EFFB46}.Release|x64.ActiveCfg = Release|Any CPU
		{0A6B37E8-E51A-4B22-A171-0CBB39EFFB46}.Release|x64.Build.0 = Release|Any CPU
		{0A6B37E8-E51A-4B22-A171-0CBB39EFFB46}.Release|x86.ActiveCfg = Release|Any CPU
		{0A6B37E8-E51A-4B22-A171-0CBB39EFFB46}.Release|x86.Build.0 = Release|Any CPU
		{467BAE49-B382-47C1-9930-E632B5FB8274}.Debug|Any CPU.ActiveCfg = Debug|Any CPU
		{467BAE49-B382-47C1-9930-E632B5FB8274}.Debug|Any CPU.Build.0 = Debug|Any CPU
		{467BAE49-B382-47C1-9930-E632B5FB8274}.Debug|x64.ActiveCfg = Debug|Any CPU
		{467BAE49-B382-47C1-9930-E632B5FB8274}.Debug|x64.Build.0 = Debug|Any CPU
		{467BAE49-B382-47C1-9930-E632B5FB8274}.Debug|x86.ActiveCfg = Debug|Any CPU
		{467BAE49-B382-47C1-9930-E632B5FB8274}.Debug|x86.Build.0 = Debug|Any CPU
		{467BAE49-B382-47C1-9930-E632B5FB8274}.Release|Any CPU.ActiveCfg = Release|Any CPU
		{467BAE49-B382-47C1-9930-E632B5FB8274}.Release|Any CPU.Build.0 = Release|Any CPU
		{467BAE49-B382-47C1-9930-E632B5FB8274}.Release|x64.ActiveCfg = Release|Any CPU
		{467BAE49-B382-47C1-9930-E632B5FB8274}.Release|x64.Build.0 = Release|Any CPU
		{467BAE49-B382-47C1-9930-E632B5FB8274}.Release|x86.ActiveCfg = Release|Any CPU
		{467BAE49-B382-47C1-9930-E632B5FB8274}.Release|x86.Build.0 = Release|Any CPU
		{FACE9686-7992-4685-9CB6-2D84A3B0BCB5}.Debug|Any CPU.ActiveCfg = Debug|Any CPU
		{FACE9686-7992-4685-9CB6-2D84A3B0BCB5}.Debug|Any CPU.Build.0 = Debug|Any CPU
		{FACE9686-7992-4685-9CB6-2D84A3B0BCB5}.Debug|x64.ActiveCfg = Debug|Any CPU
		{FACE9686-7992-4685-9CB6-2D84A3B0BCB5}.Debug|x64.Build.0 = Debug|Any CPU
		{FACE9686-7992-4685-9CB6-2D84A3B0BCB5}.Debug|x86.ActiveCfg = Debug|Any CPU
		{FACE9686-7992-4685-9CB6-2D84A3B0BCB5}.Debug|x86.Build.0 = Debug|Any CPU
		{FACE9686-7992-4685-9CB6-2D84A3B0BCB5}.Release|Any CPU.ActiveCfg = Release|Any CPU
		{FACE9686-7992-4685-9CB6-2D84A3B0BCB5}.Release|Any CPU.Build.0 = Release|Any CPU
		{FACE9686-7992-4685-9CB6-2D84A3B0BCB5}.Release|x64.ActiveCfg = Release|Any CPU
		{FACE9686-7992-4685-9CB6-2D84A3B0BCB5}.Release|x64.Build.0 = Release|Any CPU
		{FACE9686-7992-4685-9CB6-2D84A3B0BCB5}.Release|x86.ActiveCfg = Release|Any CPU
		{FACE9686-7992-4685-9CB6-2D84A3B0BCB5}.Release|x86.Build.0 = Release|Any CPU
		{33963A37-49E1-450B-9EC6-378704480984}.Debug|Any CPU.ActiveCfg = Debug|Any CPU
		{33963A37-49E1-450B-9EC6-378704480984}.Debug|Any CPU.Build.0 = Debug|Any CPU
		{33963A37-49E1-450B-9EC6-378704480984}.Debug|x64.ActiveCfg = Debug|Any CPU
		{33963A37-49E1-450B-9EC6-378704480984}.Debug|x64.Build.0 = Debug|Any CPU
		{33963A37-49E1-450B-9EC6-378704480984}.Debug|x86.ActiveCfg = Debug|Any CPU
		{33963A37-49E1-450B-9EC6-378704480984}.Debug|x86.Build.0 = Debug|Any CPU
		{33963A37-49E1-450B-9EC6-378704480984}.Release|Any CPU.ActiveCfg = Release|Any CPU
		{33963A37-49E1-450B-9EC6-378704480984}.Release|Any CPU.Build.0 = Release|Any CPU
		{33963A37-49E1-450B-9EC6-378704480984}.Release|x64.ActiveCfg = Release|Any CPU
		{33963A37-49E1-450B-9EC6-378704480984}.Release|x64.Build.0 = Release|Any CPU
		{33963A37-49E1-450B-9EC6-378704480984}.Release|x86.ActiveCfg = Release|Any CPU
		{33963A37-49E1-450B-9EC6-378704480984}.Release|x86.Build.0 = Release|Any CPU
		{992AFE42-5607-4466-83B8-BF780E9179BC}.Debug|Any CPU.ActiveCfg = Debug|Any CPU
		{992AFE42-5607-4466-83B8-BF780E9179BC}.Debug|Any CPU.Build.0 = Debug|Any CPU
		{992AFE42-5607-4466-83B8-BF780E9179BC}.Debug|x64.ActiveCfg = Debug|Any CPU
		{992AFE42-5607-4466-83B8-BF780E9179BC}.Debug|x64.Build.0 = Debug|Any CPU
		{992AFE42-5607-4466-83B8-BF780E9179BC}.Debug|x86.ActiveCfg = Debug|Any CPU
		{992AFE42-5607-4466-83B8-BF780E9179BC}.Debug|x86.Build.0 = Debug|Any CPU
		{992AFE42-5607-4466-83B8-BF780E9179BC}.Release|Any CPU.ActiveCfg = Release|Any CPU
		{992AFE42-5607-4466-83B8-BF780E9179BC}.Release|Any CPU.Build.0 = Release|Any CPU
		{992AFE42-5607-4466-83B8-BF780E9179BC}.Release|x64.ActiveCfg = Release|Any CPU
		{992AFE42-5607-4466-83B8-BF780E9179BC}.Release|x64.Build.0 = Release|Any CPU
		{992AFE42-5607-4466-83B8-BF780E9179BC}.Release|x86.ActiveCfg = Release|Any CPU
		{992AFE42-5607-4466-83B8-BF780E9179BC}.Release|x86.Build.0 = Release|Any CPU
		{7D7BA87A-B99C-41E5-BA35-0D4B01045742}.Debug|Any CPU.ActiveCfg = Debug|Any CPU
		{7D7BA87A-B99C-41E5-BA35-0D4B01045742}.Debug|Any CPU.Build.0 = Debug|Any CPU
		{7D7BA87A-B99C-41E5-BA35-0D4B01045742}.Debug|x64.ActiveCfg = Debug|Any CPU
		{7D7BA87A-B99C-41E5-BA35-0D4B01045742}.Debug|x64.Build.0 = Debug|Any CPU
		{7D7BA87A-B99C-41E5-BA35-0D4B01045742}.Debug|x86.ActiveCfg = Debug|Any CPU
		{7D7BA87A-B99C-41E5-BA35-0D4B01045742}.Debug|x86.Build.0 = Debug|Any CPU
		{7D7BA87A-B99C-41E5-BA35-0D4B01045742}.Release|Any CPU.ActiveCfg = Release|Any CPU
		{7D7BA87A-B99C-41E5-BA35-0D4B01045742}.Release|Any CPU.Build.0 = Release|Any CPU
		{7D7BA87A-B99C-41E5-BA35-0D4B01045742}.Release|x64.ActiveCfg = Release|Any CPU
		{7D7BA87A-B99C-41E5-BA35-0D4B01045742}.Release|x64.Build.0 = Release|Any CPU
		{7D7BA87A-B99C-41E5-BA35-0D4B01045742}.Release|x86.ActiveCfg = Release|Any CPU
		{7D7BA87A-B99C-41E5-BA35-0D4B01045742}.Release|x86.Build.0 = Release|Any CPU
		{F8CEA9CD-C4D0-49CF-9429-5E9210695410}.Debug|Any CPU.ActiveCfg = Debug|Any CPU
		{F8CEA9CD-C4D0-49CF-9429-5E9210695410}.Debug|Any CPU.Build.0 = Debug|Any CPU
		{F8CEA9CD-C4D0-49CF-9429-5E9210695410}.Debug|x64.ActiveCfg = Debug|Any CPU
		{F8CEA9CD-C4D0-49CF-9429-5E9210695410}.Debug|x64.Build.0 = Debug|Any CPU
		{F8CEA9CD-C4D0-49CF-9429-5E9210695410}.Debug|x86.ActiveCfg = Debug|Any CPU
		{F8CEA9CD-C4D0-49CF-9429-5E9210695410}.Debug|x86.Build.0 = Debug|Any CPU
		{F8CEA9CD-C4D0-49CF-9429-5E9210695410}.Release|Any CPU.ActiveCfg = Release|Any CPU
		{F8CEA9CD-C4D0-49CF-9429-5E9210695410}.Release|Any CPU.Build.0 = Release|Any CPU
		{F8CEA9CD-C4D0-49CF-9429-5E9210695410}.Release|x64.ActiveCfg = Release|Any CPU
		{F8CEA9CD-C4D0-49CF-9429-5E9210695410}.Release|x64.Build.0 = Release|Any CPU
		{F8CEA9CD-C4D0-49CF-9429-5E9210695410}.Release|x86.ActiveCfg = Release|Any CPU
		{F8CEA9CD-C4D0-49CF-9429-5E9210695410}.Release|x86.Build.0 = Release|Any CPU
		{E599CF57-D266-4EAA-A4F6-BE0637715533}.Debug|Any CPU.ActiveCfg = Debug|Any CPU
		{E599CF57-D266-4EAA-A4F6-BE0637715533}.Debug|Any CPU.Build.0 = Debug|Any CPU
		{E599CF57-D266-4EAA-A4F6-BE0637715533}.Debug|x64.ActiveCfg = Debug|Any CPU
		{E599CF57-D266-4EAA-A4F6-BE0637715533}.Debug|x64.Build.0 = Debug|Any CPU
		{E599CF57-D266-4EAA-A4F6-BE0637715533}.Debug|x86.ActiveCfg = Debug|Any CPU
		{E599CF57-D266-4EAA-A4F6-BE0637715533}.Debug|x86.Build.0 = Debug|Any CPU
		{E599CF57-D266-4EAA-A4F6-BE0637715533}.Release|Any CPU.ActiveCfg = Release|Any CPU
		{E599CF57-D266-4EAA-A4F6-BE0637715533}.Release|Any CPU.Build.0 = Release|Any CPU
		{E599CF57-D266-4EAA-A4F6-BE0637715533}.Release|x64.ActiveCfg = Release|Any CPU
		{E599CF57-D266-4EAA-A4F6-BE0637715533}.Release|x64.Build.0 = Release|Any CPU
		{E599CF57-D266-4EAA-A4F6-BE0637715533}.Release|x86.ActiveCfg = Release|Any CPU
		{E599CF57-D266-4EAA-A4F6-BE0637715533}.Release|x86.Build.0 = Release|Any CPU
		{19FC649C-F40C-4BFC-8866-5F8A7A8BEC0E}.Debug|Any CPU.ActiveCfg = Debug|Any CPU
		{19FC649C-F40C-4BFC-8866-5F8A7A8BEC0E}.Debug|Any CPU.Build.0 = Debug|Any CPU
		{19FC649C-F40C-4BFC-8866-5F8A7A8BEC0E}.Debug|x64.ActiveCfg = Debug|Any CPU
		{19FC649C-F40C-4BFC-8866-5F8A7A8BEC0E}.Debug|x64.Build.0 = Debug|Any CPU
		{19FC649C-F40C-4BFC-8866-5F8A7A8BEC0E}.Debug|x86.ActiveCfg = Debug|Any CPU
		{19FC649C-F40C-4BFC-8866-5F8A7A8BEC0E}.Debug|x86.Build.0 = Debug|Any CPU
		{19FC649C-F40C-4BFC-8866-5F8A7A8BEC0E}.Release|Any CPU.ActiveCfg = Release|Any CPU
		{19FC649C-F40C-4BFC-8866-5F8A7A8BEC0E}.Release|Any CPU.Build.0 = Release|Any CPU
		{19FC649C-F40C-4BFC-8866-5F8A7A8BEC0E}.Release|x64.ActiveCfg = Release|Any CPU
		{19FC649C-F40C-4BFC-8866-5F8A7A8BEC0E}.Release|x64.Build.0 = Release|Any CPU
		{19FC649C-F40C-4BFC-8866-5F8A7A8BEC0E}.Release|x86.ActiveCfg = Release|Any CPU
		{19FC649C-F40C-4BFC-8866-5F8A7A8BEC0E}.Release|x86.Build.0 = Release|Any CPU
		{76353E03-AD8A-483E-BFD3-DE2271DC19B8}.Debug|Any CPU.ActiveCfg = Debug|Any CPU
		{76353E03-AD8A-483E-BFD3-DE2271DC19B8}.Debug|Any CPU.Build.0 = Debug|Any CPU
		{76353E03-AD8A-483E-BFD3-DE2271DC19B8}.Debug|x64.ActiveCfg = Debug|Any CPU
		{76353E03-AD8A-483E-BFD3-DE2271DC19B8}.Debug|x64.Build.0 = Debug|Any CPU
		{76353E03-AD8A-483E-BFD3-DE2271DC19B8}.Debug|x86.ActiveCfg = Debug|Any CPU
		{76353E03-AD8A-483E-BFD3-DE2271DC19B8}.Debug|x86.Build.0 = Debug|Any CPU
		{76353E03-AD8A-483E-BFD3-DE2271DC19B8}.Release|Any CPU.ActiveCfg = Release|Any CPU
		{76353E03-AD8A-483E-BFD3-DE2271DC19B8}.Release|Any CPU.Build.0 = Release|Any CPU
		{76353E03-AD8A-483E-BFD3-DE2271DC19B8}.Release|x64.ActiveCfg = Release|Any CPU
		{76353E03-AD8A-483E-BFD3-DE2271DC19B8}.Release|x64.Build.0 = Release|Any CPU
		{76353E03-AD8A-483E-BFD3-DE2271DC19B8}.Release|x86.ActiveCfg = Release|Any CPU
		{76353E03-AD8A-483E-BFD3-DE2271DC19B8}.Release|x86.Build.0 = Release|Any CPU
	EndGlobalSection
	GlobalSection(SolutionProperties) = preSolution
		HideSolutionNode = FALSE
	EndGlobalSection
	GlobalSection(NestedProjects) = preSolution
		{03BD1228-631F-43B8-B59D-0E0D392B242F} = {827E0CD3-B72D-47B6-A68D-7590B98EB39B}
		{8A6943BF-441D-4153-B69F-FCB617B53867} = {827E0CD3-B72D-47B6-A68D-7590B98EB39B}
		{6E06DA29-697D-46D8-BFB2-2E3876954A09} = {827E0CD3-B72D-47B6-A68D-7590B98EB39B}
		{2F34BB1A-09B5-4668-A397-5D085FB92EE1} = {827E0CD3-B72D-47B6-A68D-7590B98EB39B}
		{1D844D8A-EF5D-4663-BF06-550624D2CE3A} = {827E0CD3-B72D-47B6-A68D-7590B98EB39B}
		{D6B98475-4F68-4170-9F09-8056600C460D} = {827E0CD3-B72D-47B6-A68D-7590B98EB39B}
		{3208DA8A-642B-4E1A-B00A-0A0651896B0F} = {827E0CD3-B72D-47B6-A68D-7590B98EB39B}
		{53DDD24A-2470-411E-B248-3CCD069F32D3} = {827E0CD3-B72D-47B6-A68D-7590B98EB39B}
		{80FD7ED4-78F7-4B99-AA73-E24291FA3878} = {827E0CD3-B72D-47B6-A68D-7590B98EB39B}
		{74C1046E-7029-447A-986C-5E62A230BBC0} = {827E0CD3-B72D-47B6-A68D-7590B98EB39B}
		{A78E0E13-9A06-423A-8694-884A2741781A} = {0AB3BF05-4346-4AA6-1389-037BE0695223}
		{FF72C9D2-6528-4F45-82C9-4312B9322557} = {0AB3BF05-4346-4AA6-1389-037BE0695223}
		{3652F8C7-ACB2-46CF-BD49-A3E38CC6AA12} = {0AB3BF05-4346-4AA6-1389-037BE0695223}
		{C6A377DF-3314-48D4-ACB8-02185E5EF567} = {0AB3BF05-4346-4AA6-1389-037BE0695223}
		{6FC2C1C4-CC5C-4293-AFA0-89E60D55D78A} = {0AB3BF05-4346-4AA6-1389-037BE0695223}
		{E0241CC8-40F3-4220-85C7-B5CD516029F5} = {0AB3BF05-4346-4AA6-1389-037BE0695223}
		{0A6B37E8-E51A-4B22-A171-0CBB39EFFB46} = {0AB3BF05-4346-4AA6-1389-037BE0695223}
		{467BAE49-B382-47C1-9930-E632B5FB8274} = {0AB3BF05-4346-4AA6-1389-037BE0695223}
		{FACE9686-7992-4685-9CB6-2D84A3B0BCB5} = {0AB3BF05-4346-4AA6-1389-037BE0695223}
		{33963A37-49E1-450B-9EC6-378704480984} = {0AB3BF05-4346-4AA6-1389-037BE0695223}
		{992AFE42-5607-4466-83B8-BF780E9179BC} = {5D20AA90-6969-D8BD-9DCD-8634F4692FDA}
		{7D7BA87A-B99C-41E5-BA35-0D4B01045742} = {827E0CD3-B72D-47B6-A68D-7590B98EB39B}
		{F8CEA9CD-C4D0-49CF-9429-5E9210695410} = {827E0CD3-B72D-47B6-A68D-7590B98EB39B}
		{E599CF57-D266-4EAA-A4F6-BE0637715533} = {0AB3BF05-4346-4AA6-1389-037BE0695223}
		{19FC649C-F40C-4BFC-8866-5F8A7A8BEC0E} = {0AB3BF05-4346-4AA6-1389-037BE0695223}
		{76353E03-AD8A-483E-BFD3-DE2271DC19B8} = {0AB3BF05-4346-4AA6-1389-037BE0695223}
	EndGlobalSection
EndGlobal
