
Microsoft Visual Studio Solution File, Format Version 12.00
# Visual Studio Version 17
VisualStudioVersion = 17.0.31903.59
MinimumVisualStudioVersion = 10.0.40219.1
Project("{2150E333-8FDC-42A3-9474-1A3956D46DE8}") = "src", "src", "{827E0CD3-B72D-47B6-A68D-7590B98EB39B}"
EndProject
Project("{FAE04EC0-301F-11D3-BF4B-00C04F79EFBC}") = "FractalDataWorks.Configuration", "src\FractalDataWorks.Configuration\FractalDataWorks.Configuration.csproj", "{BA7201AE-CD11-4BD2-A6E4-5913A42B88C4}"
EndProject
Project("{FAE04EC0-301F-11D3-BF4B-00C04F79EFBC}") = "FractalDataWorks.Connections", "src\FractalDataWorks.Connections\FractalDataWorks.Connections.csproj", "{BCC0F6D4-C9EC-445E-A15D-6795477DE84E}"
EndProject
Project("{FAE04EC0-301F-11D3-BF4B-00C04F79EFBC}") = "FractalDataWorks.Data", "src\FractalDataWorks.Data\FractalDataWorks.Data.csproj", "{EDE28524-92A1-402C-8D9F-F3651247CD33}"
EndProject
Project("{FAE04EC0-301F-11D3-BF4B-00C04F79EFBC}") = "FractalDataWorks.DependencyInjection", "src\FractalDataWorks.DependencyInjection\FractalDataWorks.DependencyInjection.csproj", "{AB9559E9-9D42-4D37-8B4A-B86D279EAB43}"
EndProject
Project("{FAE04EC0-301F-11D3-BF4B-00C04F79EFBC}") = "FractalDataWorks.Hosts", "src\FractalDataWorks.Hosts\FractalDataWorks.Hosts.csproj", "{39BA0FA3-A311-4B00-9BFA-0BC947A54093}"
EndProject
Project("{FAE04EC0-301F-11D3-BF4B-00C04F79EFBC}") = "FractalDataWorks.Services", "src\FractalDataWorks.Services\FractalDataWorks.Services.csproj", "{330C9644-A3B8-4FBC-BEE6-3323E438995B}"
EndProject
Project("{FAE04EC0-301F-11D3-BF4B-00C04F79EFBC}") = "FractalDataWorks.Tools", "src\FractalDataWorks.Tools\FractalDataWorks.Tools.csproj", "{A7FF76E2-7607-4FB1-8C10-CA8128C37CA9}"
EndProject
Project("{FAE04EC0-301F-11D3-BF4B-00C04F79EFBC}") = "FractalDataWorks.net", "src\FractalDataWorks.net\FractalDataWorks.net.csproj", "{B7DADA0B-3240-455A-B9C6-41D5B50B3954}"
EndProject
Project("{2150E333-8FDC-42A3-9474-1A3956D46DE8}") = "tests", "tests", "{0AB3BF05-4346-4AA6-1389-037BE0695223}"
EndProject
Project("{FAE04EC0-301F-11D3-BF4B-00C04F79EFBC}") = "FractalDataWorks.Configuration.Tests", "tests\FractalDataWorks.Configuration.Tests\FractalDataWorks.Configuration.Tests.csproj", "{F7856E4F-8A65-41E6-8B95-26B69967CB0D}"
EndProject
Project("{FAE04EC0-301F-11D3-BF4B-00C04F79EFBC}") = "FractalDataWorks.Connections.Tests", "tests\FractalDataWorks.Connections.Tests\FractalDataWorks.Connections.Tests.csproj", "{B0D5DABD-1951-4204-9C35-1C602A26D4C4}"
EndProject
Project("{FAE04EC0-301F-11D3-BF4B-00C04F79EFBC}") = "FractalDataWorks.Data.Tests", "tests\FractalDataWorks.Data.Tests\FractalDataWorks.Data.Tests.csproj", "{04D3E1F1-6351-457C-BA8E-DCC651428811}"
EndProject
Project("{FAE04EC0-301F-11D3-BF4B-00C04F79EFBC}") = "FractalDataWorks.DependencyInjection.Tests", "tests\FractalDataWorks.DependencyInjection.Tests\FractalDataWorks.DependencyInjection.Tests.csproj", "{B4F4BC72-45E6-455B-BD09-05D517B7824F}"
EndProject
Project("{FAE04EC0-301F-11D3-BF4B-00C04F79EFBC}") = "FractalDataWorks.Hosts.Tests", "tests\FractalDataWorks.Hosts.Tests\FractalDataWorks.Hosts.Tests.csproj", "{2B07219C-682B-4DEB-818B-815EB9A58AE2}"
EndProject
Project("{FAE04EC0-301F-11D3-BF4B-00C04F79EFBC}") = "FractalDataWorks.Services.Tests", "tests\FractalDataWorks.Services.Tests\FractalDataWorks.Services.Tests.csproj", "{D696E541-742A-4EF9-AA9C-6E55B9A2C548}"
EndProject
Project("{FAE04EC0-301F-11D3-BF4B-00C04F79EFBC}") = "FractalDataWorks.Tools.Tests", "tests\FractalDataWorks.Tools.Tests\FractalDataWorks.Tools.Tests.csproj", "{5A245655-7812-4F15-BED8-5754EDDD6468}"
EndProject
Project("{FAE04EC0-301F-11D3-BF4B-00C04F79EFBC}") = "FractalDataWorks.net.Tests", "tests\FractalDataWorks.net.Tests\FractalDataWorks.net.Tests.csproj", "{3A91CC35-0324-49FC-911B-3019A95AAC11}"
EndProject
Project("{2150E333-8FDC-42A3-9474-1A3956D46DE8}") = "Solution Items", "Solution Items", "{8EC462FD-D22E-90A8-E5CE-7E832BA40C5D}"
	ProjectSection(SolutionItems) = preProject
		.editorconfig = .editorconfig
		.gitignore = .gitignore
		add-packages.ps1 = add-packages.ps1
		coverlet.runsettings = coverlet.runsettings
		Directory.Build.props = Directory.Build.props
		Directory.Packages.props = Directory.Packages.props
		global.json = global.json
		LICENSE = LICENSE
		nuget.config = nuget.config
		version.json = version.json
		xunit.runner.json = xunit.runner.json
	EndProjectSection
EndProject
Global
	GlobalSection(SolutionConfigurationPlatforms) = preSolution
		Alpha|Any CPU = Alpha|Any CPU
		Alpha|x64 = Alpha|x64
		Alpha|x86 = Alpha|x86
		Beta|Any CPU = Beta|Any CPU
		Beta|x64 = Beta|x64
		Beta|x86 = Beta|x86
		Debug|Any CPU = Debug|Any CPU
		Debug|x64 = Debug|x64
		Debug|x86 = Debug|x86
		Experimental|Any CPU = Experimental|Any CPU
		Experimental|x64 = Experimental|x64
		Experimental|x86 = Experimental|x86
		Preview|Any CPU = Preview|Any CPU
		Preview|x64 = Preview|x64
		Preview|x86 = Preview|x86
		Release|Any CPU = Release|Any CPU
		Release|x64 = Release|x64
		Release|x86 = Release|x86
	EndGlobalSection
	GlobalSection(ProjectConfigurationPlatforms) = postSolution
		{BA7201AE-CD11-4BD2-A6E4-5913A42B88C4}.Alpha|Any CPU.ActiveCfg = Alpha|Any CPU
		{BA7201AE-CD11-4BD2-A6E4-5913A42B88C4}.Alpha|Any CPU.Build.0 = Alpha|Any CPU
		{BA7201AE-CD11-4BD2-A6E4-5913A42B88C4}.Alpha|x64.ActiveCfg = Alpha|Any CPU
		{BA7201AE-CD11-4BD2-A6E4-5913A42B88C4}.Alpha|x64.Build.0 = Alpha|Any CPU
		{BA7201AE-CD11-4BD2-A6E4-5913A42B88C4}.Alpha|x86.ActiveCfg = Alpha|Any CPU
		{BA7201AE-CD11-4BD2-A6E4-5913A42B88C4}.Alpha|x86.Build.0 = Alpha|Any CPU
		{BA7201AE-CD11-4BD2-A6E4-5913A42B88C4}.Beta|Any CPU.ActiveCfg = Beta|Any CPU
		{BA7201AE-CD11-4BD2-A6E4-5913A42B88C4}.Beta|Any CPU.Build.0 = Beta|Any CPU
		{BA7201AE-CD11-4BD2-A6E4-5913A42B88C4}.Beta|x64.ActiveCfg = Beta|Any CPU
		{BA7201AE-CD11-4BD2-A6E4-5913A42B88C4}.Beta|x64.Build.0 = Beta|Any CPU
		{BA7201AE-CD11-4BD2-A6E4-5913A42B88C4}.Beta|x86.ActiveCfg = Beta|Any CPU
		{BA7201AE-CD11-4BD2-A6E4-5913A42B88C4}.Beta|x86.Build.0 = Beta|Any CPU
		{BA7201AE-CD11-4BD2-A6E4-5913A42B88C4}.Debug|Any CPU.ActiveCfg = Debug|Any CPU
		{BA7201AE-CD11-4BD2-A6E4-5913A42B88C4}.Debug|Any CPU.Build.0 = Debug|Any CPU
		{BA7201AE-CD11-4BD2-A6E4-5913A42B88C4}.Debug|x64.ActiveCfg = Debug|Any CPU
		{BA7201AE-CD11-4BD2-A6E4-5913A42B88C4}.Debug|x64.Build.0 = Debug|Any CPU
		{BA7201AE-CD11-4BD2-A6E4-5913A42B88C4}.Debug|x86.ActiveCfg = Debug|Any CPU
		{BA7201AE-CD11-4BD2-A6E4-5913A42B88C4}.Debug|x86.Build.0 = Debug|Any CPU
		{BA7201AE-CD11-4BD2-A6E4-5913A42B88C4}.Experimental|Any CPU.ActiveCfg = Experimental|Any CPU
		{BA7201AE-CD11-4BD2-A6E4-5913A42B88C4}.Experimental|Any CPU.Build.0 = Experimental|Any CPU
		{BA7201AE-CD11-4BD2-A6E4-5913A42B88C4}.Experimental|x64.ActiveCfg = Experimental|Any CPU
		{BA7201AE-CD11-4BD2-A6E4-5913A42B88C4}.Experimental|x64.Build.0 = Experimental|Any CPU
		{BA7201AE-CD11-4BD2-A6E4-5913A42B88C4}.Experimental|x86.ActiveCfg = Experimental|Any CPU
		{BA7201AE-CD11-4BD2-A6E4-5913A42B88C4}.Experimental|x86.Build.0 = Experimental|Any CPU
		{BA7201AE-CD11-4BD2-A6E4-5913A42B88C4}.Preview|Any CPU.ActiveCfg = Preview|Any CPU
		{BA7201AE-CD11-4BD2-A6E4-5913A42B88C4}.Preview|Any CPU.Build.0 = Preview|Any CPU
		{BA7201AE-CD11-4BD2-A6E4-5913A42B88C4}.Preview|x64.ActiveCfg = Preview|Any CPU
		{BA7201AE-CD11-4BD2-A6E4-5913A42B88C4}.Preview|x64.Build.0 = Preview|Any CPU
		{BA7201AE-CD11-4BD2-A6E4-5913A42B88C4}.Preview|x86.ActiveCfg = Preview|Any CPU
		{BA7201AE-CD11-4BD2-A6E4-5913A42B88C4}.Preview|x86.Build.0 = Preview|Any CPU
		{BA7201AE-CD11-4BD2-A6E4-5913A42B88C4}.Release|Any CPU.ActiveCfg = Release|Any CPU
		{BA7201AE-CD11-4BD2-A6E4-5913A42B88C4}.Release|Any CPU.Build.0 = Release|Any CPU
		{BA7201AE-CD11-4BD2-A6E4-5913A42B88C4}.Release|x64.ActiveCfg = Release|Any CPU
		{BA7201AE-CD11-4BD2-A6E4-5913A42B88C4}.Release|x64.Build.0 = Release|Any CPU
		{BA7201AE-CD11-4BD2-A6E4-5913A42B88C4}.Release|x86.ActiveCfg = Release|Any CPU
		{BA7201AE-CD11-4BD2-A6E4-5913A42B88C4}.Release|x86.Build.0 = Release|Any CPU
		{BCC0F6D4-C9EC-445E-A15D-6795477DE84E}.Alpha|Any CPU.ActiveCfg = Alpha|Any CPU
		{BCC0F6D4-C9EC-445E-A15D-6795477DE84E}.Alpha|Any CPU.Build.0 = Alpha|Any CPU
		{BCC0F6D4-C9EC-445E-A15D-6795477DE84E}.Alpha|x64.ActiveCfg = Alpha|Any CPU
		{BCC0F6D4-C9EC-445E-A15D-6795477DE84E}.Alpha|x64.Build.0 = Alpha|Any CPU
		{BCC0F6D4-C9EC-445E-A15D-6795477DE84E}.Alpha|x86.ActiveCfg = Alpha|Any CPU
		{BCC0F6D4-C9EC-445E-A15D-6795477DE84E}.Alpha|x86.Build.0 = Alpha|Any CPU
		{BCC0F6D4-C9EC-445E-A15D-6795477DE84E}.Beta|Any CPU.ActiveCfg = Beta|Any CPU
		{BCC0F6D4-C9EC-445E-A15D-6795477DE84E}.Beta|Any CPU.Build.0 = Beta|Any CPU
		{BCC0F6D4-C9EC-445E-A15D-6795477DE84E}.Beta|x64.ActiveCfg = Beta|Any CPU
		{BCC0F6D4-C9EC-445E-A15D-6795477DE84E}.Beta|x64.Build.0 = Beta|Any CPU
		{BCC0F6D4-C9EC-445E-A15D-6795477DE84E}.Beta|x86.ActiveCfg = Beta|Any CPU
		{BCC0F6D4-C9EC-445E-A15D-6795477DE84E}.Beta|x86.Build.0 = Beta|Any CPU
		{BCC0F6D4-C9EC-445E-A15D-6795477DE84E}.Debug|Any CPU.ActiveCfg = Debug|Any CPU
		{BCC0F6D4-C9EC-445E-A15D-6795477DE84E}.Debug|Any CPU.Build.0 = Debug|Any CPU
		{BCC0F6D4-C9EC-445E-A15D-6795477DE84E}.Debug|x64.ActiveCfg = Debug|Any CPU
		{BCC0F6D4-C9EC-445E-A15D-6795477DE84E}.Debug|x64.Build.0 = Debug|Any CPU
		{BCC0F6D4-C9EC-445E-A15D-6795477DE84E}.Debug|x86.ActiveCfg = Debug|Any CPU
		{BCC0F6D4-C9EC-445E-A15D-6795477DE84E}.Debug|x86.Build.0 = Debug|Any CPU
		{BCC0F6D4-C9EC-445E-A15D-6795477DE84E}.Experimental|Any CPU.ActiveCfg = Experimental|Any CPU
		{BCC0F6D4-C9EC-445E-A15D-6795477DE84E}.Experimental|Any CPU.Build.0 = Experimental|Any CPU
		{BCC0F6D4-C9EC-445E-A15D-6795477DE84E}.Experimental|x64.ActiveCfg = Experimental|Any CPU
		{BCC0F6D4-C9EC-445E-A15D-6795477DE84E}.Experimental|x64.Build.0 = Experimental|Any CPU
		{BCC0F6D4-C9EC-445E-A15D-6795477DE84E}.Experimental|x86.ActiveCfg = Experimental|Any CPU
		{BCC0F6D4-C9EC-445E-A15D-6795477DE84E}.Experimental|x86.Build.0 = Experimental|Any CPU
		{BCC0F6D4-C9EC-445E-A15D-6795477DE84E}.Preview|Any CPU.ActiveCfg = Preview|Any CPU
		{BCC0F6D4-C9EC-445E-A15D-6795477DE84E}.Preview|Any CPU.Build.0 = Preview|Any CPU
		{BCC0F6D4-C9EC-445E-A15D-6795477DE84E}.Preview|x64.ActiveCfg = Preview|Any CPU
		{BCC0F6D4-C9EC-445E-A15D-6795477DE84E}.Preview|x64.Build.0 = Preview|Any CPU
		{BCC0F6D4-C9EC-445E-A15D-6795477DE84E}.Preview|x86.ActiveCfg = Preview|Any CPU
		{BCC0F6D4-C9EC-445E-A15D-6795477DE84E}.Preview|x86.Build.0 = Preview|Any CPU
		{BCC0F6D4-C9EC-445E-A15D-6795477DE84E}.Release|Any CPU.ActiveCfg = Release|Any CPU
		{BCC0F6D4-C9EC-445E-A15D-6795477DE84E}.Release|Any CPU.Build.0 = Release|Any CPU
		{BCC0F6D4-C9EC-445E-A15D-6795477DE84E}.Release|x64.ActiveCfg = Release|Any CPU
		{BCC0F6D4-C9EC-445E-A15D-6795477DE84E}.Release|x64.Build.0 = Release|Any CPU
		{BCC0F6D4-C9EC-445E-A15D-6795477DE84E}.Release|x86.ActiveCfg = Release|Any CPU
		{BCC0F6D4-C9EC-445E-A15D-6795477DE84E}.Release|x86.Build.0 = Release|Any CPU
		{EDE28524-92A1-402C-8D9F-F3651247CD33}.Alpha|Any CPU.ActiveCfg = Alpha|Any CPU
		{EDE28524-92A1-402C-8D9F-F3651247CD33}.Alpha|Any CPU.Build.0 = Alpha|Any CPU
		{EDE28524-92A1-402C-8D9F-F3651247CD33}.Alpha|x64.ActiveCfg = Alpha|Any CPU
		{EDE28524-92A1-402C-8D9F-F3651247CD33}.Alpha|x64.Build.0 = Alpha|Any CPU
		{EDE28524-92A1-402C-8D9F-F3651247CD33}.Alpha|x86.ActiveCfg = Alpha|Any CPU
		{EDE28524-92A1-402C-8D9F-F3651247CD33}.Alpha|x86.Build.0 = Alpha|Any CPU
		{EDE28524-92A1-402C-8D9F-F3651247CD33}.Beta|Any CPU.ActiveCfg = Beta|Any CPU
		{EDE28524-92A1-402C-8D9F-F3651247CD33}.Beta|Any CPU.Build.0 = Beta|Any CPU
		{EDE28524-92A1-402C-8D9F-F3651247CD33}.Beta|x64.ActiveCfg = Beta|Any CPU
		{EDE28524-92A1-402C-8D9F-F3651247CD33}.Beta|x64.Build.0 = Beta|Any CPU
		{EDE28524-92A1-402C-8D9F-F3651247CD33}.Beta|x86.ActiveCfg = Beta|Any CPU
		{EDE28524-92A1-402C-8D9F-F3651247CD33}.Beta|x86.Build.0 = Beta|Any CPU
		{EDE28524-92A1-402C-8D9F-F3651247CD33}.Debug|Any CPU.ActiveCfg = Debug|Any CPU
		{EDE28524-92A1-402C-8D9F-F3651247CD33}.Debug|Any CPU.Build.0 = Debug|Any CPU
		{EDE28524-92A1-402C-8D9F-F3651247CD33}.Debug|x64.ActiveCfg = Debug|Any CPU
		{EDE28524-92A1-402C-8D9F-F3651247CD33}.Debug|x64.Build.0 = Debug|Any CPU
		{EDE28524-92A1-402C-8D9F-F3651247CD33}.Debug|x86.ActiveCfg = Debug|Any CPU
		{EDE28524-92A1-402C-8D9F-F3651247CD33}.Debug|x86.Build.0 = Debug|Any CPU
		{EDE28524-92A1-402C-8D9F-F3651247CD33}.Experimental|Any CPU.ActiveCfg = Experimental|Any CPU
		{EDE28524-92A1-402C-8D9F-F3651247CD33}.Experimental|Any CPU.Build.0 = Experimental|Any CPU
		{EDE28524-92A1-402C-8D9F-F3651247CD33}.Experimental|x64.ActiveCfg = Experimental|Any CPU
		{EDE28524-92A1-402C-8D9F-F3651247CD33}.Experimental|x64.Build.0 = Experimental|Any CPU
		{EDE28524-92A1-402C-8D9F-F3651247CD33}.Experimental|x86.ActiveCfg = Experimental|Any CPU
		{EDE28524-92A1-402C-8D9F-F3651247CD33}.Experimental|x86.Build.0 = Experimental|Any CPU
		{EDE28524-92A1-402C-8D9F-F3651247CD33}.Preview|Any CPU.ActiveCfg = Preview|Any CPU
		{EDE28524-92A1-402C-8D9F-F3651247CD33}.Preview|Any CPU.Build.0 = Preview|Any CPU
		{EDE28524-92A1-402C-8D9F-F3651247CD33}.Preview|x64.ActiveCfg = Preview|Any CPU
		{EDE28524-92A1-402C-8D9F-F3651247CD33}.Preview|x64.Build.0 = Preview|Any CPU
		{EDE28524-92A1-402C-8D9F-F3651247CD33}.Preview|x86.ActiveCfg = Preview|Any CPU
		{EDE28524-92A1-402C-8D9F-F3651247CD33}.Preview|x86.Build.0 = Preview|Any CPU
		{EDE28524-92A1-402C-8D9F-F3651247CD33}.Release|Any CPU.ActiveCfg = Release|Any CPU
		{EDE28524-92A1-402C-8D9F-F3651247CD33}.Release|Any CPU.Build.0 = Release|Any CPU
		{EDE28524-92A1-402C-8D9F-F3651247CD33}.Release|x64.ActiveCfg = Release|Any CPU
		{EDE28524-92A1-402C-8D9F-F3651247CD33}.Release|x64.Build.0 = Release|Any CPU
		{EDE28524-92A1-402C-8D9F-F3651247CD33}.Release|x86.ActiveCfg = Release|Any CPU
		{EDE28524-92A1-402C-8D9F-F3651247CD33}.Release|x86.Build.0 = Release|Any CPU
		{AB9559E9-9D42-4D37-8B4A-B86D279EAB43}.Alpha|Any CPU.ActiveCfg = Alpha|Any CPU
		{AB9559E9-9D42-4D37-8B4A-B86D279EAB43}.Alpha|Any CPU.Build.0 = Alpha|Any CPU
		{AB9559E9-9D42-4D37-8B4A-B86D279EAB43}.Alpha|x64.ActiveCfg = Alpha|Any CPU
		{AB9559E9-9D42-4D37-8B4A-B86D279EAB43}.Alpha|x64.Build.0 = Alpha|Any CPU
		{AB9559E9-9D42-4D37-8B4A-B86D279EAB43}.Alpha|x86.ActiveCfg = Alpha|Any CPU
		{AB9559E9-9D42-4D37-8B4A-B86D279EAB43}.Alpha|x86.Build.0 = Alpha|Any CPU
		{AB9559E9-9D42-4D37-8B4A-B86D279EAB43}.Beta|Any CPU.ActiveCfg = Beta|Any CPU
		{AB9559E9-9D42-4D37-8B4A-B86D279EAB43}.Beta|Any CPU.Build.0 = Beta|Any CPU
		{AB9559E9-9D42-4D37-8B4A-B86D279EAB43}.Beta|x64.ActiveCfg = Beta|Any CPU
		{AB9559E9-9D42-4D37-8B4A-B86D279EAB43}.Beta|x64.Build.0 = Beta|Any CPU
		{AB9559E9-9D42-4D37-8B4A-B86D279EAB43}.Beta|x86.ActiveCfg = Beta|Any CPU
		{AB9559E9-9D42-4D37-8B4A-B86D279EAB43}.Beta|x86.Build.0 = Beta|Any CPU
		{AB9559E9-9D42-4D37-8B4A-B86D279EAB43}.Debug|Any CPU.ActiveCfg = Debug|Any CPU
		{AB9559E9-9D42-4D37-8B4A-B86D279EAB43}.Debug|Any CPU.Build.0 = Debug|Any CPU
		{AB9559E9-9D42-4D37-8B4A-B86D279EAB43}.Debug|x64.ActiveCfg = Debug|Any CPU
		{AB9559E9-9D42-4D37-8B4A-B86D279EAB43}.Debug|x64.Build.0 = Debug|Any CPU
		{AB9559E9-9D42-4D37-8B4A-B86D279EAB43}.Debug|x86.ActiveCfg = Debug|Any CPU
		{AB9559E9-9D42-4D37-8B4A-B86D279EAB43}.Debug|x86.Build.0 = Debug|Any CPU
		{AB9559E9-9D42-4D37-8B4A-B86D279EAB43}.Experimental|Any CPU.ActiveCfg = Experimental|Any CPU
		{AB9559E9-9D42-4D37-8B4A-B86D279EAB43}.Experimental|Any CPU.Build.0 = Experimental|Any CPU
		{AB9559E9-9D42-4D37-8B4A-B86D279EAB43}.Experimental|x64.ActiveCfg = Experimental|Any CPU
		{AB9559E9-9D42-4D37-8B4A-B86D279EAB43}.Experimental|x64.Build.0 = Experimental|Any CPU
		{AB9559E9-9D42-4D37-8B4A-B86D279EAB43}.Experimental|x86.ActiveCfg = Experimental|Any CPU
		{AB9559E9-9D42-4D37-8B4A-B86D279EAB43}.Experimental|x86.Build.0 = Experimental|Any CPU
		{AB9559E9-9D42-4D37-8B4A-B86D279EAB43}.Preview|Any CPU.ActiveCfg = Preview|Any CPU
		{AB9559E9-9D42-4D37-8B4A-B86D279EAB43}.Preview|Any CPU.Build.0 = Preview|Any CPU
		{AB9559E9-9D42-4D37-8B4A-B86D279EAB43}.Preview|x64.ActiveCfg = Preview|Any CPU
		{AB9559E9-9D42-4D37-8B4A-B86D279EAB43}.Preview|x64.Build.0 = Preview|Any CPU
		{AB9559E9-9D42-4D37-8B4A-B86D279EAB43}.Preview|x86.ActiveCfg = Preview|Any CPU
		{AB9559E9-9D42-4D37-8B4A-B86D279EAB43}.Preview|x86.Build.0 = Preview|Any CPU
		{AB9559E9-9D42-4D37-8B4A-B86D279EAB43}.Release|Any CPU.ActiveCfg = Release|Any CPU
		{AB9559E9-9D42-4D37-8B4A-B86D279EAB43}.Release|Any CPU.Build.0 = Release|Any CPU
		{AB9559E9-9D42-4D37-8B4A-B86D279EAB43}.Release|x64.ActiveCfg = Release|Any CPU
		{AB9559E9-9D42-4D37-8B4A-B86D279EAB43}.Release|x64.Build.0 = Release|Any CPU
		{AB9559E9-9D42-4D37-8B4A-B86D279EAB43}.Release|x86.ActiveCfg = Release|Any CPU
		{AB9559E9-9D42-4D37-8B4A-B86D279EAB43}.Release|x86.Build.0 = Release|Any CPU
		{39BA0FA3-A311-4B00-9BFA-0BC947A54093}.Alpha|Any CPU.ActiveCfg = Alpha|Any CPU
		{39BA0FA3-A311-4B00-9BFA-0BC947A54093}.Alpha|Any CPU.Build.0 = Alpha|Any CPU
		{39BA0FA3-A311-4B00-9BFA-0BC947A54093}.Alpha|x64.ActiveCfg = Alpha|Any CPU
		{39BA0FA3-A311-4B00-9BFA-0BC947A54093}.Alpha|x64.Build.0 = Alpha|Any CPU
		{39BA0FA3-A311-4B00-9BFA-0BC947A54093}.Alpha|x86.ActiveCfg = Alpha|Any CPU
		{39BA0FA3-A311-4B00-9BFA-0BC947A54093}.Alpha|x86.Build.0 = Alpha|Any CPU
		{39BA0FA3-A311-4B00-9BFA-0BC947A54093}.Beta|Any CPU.ActiveCfg = Beta|Any CPU
		{39BA0FA3-A311-4B00-9BFA-0BC947A54093}.Beta|Any CPU.Build.0 = Beta|Any CPU
		{39BA0FA3-A311-4B00-9BFA-0BC947A54093}.Beta|x64.ActiveCfg = Beta|Any CPU
		{39BA0FA3-A311-4B00-9BFA-0BC947A54093}.Beta|x64.Build.0 = Beta|Any CPU
		{39BA0FA3-A311-4B00-9BFA-0BC947A54093}.Beta|x86.ActiveCfg = Beta|Any CPU
		{39BA0FA3-A311-4B00-9BFA-0BC947A54093}.Beta|x86.Build.0 = Beta|Any CPU
		{39BA0FA3-A311-4B00-9BFA-0BC947A54093}.Debug|Any CPU.ActiveCfg = Debug|Any CPU
		{39BA0FA3-A311-4B00-9BFA-0BC947A54093}.Debug|Any CPU.Build.0 = Debug|Any CPU
		{39BA0FA3-A311-4B00-9BFA-0BC947A54093}.Debug|x64.ActiveCfg = Debug|Any CPU
		{39BA0FA3-A311-4B00-9BFA-0BC947A54093}.Debug|x64.Build.0 = Debug|Any CPU
		{39BA0FA3-A311-4B00-9BFA-0BC947A54093}.Debug|x86.ActiveCfg = Debug|Any CPU
		{39BA0FA3-A311-4B00-9BFA-0BC947A54093}.Debug|x86.Build.0 = Debug|Any CPU
		{39BA0FA3-A311-4B00-9BFA-0BC947A54093}.Experimental|Any CPU.ActiveCfg = Experimental|Any CPU
		{39BA0FA3-A311-4B00-9BFA-0BC947A54093}.Experimental|Any CPU.Build.0 = Experimental|Any CPU
		{39BA0FA3-A311-4B00-9BFA-0BC947A54093}.Experimental|x64.ActiveCfg = Experimental|Any CPU
		{39BA0FA3-A311-4B00-9BFA-0BC947A54093}.Experimental|x64.Build.0 = Experimental|Any CPU
		{39BA0FA3-A311-4B00-9BFA-0BC947A54093}.Experimental|x86.ActiveCfg = Experimental|Any CPU
		{39BA0FA3-A311-4B00-9BFA-0BC947A54093}.Experimental|x86.Build.0 = Experimental|Any CPU
		{39BA0FA3-A311-4B00-9BFA-0BC947A54093}.Preview|Any CPU.ActiveCfg = Preview|Any CPU
		{39BA0FA3-A311-4B00-9BFA-0BC947A54093}.Preview|Any CPU.Build.0 = Preview|Any CPU
		{39BA0FA3-A311-4B00-9BFA-0BC947A54093}.Preview|x64.ActiveCfg = Preview|Any CPU
		{39BA0FA3-A311-4B00-9BFA-0BC947A54093}.Preview|x64.Build.0 = Preview|Any CPU
		{39BA0FA3-A311-4B00-9BFA-0BC947A54093}.Preview|x86.ActiveCfg = Preview|Any CPU
		{39BA0FA3-A311-4B00-9BFA-0BC947A54093}.Preview|x86.Build.0 = Preview|Any CPU
		{39BA0FA3-A311-4B00-9BFA-0BC947A54093}.Release|Any CPU.ActiveCfg = Release|Any CPU
		{39BA0FA3-A311-4B00-9BFA-0BC947A54093}.Release|Any CPU.Build.0 = Release|Any CPU
		{39BA0FA3-A311-4B00-9BFA-0BC947A54093}.Release|x64.ActiveCfg = Release|Any CPU
		{39BA0FA3-A311-4B00-9BFA-0BC947A54093}.Release|x64.Build.0 = Release|Any CPU
		{39BA0FA3-A311-4B00-9BFA-0BC947A54093}.Release|x86.ActiveCfg = Release|Any CPU
		{39BA0FA3-A311-4B00-9BFA-0BC947A54093}.Release|x86.Build.0 = Release|Any CPU
		{330C9644-A3B8-4FBC-BEE6-3323E438995B}.Alpha|Any CPU.ActiveCfg = Alpha|Any CPU
		{330C9644-A3B8-4FBC-BEE6-3323E438995B}.Alpha|Any CPU.Build.0 = Alpha|Any CPU
		{330C9644-A3B8-4FBC-BEE6-3323E438995B}.Alpha|x64.ActiveCfg = Alpha|Any CPU
		{330C9644-A3B8-4FBC-BEE6-3323E438995B}.Alpha|x64.Build.0 = Alpha|Any CPU
		{330C9644-A3B8-4FBC-BEE6-3323E438995B}.Alpha|x86.ActiveCfg = Alpha|Any CPU
		{330C9644-A3B8-4FBC-BEE6-3323E438995B}.Alpha|x86.Build.0 = Alpha|Any CPU
		{330C9644-A3B8-4FBC-BEE6-3323E438995B}.Beta|Any CPU.ActiveCfg = Beta|Any CPU
		{330C9644-A3B8-4FBC-BEE6-3323E438995B}.Beta|Any CPU.Build.0 = Beta|Any CPU
		{330C9644-A3B8-4FBC-BEE6-3323E438995B}.Beta|x64.ActiveCfg = Beta|Any CPU
		{330C9644-A3B8-4FBC-BEE6-3323E438995B}.Beta|x64.Build.0 = Beta|Any CPU
		{330C9644-A3B8-4FBC-BEE6-3323E438995B}.Beta|x86.ActiveCfg = Beta|Any CPU
		{330C9644-A3B8-4FBC-BEE6-3323E438995B}.Beta|x86.Build.0 = Beta|Any CPU
		{330C9644-A3B8-4FBC-BEE6-3323E438995B}.Debug|Any CPU.ActiveCfg = Debug|Any CPU
		{330C9644-A3B8-4FBC-BEE6-3323E438995B}.Debug|Any CPU.Build.0 = Debug|Any CPU
		{330C9644-A3B8-4FBC-BEE6-3323E438995B}.Debug|x64.ActiveCfg = Debug|Any CPU
		{330C9644-A3B8-4FBC-BEE6-3323E438995B}.Debug|x64.Build.0 = Debug|Any CPU
		{330C9644-A3B8-4FBC-BEE6-3323E438995B}.Debug|x86.ActiveCfg = Debug|Any CPU
		{330C9644-A3B8-4FBC-BEE6-3323E438995B}.Debug|x86.Build.0 = Debug|Any CPU
		{330C9644-A3B8-4FBC-BEE6-3323E438995B}.Experimental|Any CPU.ActiveCfg = Experimental|Any CPU
		{330C9644-A3B8-4FBC-BEE6-3323E438995B}.Experimental|Any CPU.Build.0 = Experimental|Any CPU
		{330C9644-A3B8-4FBC-BEE6-3323E438995B}.Experimental|x64.ActiveCfg = Experimental|Any CPU
		{330C9644-A3B8-4FBC-BEE6-3323E438995B}.Experimental|x64.Build.0 = Experimental|Any CPU
		{330C9644-A3B8-4FBC-BEE6-3323E438995B}.Experimental|x86.ActiveCfg = Experimental|Any CPU
		{330C9644-A3B8-4FBC-BEE6-3323E438995B}.Experimental|x86.Build.0 = Experimental|Any CPU
		{330C9644-A3B8-4FBC-BEE6-3323E438995B}.Preview|Any CPU.ActiveCfg = Preview|Any CPU
		{330C9644-A3B8-4FBC-BEE6-3323E438995B}.Preview|Any CPU.Build.0 = Preview|Any CPU
		{330C9644-A3B8-4FBC-BEE6-3323E438995B}.Preview|x64.ActiveCfg = Preview|Any CPU
		{330C9644-A3B8-4FBC-BEE6-3323E438995B}.Preview|x64.Build.0 = Preview|Any CPU
		{330C9644-A3B8-4FBC-BEE6-3323E438995B}.Preview|x86.ActiveCfg = Preview|Any CPU
		{330C9644-A3B8-4FBC-BEE6-3323E438995B}.Preview|x86.Build.0 = Preview|Any CPU
		{330C9644-A3B8-4FBC-BEE6-3323E438995B}.Release|Any CPU.ActiveCfg = Release|Any CPU
		{330C9644-A3B8-4FBC-BEE6-3323E438995B}.Release|Any CPU.Build.0 = Release|Any CPU
		{330C9644-A3B8-4FBC-BEE6-3323E438995B}.Release|x64.ActiveCfg = Release|Any CPU
		{330C9644-A3B8-4FBC-BEE6-3323E438995B}.Release|x64.Build.0 = Release|Any CPU
		{330C9644-A3B8-4FBC-BEE6-3323E438995B}.Release|x86.ActiveCfg = Release|Any CPU
		{330C9644-A3B8-4FBC-BEE6-3323E438995B}.Release|x86.Build.0 = Release|Any CPU
		{A7FF76E2-7607-4FB1-8C10-CA8128C37CA9}.Alpha|Any CPU.ActiveCfg = Alpha|Any CPU
		{A7FF76E2-7607-4FB1-8C10-CA8128C37CA9}.Alpha|Any CPU.Build.0 = Alpha|Any CPU
		{A7FF76E2-7607-4FB1-8C10-CA8128C37CA9}.Alpha|x64.ActiveCfg = Alpha|Any CPU
		{A7FF76E2-7607-4FB1-8C10-CA8128C37CA9}.Alpha|x64.Build.0 = Alpha|Any CPU
		{A7FF76E2-7607-4FB1-8C10-CA8128C37CA9}.Alpha|x86.ActiveCfg = Alpha|Any CPU
		{A7FF76E2-7607-4FB1-8C10-CA8128C37CA9}.Alpha|x86.Build.0 = Alpha|Any CPU
		{A7FF76E2-7607-4FB1-8C10-CA8128C37CA9}.Beta|Any CPU.ActiveCfg = Beta|Any CPU
		{A7FF76E2-7607-4FB1-8C10-CA8128C37CA9}.Beta|Any CPU.Build.0 = Beta|Any CPU
		{A7FF76E2-7607-4FB1-8C10-CA8128C37CA9}.Beta|x64.ActiveCfg = Beta|Any CPU
		{A7FF76E2-7607-4FB1-8C10-CA8128C37CA9}.Beta|x64.Build.0 = Beta|Any CPU
		{A7FF76E2-7607-4FB1-8C10-CA8128C37CA9}.Beta|x86.ActiveCfg = Beta|Any CPU
		{A7FF76E2-7607-4FB1-8C10-CA8128C37CA9}.Beta|x86.Build.0 = Beta|Any CPU
		{A7FF76E2-7607-4FB1-8C10-CA8128C37CA9}.Debug|Any CPU.ActiveCfg = Debug|Any CPU
		{A7FF76E2-7607-4FB1-8C10-CA8128C37CA9}.Debug|Any CPU.Build.0 = Debug|Any CPU
		{A7FF76E2-7607-4FB1-8C10-CA8128C37CA9}.Debug|x64.ActiveCfg = Debug|Any CPU
		{A7FF76E2-7607-4FB1-8C10-CA8128C37CA9}.Debug|x64.Build.0 = Debug|Any CPU
		{A7FF76E2-7607-4FB1-8C10-CA8128C37CA9}.Debug|x86.ActiveCfg = Debug|Any CPU
		{A7FF76E2-7607-4FB1-8C10-CA8128C37CA9}.Debug|x86.Build.0 = Debug|Any CPU
		{A7FF76E2-7607-4FB1-8C10-CA8128C37CA9}.Experimental|Any CPU.ActiveCfg = Experimental|Any CPU
		{A7FF76E2-7607-4FB1-8C10-CA8128C37CA9}.Experimental|Any CPU.Build.0 = Experimental|Any CPU
		{A7FF76E2-7607-4FB1-8C10-CA8128C37CA9}.Experimental|x64.ActiveCfg = Experimental|Any CPU
		{A7FF76E2-7607-4FB1-8C10-CA8128C37CA9}.Experimental|x64.Build.0 = Experimental|Any CPU
		{A7FF76E2-7607-4FB1-8C10-CA8128C37CA9}.Experimental|x86.ActiveCfg = Experimental|Any CPU
		{A7FF76E2-7607-4FB1-8C10-CA8128C37CA9}.Experimental|x86.Build.0 = Experimental|Any CPU
		{A7FF76E2-7607-4FB1-8C10-CA8128C37CA9}.Preview|Any CPU.ActiveCfg = Preview|Any CPU
		{A7FF76E2-7607-4FB1-8C10-CA8128C37CA9}.Preview|Any CPU.Build.0 = Preview|Any CPU
		{A7FF76E2-7607-4FB1-8C10-CA8128C37CA9}.Preview|x64.ActiveCfg = Preview|Any CPU
		{A7FF76E2-7607-4FB1-8C10-CA8128C37CA9}.Preview|x64.Build.0 = Preview|Any CPU
		{A7FF76E2-7607-4FB1-8C10-CA8128C37CA9}.Preview|x86.ActiveCfg = Preview|Any CPU
		{A7FF76E2-7607-4FB1-8C10-CA8128C37CA9}.Preview|x86.Build.0 = Preview|Any CPU
		{A7FF76E2-7607-4FB1-8C10-CA8128C37CA9}.Release|Any CPU.ActiveCfg = Release|Any CPU
		{A7FF76E2-7607-4FB1-8C10-CA8128C37CA9}.Release|Any CPU.Build.0 = Release|Any CPU
		{A7FF76E2-7607-4FB1-8C10-CA8128C37CA9}.Release|x64.ActiveCfg = Release|Any CPU
		{A7FF76E2-7607-4FB1-8C10-CA8128C37CA9}.Release|x64.Build.0 = Release|Any CPU
		{A7FF76E2-7607-4FB1-8C10-CA8128C37CA9}.Release|x86.ActiveCfg = Release|Any CPU
		{A7FF76E2-7607-4FB1-8C10-CA8128C37CA9}.Release|x86.Build.0 = Release|Any CPU
		{B7DADA0B-3240-455A-B9C6-41D5B50B3954}.Alpha|Any CPU.ActiveCfg = Alpha|Any CPU
		{B7DADA0B-3240-455A-B9C6-41D5B50B3954}.Alpha|Any CPU.Build.0 = Alpha|Any CPU
		{B7DADA0B-3240-455A-B9C6-41D5B50B3954}.Alpha|x64.ActiveCfg = Alpha|Any CPU
		{B7DADA0B-3240-455A-B9C6-41D5B50B3954}.Alpha|x64.Build.0 = Alpha|Any CPU
		{B7DADA0B-3240-455A-B9C6-41D5B50B3954}.Alpha|x86.ActiveCfg = Alpha|Any CPU
		{B7DADA0B-3240-455A-B9C6-41D5B50B3954}.Alpha|x86.Build.0 = Alpha|Any CPU
		{B7DADA0B-3240-455A-B9C6-41D5B50B3954}.Beta|Any CPU.ActiveCfg = Beta|Any CPU
		{B7DADA0B-3240-455A-B9C6-41D5B50B3954}.Beta|Any CPU.Build.0 = Beta|Any CPU
		{B7DADA0B-3240-455A-B9C6-41D5B50B3954}.Beta|x64.ActiveCfg = Beta|Any CPU
		{B7DADA0B-3240-455A-B9C6-41D5B50B3954}.Beta|x64.Build.0 = Beta|Any CPU
		{B7DADA0B-3240-455A-B9C6-41D5B50B3954}.Beta|x86.ActiveCfg = Beta|Any CPU
		{B7DADA0B-3240-455A-B9C6-41D5B50B3954}.Beta|x86.Build.0 = Beta|Any CPU
		{B7DADA0B-3240-455A-B9C6-41D5B50B3954}.Debug|Any CPU.ActiveCfg = Debug|Any CPU
		{B7DADA0B-3240-455A-B9C6-41D5B50B3954}.Debug|Any CPU.Build.0 = Debug|Any CPU
		{B7DADA0B-3240-455A-B9C6-41D5B50B3954}.Debug|x64.ActiveCfg = Debug|Any CPU
		{B7DADA0B-3240-455A-B9C6-41D5B50B3954}.Debug|x64.Build.0 = Debug|Any CPU
		{B7DADA0B-3240-455A-B9C6-41D5B50B3954}.Debug|x86.ActiveCfg = Debug|Any CPU
		{B7DADA0B-3240-455A-B9C6-41D5B50B3954}.Debug|x86.Build.0 = Debug|Any CPU
		{B7DADA0B-3240-455A-B9C6-41D5B50B3954}.Experimental|Any CPU.ActiveCfg = Experimental|Any CPU
		{B7DADA0B-3240-455A-B9C6-41D5B50B3954}.Experimental|Any CPU.Build.0 = Experimental|Any CPU
		{B7DADA0B-3240-455A-B9C6-41D5B50B3954}.Experimental|x64.ActiveCfg = Experimental|Any CPU
		{B7DADA0B-3240-455A-B9C6-41D5B50B3954}.Experimental|x64.Build.0 = Experimental|Any CPU
		{B7DADA0B-3240-455A-B9C6-41D5B50B3954}.Experimental|x86.ActiveCfg = Experimental|Any CPU
		{B7DADA0B-3240-455A-B9C6-41D5B50B3954}.Experimental|x86.Build.0 = Experimental|Any CPU
		{B7DADA0B-3240-455A-B9C6-41D5B50B3954}.Preview|Any CPU.ActiveCfg = Preview|Any CPU
		{B7DADA0B-3240-455A-B9C6-41D5B50B3954}.Preview|Any CPU.Build.0 = Preview|Any CPU
		{B7DADA0B-3240-455A-B9C6-41D5B50B3954}.Preview|x64.ActiveCfg = Preview|Any CPU
		{B7DADA0B-3240-455A-B9C6-41D5B50B3954}.Preview|x64.Build.0 = Preview|Any CPU
		{B7DADA0B-3240-455A-B9C6-41D5B50B3954}.Preview|x86.ActiveCfg = Preview|Any CPU
		{B7DADA0B-3240-455A-B9C6-41D5B50B3954}.Preview|x86.Build.0 = Preview|Any CPU
		{B7DADA0B-3240-455A-B9C6-41D5B50B3954}.Release|Any CPU.ActiveCfg = Release|Any CPU
		{B7DADA0B-3240-455A-B9C6-41D5B50B3954}.Release|Any CPU.Build.0 = Release|Any CPU
		{B7DADA0B-3240-455A-B9C6-41D5B50B3954}.Release|x64.ActiveCfg = Release|Any CPU
		{B7DADA0B-3240-455A-B9C6-41D5B50B3954}.Release|x64.Build.0 = Release|Any CPU
		{B7DADA0B-3240-455A-B9C6-41D5B50B3954}.Release|x86.ActiveCfg = Release|Any CPU
		{B7DADA0B-3240-455A-B9C6-41D5B50B3954}.Release|x86.Build.0 = Release|Any CPU
		{F7856E4F-8A65-41E6-8B95-26B69967CB0D}.Alpha|Any CPU.ActiveCfg = Alpha|Any CPU
		{F7856E4F-8A65-41E6-8B95-26B69967CB0D}.Alpha|Any CPU.Build.0 = Alpha|Any CPU
		{F7856E4F-8A65-41E6-8B95-26B69967CB0D}.Alpha|x64.ActiveCfg = Alpha|Any CPU
		{F7856E4F-8A65-41E6-8B95-26B69967CB0D}.Alpha|x64.Build.0 = Alpha|Any CPU
		{F7856E4F-8A65-41E6-8B95-26B69967CB0D}.Alpha|x86.ActiveCfg = Alpha|Any CPU
		{F7856E4F-8A65-41E6-8B95-26B69967CB0D}.Alpha|x86.Build.0 = Alpha|Any CPU
		{F7856E4F-8A65-41E6-8B95-26B69967CB0D}.Beta|Any CPU.ActiveCfg = Beta|Any CPU
		{F7856E4F-8A65-41E6-8B95-26B69967CB0D}.Beta|Any CPU.Build.0 = Beta|Any CPU
		{F7856E4F-8A65-41E6-8B95-26B69967CB0D}.Beta|x64.ActiveCfg = Beta|Any CPU
		{F7856E4F-8A65-41E6-8B95-26B69967CB0D}.Beta|x64.Build.0 = Beta|Any CPU
		{F7856E4F-8A65-41E6-8B95-26B69967CB0D}.Beta|x86.ActiveCfg = Beta|Any CPU
		{F7856E4F-8A65-41E6-8B95-26B69967CB0D}.Beta|x86.Build.0 = Beta|Any CPU
		{F7856E4F-8A65-41E6-8B95-26B69967CB0D}.Debug|Any CPU.ActiveCfg = Debug|Any CPU
		{F7856E4F-8A65-41E6-8B95-26B69967CB0D}.Debug|Any CPU.Build.0 = Debug|Any CPU
		{F7856E4F-8A65-41E6-8B95-26B69967CB0D}.Debug|x64.ActiveCfg = Debug|Any CPU
		{F7856E4F-8A65-41E6-8B95-26B69967CB0D}.Debug|x64.Build.0 = Debug|Any CPU
		{F7856E4F-8A65-41E6-8B95-26B69967CB0D}.Debug|x86.ActiveCfg = Debug|Any CPU
		{F7856E4F-8A65-41E6-8B95-26B69967CB0D}.Debug|x86.Build.0 = Debug|Any CPU
		{F7856E4F-8A65-41E6-8B95-26B69967CB0D}.Experimental|Any CPU.ActiveCfg = Experimental|Any CPU
		{F7856E4F-8A65-41E6-8B95-26B69967CB0D}.Experimental|Any CPU.Build.0 = Experimental|Any CPU
		{F7856E4F-8A65-41E6-8B95-26B69967CB0D}.Experimental|x64.ActiveCfg = Experimental|Any CPU
		{F7856E4F-8A65-41E6-8B95-26B69967CB0D}.Experimental|x64.Build.0 = Experimental|Any CPU
		{F7856E4F-8A65-41E6-8B95-26B69967CB0D}.Experimental|x86.ActiveCfg = Experimental|Any CPU
		{F7856E4F-8A65-41E6-8B95-26B69967CB0D}.Experimental|x86.Build.0 = Experimental|Any CPU
		{F7856E4F-8A65-41E6-8B95-26B69967CB0D}.Preview|Any CPU.ActiveCfg = Preview|Any CPU
		{F7856E4F-8A65-41E6-8B95-26B69967CB0D}.Preview|Any CPU.Build.0 = Preview|Any CPU
		{F7856E4F-8A65-41E6-8B95-26B69967CB0D}.Preview|x64.ActiveCfg = Preview|Any CPU
		{F7856E4F-8A65-41E6-8B95-26B69967CB0D}.Preview|x64.Build.0 = Preview|Any CPU
		{F7856E4F-8A65-41E6-8B95-26B69967CB0D}.Preview|x86.ActiveCfg = Preview|Any CPU
		{F7856E4F-8A65-41E6-8B95-26B69967CB0D}.Preview|x86.Build.0 = Preview|Any CPU
		{F7856E4F-8A65-41E6-8B95-26B69967CB0D}.Release|Any CPU.ActiveCfg = Release|Any CPU
		{F7856E4F-8A65-41E6-8B95-26B69967CB0D}.Release|Any CPU.Build.0 = Release|Any CPU
		{F7856E4F-8A65-41E6-8B95-26B69967CB0D}.Release|x64.ActiveCfg = Release|Any CPU
		{F7856E4F-8A65-41E6-8B95-26B69967CB0D}.Release|x64.Build.0 = Release|Any CPU
		{F7856E4F-8A65-41E6-8B95-26B69967CB0D}.Release|x86.ActiveCfg = Release|Any CPU
		{F7856E4F-8A65-41E6-8B95-26B69967CB0D}.Release|x86.Build.0 = Release|Any CPU
		{B0D5DABD-1951-4204-9C35-1C602A26D4C4}.Alpha|Any CPU.ActiveCfg = Alpha|Any CPU
		{B0D5DABD-1951-4204-9C35-1C602A26D4C4}.Alpha|Any CPU.Build.0 = Alpha|Any CPU
		{B0D5DABD-1951-4204-9C35-1C602A26D4C4}.Alpha|x64.ActiveCfg = Alpha|Any CPU
		{B0D5DABD-1951-4204-9C35-1C602A26D4C4}.Alpha|x64.Build.0 = Alpha|Any CPU
		{B0D5DABD-1951-4204-9C35-1C602A26D4C4}.Alpha|x86.ActiveCfg = Alpha|Any CPU
		{B0D5DABD-1951-4204-9C35-1C602A26D4C4}.Alpha|x86.Build.0 = Alpha|Any CPU
		{B0D5DABD-1951-4204-9C35-1C602A26D4C4}.Beta|Any CPU.ActiveCfg = Beta|Any CPU
		{B0D5DABD-1951-4204-9C35-1C602A26D4C4}.Beta|Any CPU.Build.0 = Beta|Any CPU
		{B0D5DABD-1951-4204-9C35-1C602A26D4C4}.Beta|x64.ActiveCfg = Beta|Any CPU
		{B0D5DABD-1951-4204-9C35-1C602A26D4C4}.Beta|x64.Build.0 = Beta|Any CPU
		{B0D5DABD-1951-4204-9C35-1C602A26D4C4}.Beta|x86.ActiveCfg = Beta|Any CPU
		{B0D5DABD-1951-4204-9C35-1C602A26D4C4}.Beta|x86.Build.0 = Beta|Any CPU
		{B0D5DABD-1951-4204-9C35-1C602A26D4C4}.Debug|Any CPU.ActiveCfg = Debug|Any CPU
		{B0D5DABD-1951-4204-9C35-1C602A26D4C4}.Debug|Any CPU.Build.0 = Debug|Any CPU
		{B0D5DABD-1951-4204-9C35-1C602A26D4C4}.Debug|x64.ActiveCfg = Debug|Any CPU
		{B0D5DABD-1951-4204-9C35-1C602A26D4C4}.Debug|x64.Build.0 = Debug|Any CPU
		{B0D5DABD-1951-4204-9C35-1C602A26D4C4}.Debug|x86.ActiveCfg = Debug|Any CPU
		{B0D5DABD-1951-4204-9C35-1C602A26D4C4}.Debug|x86.Build.0 = Debug|Any CPU
		{B0D5DABD-1951-4204-9C35-1C602A26D4C4}.Experimental|Any CPU.ActiveCfg = Experimental|Any CPU
		{B0D5DABD-1951-4204-9C35-1C602A26D4C4}.Experimental|Any CPU.Build.0 = Experimental|Any CPU
		{B0D5DABD-1951-4204-9C35-1C602A26D4C4}.Experimental|x64.ActiveCfg = Experimental|Any CPU
		{B0D5DABD-1951-4204-9C35-1C602A26D4C4}.Experimental|x64.Build.0 = Experimental|Any CPU
		{B0D5DABD-1951-4204-9C35-1C602A26D4C4}.Experimental|x86.ActiveCfg = Experimental|Any CPU
		{B0D5DABD-1951-4204-9C35-1C602A26D4C4}.Experimental|x86.Build.0 = Experimental|Any CPU
		{B0D5DABD-1951-4204-9C35-1C602A26D4C4}.Preview|Any CPU.ActiveCfg = Preview|Any CPU
		{B0D5DABD-1951-4204-9C35-1C602A26D4C4}.Preview|Any CPU.Build.0 = Preview|Any CPU
		{B0D5DABD-1951-4204-9C35-1C602A26D4C4}.Preview|x64.ActiveCfg = Preview|Any CPU
		{B0D5DABD-1951-4204-9C35-1C602A26D4C4}.Preview|x64.Build.0 = Preview|Any CPU
		{B0D5DABD-1951-4204-9C35-1C602A26D4C4}.Preview|x86.ActiveCfg = Preview|Any CPU
		{B0D5DABD-1951-4204-9C35-1C602A26D4C4}.Preview|x86.Build.0 = Preview|Any CPU
		{B0D5DABD-1951-4204-9C35-1C602A26D4C4}.Release|Any CPU.ActiveCfg = Release|Any CPU
		{B0D5DABD-1951-4204-9C35-1C602A26D4C4}.Release|Any CPU.Build.0 = Release|Any CPU
		{B0D5DABD-1951-4204-9C35-1C602A26D4C4}.Release|x64.ActiveCfg = Release|Any CPU
		{B0D5DABD-1951-4204-9C35-1C602A26D4C4}.Release|x64.Build.0 = Release|Any CPU
		{B0D5DABD-1951-4204-9C35-1C602A26D4C4}.Release|x86.ActiveCfg = Release|Any CPU
		{B0D5DABD-1951-4204-9C35-1C602A26D4C4}.Release|x86.Build.0 = Release|Any CPU
		{04D3E1F1-6351-457C-BA8E-DCC651428811}.Alpha|Any CPU.ActiveCfg = Alpha|Any CPU
		{04D3E1F1-6351-457C-BA8E-DCC651428811}.Alpha|Any CPU.Build.0 = Alpha|Any CPU
		{04D3E1F1-6351-457C-BA8E-DCC651428811}.Alpha|x64.ActiveCfg = Alpha|Any CPU
		{04D3E1F1-6351-457C-BA8E-DCC651428811}.Alpha|x64.Build.0 = Alpha|Any CPU
		{04D3E1F1-6351-457C-BA8E-DCC651428811}.Alpha|x86.ActiveCfg = Alpha|Any CPU
		{04D3E1F1-6351-457C-BA8E-DCC651428811}.Alpha|x86.Build.0 = Alpha|Any CPU
		{04D3E1F1-6351-457C-BA8E-DCC651428811}.Beta|Any CPU.ActiveCfg = Beta|Any CPU
		{04D3E1F1-6351-457C-BA8E-DCC651428811}.Beta|Any CPU.Build.0 = Beta|Any CPU
		{04D3E1F1-6351-457C-BA8E-DCC651428811}.Beta|x64.ActiveCfg = Beta|Any CPU
		{04D3E1F1-6351-457C-BA8E-DCC651428811}.Beta|x64.Build.0 = Beta|Any CPU
		{04D3E1F1-6351-457C-BA8E-DCC651428811}.Beta|x86.ActiveCfg = Beta|Any CPU
		{04D3E1F1-6351-457C-BA8E-DCC651428811}.Beta|x86.Build.0 = Beta|Any CPU
		{04D3E1F1-6351-457C-BA8E-DCC651428811}.Debug|Any CPU.ActiveCfg = Debug|Any CPU
		{04D3E1F1-6351-457C-BA8E-DCC651428811}.Debug|Any CPU.Build.0 = Debug|Any CPU
		{04D3E1F1-6351-457C-BA8E-DCC651428811}.Debug|x64.ActiveCfg = Debug|Any CPU
		{04D3E1F1-6351-457C-BA8E-DCC651428811}.Debug|x64.Build.0 = Debug|Any CPU
		{04D3E1F1-6351-457C-BA8E-DCC651428811}.Debug|x86.ActiveCfg = Debug|Any CPU
		{04D3E1F1-6351-457C-BA8E-DCC651428811}.Debug|x86.Build.0 = Debug|Any CPU
		{04D3E1F1-6351-457C-BA8E-DCC651428811}.Experimental|Any CPU.ActiveCfg = Experimental|Any CPU
		{04D3E1F1-6351-457C-BA8E-DCC651428811}.Experimental|Any CPU.Build.0 = Experimental|Any CPU
		{04D3E1F1-6351-457C-BA8E-DCC651428811}.Experimental|x64.ActiveCfg = Experimental|Any CPU
		{04D3E1F1-6351-457C-BA8E-DCC651428811}.Experimental|x64.Build.0 = Experimental|Any CPU
		{04D3E1F1-6351-457C-BA8E-DCC651428811}.Experimental|x86.ActiveCfg = Experimental|Any CPU
		{04D3E1F1-6351-457C-BA8E-DCC651428811}.Experimental|x86.Build.0 = Experimental|Any CPU
		{04D3E1F1-6351-457C-BA8E-DCC651428811}.Preview|Any CPU.ActiveCfg = Preview|Any CPU
		{04D3E1F1-6351-457C-BA8E-DCC651428811}.Preview|Any CPU.Build.0 = Preview|Any CPU
		{04D3E1F1-6351-457C-BA8E-DCC651428811}.Preview|x64.ActiveCfg = Preview|Any CPU
		{04D3E1F1-6351-457C-BA8E-DCC651428811}.Preview|x64.Build.0 = Preview|Any CPU
		{04D3E1F1-6351-457C-BA8E-DCC651428811}.Preview|x86.ActiveCfg = Preview|Any CPU
		{04D3E1F1-6351-457C-BA8E-DCC651428811}.Preview|x86.Build.0 = Preview|Any CPU
		{04D3E1F1-6351-457C-BA8E-DCC651428811}.Release|Any CPU.ActiveCfg = Release|Any CPU
		{04D3E1F1-6351-457C-BA8E-DCC651428811}.Release|Any CPU.Build.0 = Release|Any CPU
		{04D3E1F1-6351-457C-BA8E-DCC651428811}.Release|x64.ActiveCfg = Release|Any CPU
		{04D3E1F1-6351-457C-BA8E-DCC651428811}.Release|x64.Build.0 = Release|Any CPU
		{04D3E1F1-6351-457C-BA8E-DCC651428811}.Release|x86.ActiveCfg = Release|Any CPU
		{04D3E1F1-6351-457C-BA8E-DCC651428811}.Release|x86.Build.0 = Release|Any CPU
		{B4F4BC72-45E6-455B-BD09-05D517B7824F}.Alpha|Any CPU.ActiveCfg = Alpha|Any CPU
		{B4F4BC72-45E6-455B-BD09-05D517B7824F}.Alpha|Any CPU.Build.0 = Alpha|Any CPU
		{B4F4BC72-45E6-455B-BD09-05D517B7824F}.Alpha|x64.ActiveCfg = Alpha|Any CPU
		{B4F4BC72-45E6-455B-BD09-05D517B7824F}.Alpha|x64.Build.0 = Alpha|Any CPU
		{B4F4BC72-45E6-455B-BD09-05D517B7824F}.Alpha|x86.ActiveCfg = Alpha|Any CPU
		{B4F4BC72-45E6-455B-BD09-05D517B7824F}.Alpha|x86.Build.0 = Alpha|Any CPU
		{B4F4BC72-45E6-455B-BD09-05D517B7824F}.Beta|Any CPU.ActiveCfg = Beta|Any CPU
		{B4F4BC72-45E6-455B-BD09-05D517B7824F}.Beta|Any CPU.Build.0 = Beta|Any CPU
		{B4F4BC72-45E6-455B-BD09-05D517B7824F}.Beta|x64.ActiveCfg = Beta|Any CPU
		{B4F4BC72-45E6-455B-BD09-05D517B7824F}.Beta|x64.Build.0 = Beta|Any CPU
		{B4F4BC72-45E6-455B-BD09-05D517B7824F}.Beta|x86.ActiveCfg = Beta|Any CPU
		{B4F4BC72-45E6-455B-BD09-05D517B7824F}.Beta|x86.Build.0 = Beta|Any CPU
		{B4F4BC72-45E6-455B-BD09-05D517B7824F}.Debug|Any CPU.ActiveCfg = Debug|Any CPU
		{B4F4BC72-45E6-455B-BD09-05D517B7824F}.Debug|Any CPU.Build.0 = Debug|Any CPU
		{B4F4BC72-45E6-455B-BD09-05D517B7824F}.Debug|x64.ActiveCfg = Debug|Any CPU
		{B4F4BC72-45E6-455B-BD09-05D517B7824F}.Debug|x64.Build.0 = Debug|Any CPU
		{B4F4BC72-45E6-455B-BD09-05D517B7824F}.Debug|x86.ActiveCfg = Debug|Any CPU
		{B4F4BC72-45E6-455B-BD09-05D517B7824F}.Debug|x86.Build.0 = Debug|Any CPU
		{B4F4BC72-45E6-455B-BD09-05D517B7824F}.Experimental|Any CPU.ActiveCfg = Experimental|Any CPU
		{B4F4BC72-45E6-455B-BD09-05D517B7824F}.Experimental|Any CPU.Build.0 = Experimental|Any CPU
		{B4F4BC72-45E6-455B-BD09-05D517B7824F}.Experimental|x64.ActiveCfg = Experimental|Any CPU
		{B4F4BC72-45E6-455B-BD09-05D517B7824F}.Experimental|x64.Build.0 = Experimental|Any CPU
		{B4F4BC72-45E6-455B-BD09-05D517B7824F}.Experimental|x86.ActiveCfg = Experimental|Any CPU
		{B4F4BC72-45E6-455B-BD09-05D517B7824F}.Experimental|x86.Build.0 = Experimental|Any CPU
		{B4F4BC72-45E6-455B-BD09-05D517B7824F}.Preview|Any CPU.ActiveCfg = Preview|Any CPU
		{B4F4BC72-45E6-455B-BD09-05D517B7824F}.Preview|Any CPU.Build.0 = Preview|Any CPU
		{B4F4BC72-45E6-455B-BD09-05D517B7824F}.Preview|x64.ActiveCfg = Preview|Any CPU
		{B4F4BC72-45E6-455B-BD09-05D517B7824F}.Preview|x64.Build.0 = Preview|Any CPU
		{B4F4BC72-45E6-455B-BD09-05D517B7824F}.Preview|x86.ActiveCfg = Preview|Any CPU
		{B4F4BC72-45E6-455B-BD09-05D517B7824F}.Preview|x86.Build.0 = Preview|Any CPU
		{B4F4BC72-45E6-455B-BD09-05D517B7824F}.Release|Any CPU.ActiveCfg = Release|Any CPU
		{B4F4BC72-45E6-455B-BD09-05D517B7824F}.Release|Any CPU.Build.0 = Release|Any CPU
		{B4F4BC72-45E6-455B-BD09-05D517B7824F}.Release|x64.ActiveCfg = Release|Any CPU
		{B4F4BC72-45E6-455B-BD09-05D517B7824F}.Release|x64.Build.0 = Release|Any CPU
		{B4F4BC72-45E6-455B-BD09-05D517B7824F}.Release|x86.ActiveCfg = Release|Any CPU
		{B4F4BC72-45E6-455B-BD09-05D517B7824F}.Release|x86.Build.0 = Release|Any CPU
		{2B07219C-682B-4DEB-818B-815EB9A58AE2}.Alpha|Any CPU.ActiveCfg = Alpha|Any CPU
		{2B07219C-682B-4DEB-818B-815EB9A58AE2}.Alpha|Any CPU.Build.0 = Alpha|Any CPU
		{2B07219C-682B-4DEB-818B-815EB9A58AE2}.Alpha|x64.ActiveCfg = Alpha|Any CPU
		{2B07219C-682B-4DEB-818B-815EB9A58AE2}.Alpha|x64.Build.0 = Alpha|Any CPU
		{2B07219C-682B-4DEB-818B-815EB9A58AE2}.Alpha|x86.ActiveCfg = Alpha|Any CPU
		{2B07219C-682B-4DEB-818B-815EB9A58AE2}.Alpha|x86.Build.0 = Alpha|Any CPU
		{2B07219C-682B-4DEB-818B-815EB9A58AE2}.Beta|Any CPU.ActiveCfg = Beta|Any CPU
		{2B07219C-682B-4DEB-818B-815EB9A58AE2}.Beta|Any CPU.Build.0 = Beta|Any CPU
		{2B07219C-682B-4DEB-818B-815EB9A58AE2}.Beta|x64.ActiveCfg = Beta|Any CPU
		{2B07219C-682B-4DEB-818B-815EB9A58AE2}.Beta|x64.Build.0 = Beta|Any CPU
		{2B07219C-682B-4DEB-818B-815EB9A58AE2}.Beta|x86.ActiveCfg = Beta|Any CPU
		{2B07219C-682B-4DEB-818B-815EB9A58AE2}.Beta|x86.Build.0 = Beta|Any CPU
		{2B07219C-682B-4DEB-818B-815EB9A58AE2}.Debug|Any CPU.ActiveCfg = Debug|Any CPU
		{2B07219C-682B-4DEB-818B-815EB9A58AE2}.Debug|Any CPU.Build.0 = Debug|Any CPU
		{2B07219C-682B-4DEB-818B-815EB9A58AE2}.Debug|x64.ActiveCfg = Debug|Any CPU
		{2B07219C-682B-4DEB-818B-815EB9A58AE2}.Debug|x64.Build.0 = Debug|Any CPU
		{2B07219C-682B-4DEB-818B-815EB9A58AE2}.Debug|x86.ActiveCfg = Debug|Any CPU
		{2B07219C-682B-4DEB-818B-815EB9A58AE2}.Debug|x86.Build.0 = Debug|Any CPU
		{2B07219C-682B-4DEB-818B-815EB9A58AE2}.Experimental|Any CPU.ActiveCfg = Experimental|Any CPU
		{2B07219C-682B-4DEB-818B-815EB9A58AE2}.Experimental|Any CPU.Build.0 = Experimental|Any CPU
		{2B07219C-682B-4DEB-818B-815EB9A58AE2}.Experimental|x64.ActiveCfg = Experimental|Any CPU
		{2B07219C-682B-4DEB-818B-815EB9A58AE2}.Experimental|x64.Build.0 = Experimental|Any CPU
		{2B07219C-682B-4DEB-818B-815EB9A58AE2}.Experimental|x86.ActiveCfg = Experimental|Any CPU
		{2B07219C-682B-4DEB-818B-815EB9A58AE2}.Experimental|x86.Build.0 = Experimental|Any CPU
		{2B07219C-682B-4DEB-818B-815EB9A58AE2}.Preview|Any CPU.ActiveCfg = Preview|Any CPU
		{2B07219C-682B-4DEB-818B-815EB9A58AE2}.Preview|Any CPU.Build.0 = Preview|Any CPU
		{2B07219C-682B-4DEB-818B-815EB9A58AE2}.Preview|x64.ActiveCfg = Preview|Any CPU
		{2B07219C-682B-4DEB-818B-815EB9A58AE2}.Preview|x64.Build.0 = Preview|Any CPU
		{2B07219C-682B-4DEB-818B-815EB9A58AE2}.Preview|x86.ActiveCfg = Preview|Any CPU
		{2B07219C-682B-4DEB-818B-815EB9A58AE2}.Preview|x86.Build.0 = Preview|Any CPU
		{2B07219C-682B-4DEB-818B-815EB9A58AE2}.Release|Any CPU.ActiveCfg = Release|Any CPU
		{2B07219C-682B-4DEB-818B-815EB9A58AE2}.Release|Any CPU.Build.0 = Release|Any CPU
		{2B07219C-682B-4DEB-818B-815EB9A58AE2}.Release|x64.ActiveCfg = Release|Any CPU
		{2B07219C-682B-4DEB-818B-815EB9A58AE2}.Release|x64.Build.0 = Release|Any CPU
		{2B07219C-682B-4DEB-818B-815EB9A58AE2}.Release|x86.ActiveCfg = Release|Any CPU
		{2B07219C-682B-4DEB-818B-815EB9A58AE2}.Release|x86.Build.0 = Release|Any CPU
		{D696E541-742A-4EF9-AA9C-6E55B9A2C548}.Alpha|Any CPU.ActiveCfg = Alpha|Any CPU
		{D696E541-742A-4EF9-AA9C-6E55B9A2C548}.Alpha|Any CPU.Build.0 = Alpha|Any CPU
		{D696E541-742A-4EF9-AA9C-6E55B9A2C548}.Alpha|x64.ActiveCfg = Alpha|Any CPU
		{D696E541-742A-4EF9-AA9C-6E55B9A2C548}.Alpha|x64.Build.0 = Alpha|Any CPU
		{D696E541-742A-4EF9-AA9C-6E55B9A2C548}.Alpha|x86.ActiveCfg = Alpha|Any CPU
		{D696E541-742A-4EF9-AA9C-6E55B9A2C548}.Alpha|x86.Build.0 = Alpha|Any CPU
		{D696E541-742A-4EF9-AA9C-6E55B9A2C548}.Beta|Any CPU.ActiveCfg = Beta|Any CPU
		{D696E541-742A-4EF9-AA9C-6E55B9A2C548}.Beta|Any CPU.Build.0 = Beta|Any CPU
		{D696E541-742A-4EF9-AA9C-6E55B9A2C548}.Beta|x64.ActiveCfg = Beta|Any CPU
		{D696E541-742A-4EF9-AA9C-6E55B9A2C548}.Beta|x64.Build.0 = Beta|Any CPU
		{D696E541-742A-4EF9-AA9C-6E55B9A2C548}.Beta|x86.ActiveCfg = Beta|Any CPU
		{D696E541-742A-4EF9-AA9C-6E55B9A2C548}.Beta|x86.Build.0 = Beta|Any CPU
		{D696E541-742A-4EF9-AA9C-6E55B9A2C548}.Debug|Any CPU.ActiveCfg = Debug|Any CPU
		{D696E541-742A-4EF9-AA9C-6E55B9A2C548}.Debug|Any CPU.Build.0 = Debug|Any CPU
		{D696E541-742A-4EF9-AA9C-6E55B9A2C548}.Debug|x64.ActiveCfg = Debug|Any CPU
		{D696E541-742A-4EF9-AA9C-6E55B9A2C548}.Debug|x64.Build.0 = Debug|Any CPU
		{D696E541-742A-4EF9-AA9C-6E55B9A2C548}.Debug|x86.ActiveCfg = Debug|Any CPU
		{D696E541-742A-4EF9-AA9C-6E55B9A2C548}.Debug|x86.Build.0 = Debug|Any CPU
		{D696E541-742A-4EF9-AA9C-6E55B9A2C548}.Experimental|Any CPU.ActiveCfg = Experimental|Any CPU
		{D696E541-742A-4EF9-AA9C-6E55B9A2C548}.Experimental|Any CPU.Build.0 = Experimental|Any CPU
		{D696E541-742A-4EF9-AA9C-6E55B9A2C548}.Experimental|x64.ActiveCfg = Experimental|Any CPU
		{D696E541-742A-4EF9-AA9C-6E55B9A2C548}.Experimental|x64.Build.0 = Experimental|Any CPU
		{D696E541-742A-4EF9-AA9C-6E55B9A2C548}.Experimental|x86.ActiveCfg = Experimental|Any CPU
		{D696E541-742A-4EF9-AA9C-6E55B9A2C548}.Experimental|x86.Build.0 = Experimental|Any CPU
		{D696E541-742A-4EF9-AA9C-6E55B9A2C548}.Preview|Any CPU.ActiveCfg = Preview|Any CPU
		{D696E541-742A-4EF9-AA9C-6E55B9A2C548}.Preview|Any CPU.Build.0 = Preview|Any CPU
		{D696E541-742A-4EF9-AA9C-6E55B9A2C548}.Preview|x64.ActiveCfg = Preview|Any CPU
		{D696E541-742A-4EF9-AA9C-6E55B9A2C548}.Preview|x64.Build.0 = Preview|Any CPU
		{D696E541-742A-4EF9-AA9C-6E55B9A2C548}.Preview|x86.ActiveCfg = Preview|Any CPU
		{D696E541-742A-4EF9-AA9C-6E55B9A2C548}.Preview|x86.Build.0 = Preview|Any CPU
		{D696E541-742A-4EF9-AA9C-6E55B9A2C548}.Release|Any CPU.ActiveCfg = Release|Any CPU
		{D696E541-742A-4EF9-AA9C-6E55B9A2C548}.Release|Any CPU.Build.0 = Release|Any CPU
		{D696E541-742A-4EF9-AA9C-6E55B9A2C548}.Release|x64.ActiveCfg = Release|Any CPU
		{D696E541-742A-4EF9-AA9C-6E55B9A2C548}.Release|x64.Build.0 = Release|Any CPU
		{D696E541-742A-4EF9-AA9C-6E55B9A2C548}.Release|x86.ActiveCfg = Release|Any CPU
		{D696E541-742A-4EF9-AA9C-6E55B9A2C548}.Release|x86.Build.0 = Release|Any CPU
		{5A245655-7812-4F15-BED8-5754EDDD6468}.Alpha|Any CPU.ActiveCfg = Alpha|Any CPU
		{5A245655-7812-4F15-BED8-5754EDDD6468}.Alpha|Any CPU.Build.0 = Alpha|Any CPU
		{5A245655-7812-4F15-BED8-5754EDDD6468}.Alpha|x64.ActiveCfg = Alpha|Any CPU
		{5A245655-7812-4F15-BED8-5754EDDD6468}.Alpha|x64.Build.0 = Alpha|Any CPU
		{5A245655-7812-4F15-BED8-5754EDDD6468}.Alpha|x86.ActiveCfg = Alpha|Any CPU
		{5A245655-7812-4F15-BED8-5754EDDD6468}.Alpha|x86.Build.0 = Alpha|Any CPU
		{5A245655-7812-4F15-BED8-5754EDDD6468}.Beta|Any CPU.ActiveCfg = Beta|Any CPU
		{5A245655-7812-4F15-BED8-5754EDDD6468}.Beta|Any CPU.Build.0 = Beta|Any CPU
		{5A245655-7812-4F15-BED8-5754EDDD6468}.Beta|x64.ActiveCfg = Beta|Any CPU
		{5A245655-7812-4F15-BED8-5754EDDD6468}.Beta|x64.Build.0 = Beta|Any CPU
		{5A245655-7812-4F15-BED8-5754EDDD6468}.Beta|x86.ActiveCfg = Beta|Any CPU
		{5A245655-7812-4F15-BED8-5754EDDD6468}.Beta|x86.Build.0 = Beta|Any CPU
		{5A245655-7812-4F15-BED8-5754EDDD6468}.Debug|Any CPU.ActiveCfg = Debug|Any CPU
		{5A245655-7812-4F15-BED8-5754EDDD6468}.Debug|Any CPU.Build.0 = Debug|Any CPU
		{5A245655-7812-4F15-BED8-5754EDDD6468}.Debug|x64.ActiveCfg = Debug|Any CPU
		{5A245655-7812-4F15-BED8-5754EDDD6468}.Debug|x64.Build.0 = Debug|Any CPU
		{5A245655-7812-4F15-BED8-5754EDDD6468}.Debug|x86.ActiveCfg = Debug|Any CPU
		{5A245655-7812-4F15-BED8-5754EDDD6468}.Debug|x86.Build.0 = Debug|Any CPU
		{5A245655-7812-4F15-BED8-5754EDDD6468}.Experimental|Any CPU.ActiveCfg = Experimental|Any CPU
		{5A245655-7812-4F15-BED8-5754EDDD6468}.Experimental|Any CPU.Build.0 = Experimental|Any CPU
		{5A245655-7812-4F15-BED8-5754EDDD6468}.Experimental|x64.ActiveCfg = Experimental|Any CPU
		{5A245655-7812-4F15-BED8-5754EDDD6468}.Experimental|x64.Build.0 = Experimental|Any CPU
		{5A245655-7812-4F15-BED8-5754EDDD6468}.Experimental|x86.ActiveCfg = Experimental|Any CPU
		{5A245655-7812-4F15-BED8-5754EDDD6468}.Experimental|x86.Build.0 = Experimental|Any CPU
		{5A245655-7812-4F15-BED8-5754EDDD6468}.Preview|Any CPU.ActiveCfg = Preview|Any CPU
		{5A245655-7812-4F15-BED8-5754EDDD6468}.Preview|Any CPU.Build.0 = Preview|Any CPU
		{5A245655-7812-4F15-BED8-5754EDDD6468}.Preview|x64.ActiveCfg = Preview|Any CPU
		{5A245655-7812-4F15-BED8-5754EDDD6468}.Preview|x64.Build.0 = Preview|Any CPU
		{5A245655-7812-4F15-BED8-5754EDDD6468}.Preview|x86.ActiveCfg = Preview|Any CPU
		{5A245655-7812-4F15-BED8-5754EDDD6468}.Preview|x86.Build.0 = Preview|Any CPU
		{5A245655-7812-4F15-BED8-5754EDDD6468}.Release|Any CPU.ActiveCfg = Release|Any CPU
		{5A245655-7812-4F15-BED8-5754EDDD6468}.Release|Any CPU.Build.0 = Release|Any CPU
		{5A245655-7812-4F15-BED8-5754EDDD6468}.Release|x64.ActiveCfg = Release|Any CPU
		{5A245655-7812-4F15-BED8-5754EDDD6468}.Release|x64.Build.0 = Release|Any CPU
		{5A245655-7812-4F15-BED8-5754EDDD6468}.Release|x86.ActiveCfg = Release|Any CPU
		{5A245655-7812-4F15-BED8-5754EDDD6468}.Release|x86.Build.0 = Release|Any CPU
		{3A91CC35-0324-49FC-911B-3019A95AAC11}.Alpha|Any CPU.ActiveCfg = Alpha|Any CPU
		{3A91CC35-0324-49FC-911B-3019A95AAC11}.Alpha|Any CPU.Build.0 = Alpha|Any CPU
		{3A91CC35-0324-49FC-911B-3019A95AAC11}.Alpha|x64.ActiveCfg = Alpha|Any CPU
		{3A91CC35-0324-49FC-911B-3019A95AAC11}.Alpha|x64.Build.0 = Alpha|Any CPU
		{3A91CC35-0324-49FC-911B-3019A95AAC11}.Alpha|x86.ActiveCfg = Alpha|Any CPU
		{3A91CC35-0324-49FC-911B-3019A95AAC11}.Alpha|x86.Build.0 = Alpha|Any CPU
		{3A91CC35-0324-49FC-911B-3019A95AAC11}.Beta|Any CPU.ActiveCfg = Beta|Any CPU
		{3A91CC35-0324-49FC-911B-3019A95AAC11}.Beta|Any CPU.Build.0 = Beta|Any CPU
		{3A91CC35-0324-49FC-911B-3019A95AAC11}.Beta|x64.ActiveCfg = Beta|Any CPU
		{3A91CC35-0324-49FC-911B-3019A95AAC11}.Beta|x64.Build.0 = Beta|Any CPU
		{3A91CC35-0324-49FC-911B-3019A95AAC11}.Beta|x86.ActiveCfg = Beta|Any CPU
		{3A91CC35-0324-49FC-911B-3019A95AAC11}.Beta|x86.Build.0 = Beta|Any CPU
		{3A91CC35-0324-49FC-911B-3019A95AAC11}.Debug|Any CPU.ActiveCfg = Debug|Any CPU
		{3A91CC35-0324-49FC-911B-3019A95AAC11}.Debug|Any CPU.Build.0 = Debug|Any CPU
		{3A91CC35-0324-49FC-911B-3019A95AAC11}.Debug|x64.ActiveCfg = Debug|Any CPU
		{3A91CC35-0324-49FC-911B-3019A95AAC11}.Debug|x64.Build.0 = Debug|Any CPU
		{3A91CC35-0324-49FC-911B-3019A95AAC11}.Debug|x86.ActiveCfg = Debug|Any CPU
		{3A91CC35-0324-49FC-911B-3019A95AAC11}.Debug|x86.Build.0 = Debug|Any CPU
		{3A91CC35-0324-49FC-911B-3019A95AAC11}.Experimental|Any CPU.ActiveCfg = Experimental|Any CPU
		{3A91CC35-0324-49FC-911B-3019A95AAC11}.Experimental|Any CPU.Build.0 = Experimental|Any CPU
		{3A91CC35-0324-49FC-911B-3019A95AAC11}.Experimental|x64.ActiveCfg = Experimental|Any CPU
		{3A91CC35-0324-49FC-911B-3019A95AAC11}.Experimental|x64.Build.0 = Experimental|Any CPU
		{3A91CC35-0324-49FC-911B-3019A95AAC11}.Experimental|x86.ActiveCfg = Experimental|Any CPU
		{3A91CC35-0324-49FC-911B-3019A95AAC11}.Experimental|x86.Build.0 = Experimental|Any CPU
		{3A91CC35-0324-49FC-911B-3019A95AAC11}.Preview|Any CPU.ActiveCfg = Preview|Any CPU
		{3A91CC35-0324-49FC-911B-3019A95AAC11}.Preview|Any CPU.Build.0 = Preview|Any CPU
		{3A91CC35-0324-49FC-911B-3019A95AAC11}.Preview|x64.ActiveCfg = Preview|Any CPU
		{3A91CC35-0324-49FC-911B-3019A95AAC11}.Preview|x64.Build.0 = Preview|Any CPU
		{3A91CC35-0324-49FC-911B-3019A95AAC11}.Preview|x86.ActiveCfg = Preview|Any CPU
		{3A91CC35-0324-49FC-911B-3019A95AAC11}.Preview|x86.Build.0 = Preview|Any CPU
		{3A91CC35-0324-49FC-911B-3019A95AAC11}.Release|Any CPU.ActiveCfg = Release|Any CPU
		{3A91CC35-0324-49FC-911B-3019A95AAC11}.Release|Any CPU.Build.0 = Release|Any CPU
		{3A91CC35-0324-49FC-911B-3019A95AAC11}.Release|x64.ActiveCfg = Release|Any CPU
		{3A91CC35-0324-49FC-911B-3019A95AAC11}.Release|x64.Build.0 = Release|Any CPU
		{3A91CC35-0324-49FC-911B-3019A95AAC11}.Release|x86.ActiveCfg = Release|Any CPU
		{3A91CC35-0324-49FC-911B-3019A95AAC11}.Release|x86.Build.0 = Release|Any CPU
	EndGlobalSection
	GlobalSection(SolutionProperties) = preSolution
		HideSolutionNode = FALSE
	EndGlobalSection
	GlobalSection(NestedProjects) = preSolution
		{BA7201AE-CD11-4BD2-A6E4-5913A42B88C4} = {827E0CD3-B72D-47B6-A68D-7590B98EB39B}
		{BCC0F6D4-C9EC-445E-A15D-6795477DE84E} = {827E0CD3-B72D-47B6-A68D-7590B98EB39B}
		{EDE28524-92A1-402C-8D9F-F3651247CD33} = {827E0CD3-B72D-47B6-A68D-7590B98EB39B}
		{AB9559E9-9D42-4D37-8B4A-B86D279EAB43} = {827E0CD3-B72D-47B6-A68D-7590B98EB39B}
		{39BA0FA3-A311-4B00-9BFA-0BC947A54093} = {827E0CD3-B72D-47B6-A68D-7590B98EB39B}
		{330C9644-A3B8-4FBC-BEE6-3323E438995B} = {827E0CD3-B72D-47B6-A68D-7590B98EB39B}
		{A7FF76E2-7607-4FB1-8C10-CA8128C37CA9} = {827E0CD3-B72D-47B6-A68D-7590B98EB39B}
		{B7DADA0B-3240-455A-B9C6-41D5B50B3954} = {827E0CD3-B72D-47B6-A68D-7590B98EB39B}
		{F7856E4F-8A65-41E6-8B95-26B69967CB0D} = {0AB3BF05-4346-4AA6-1389-037BE0695223}
		{B0D5DABD-1951-4204-9C35-1C602A26D4C4} = {0AB3BF05-4346-4AA6-1389-037BE0695223}
		{04D3E1F1-6351-457C-BA8E-DCC651428811} = {0AB3BF05-4346-4AA6-1389-037BE0695223}
		{B4F4BC72-45E6-455B-BD09-05D517B7824F} = {0AB3BF05-4346-4AA6-1389-037BE0695223}
		{2B07219C-682B-4DEB-818B-815EB9A58AE2} = {0AB3BF05-4346-4AA6-1389-037BE0695223}
		{D696E541-742A-4EF9-AA9C-6E55B9A2C548} = {0AB3BF05-4346-4AA6-1389-037BE0695223}
		{5A245655-7812-4F15-BED8-5754EDDD6468} = {0AB3BF05-4346-4AA6-1389-037BE0695223}
		{3A91CC35-0324-49FC-911B-3019A95AAC11} = {0AB3BF05-4346-4AA6-1389-037BE0695223}
	EndGlobalSection
	GlobalSection(ExtensibilityGlobals) = postSolution
		SolutionGuid = {CAE45157-2C07-4FE0-B693-6448888211D8}
	EndGlobalSection
EndGlobal
