
Microsoft Visual Studio Solution File, Format Version 12.00
# Visual Studio Version 17
VisualStudioVersion = 17.0.31903.59
MinimumVisualStudioVersion = 10.0.40219.1
Project("{2150E333-8FDC-42A3-9474-1A3956D46DE8}") = "Solution Items", "Solution Items", "{8EC462FD-D22E-90A8-E5CE-7E832BA40C5D}"
	ProjectSection(SolutionItems) = preProject
		.editorconfig = .editorconfig
		.gitignore = .gitignore
		coverlet.runsettings = coverlet.runsettings
		Directory.Build.props = Directory.Build.props
		Directory.Packages.props = Directory.Packages.props
		global.json = global.json
		LICENSE = LICENSE
		nuget.config = nuget.config
		version.json = version.json
		xunit.runner.json = xunit.runner.json
	EndProjectSection
EndProject
Project("{2150E333-8FDC-42A3-9474-1A3956D46DE8}") = "Connections", "Connections", "{9A0CCAB9-4303-13B4-2371-F1B97FF5B728}"
EndProject
Project("{FAE04EC0-301F-11D3-BF4B-00C04F79EFBC}") = "FractalDataWorks.Configuration", "src\FractalDataWorks.Configuration\FractalDataWorks.Configuration.csproj", "{F7C9C545-C56B-42E5-A5DD-83B1E168F381}"
EndProject
Project("{FAE04EC0-301F-11D3-BF4B-00C04F79EFBC}") = "FractalDataWorks.Services", "src\FractalDataWorks.Services\FractalDataWorks.Services.csproj", "{386D6670-7432-422C-8F20-516A5E9F6CC6}"
EndProject
Project("{FAE04EC0-301F-11D3-BF4B-00C04F79EFBC}") = "FractalDataWorks.Tools", "src\FractalDataWorks.Tools\FractalDataWorks.Tools.csproj", "{2E5B175A-8EA8-42F6-9999-C01A5017C5E8}"
EndProject
Project("{FAE04EC0-301F-11D3-BF4B-00C04F79EFBC}") = "FractalDataWorks.Data", "src\FractalDataWorks.Data\FractalDataWorks.Data.csproj", "{D18DCA24-643E-45F3-9FDE-C595CA3C32EA}"
EndProject
Project("{FAE04EC0-301F-11D3-BF4B-00C04F79EFBC}") = "FractalDataWorks.DependencyInjection", "src\FractalDataWorks.DependencyInjection\FractalDataWorks.DependencyInjection.csproj", "{61C16C5E-EA51-4029-9D98-66BE4EC8BF1C}"
EndProject
Project("{FAE04EC0-301F-11D3-BF4B-00C04F79EFBC}") = "FractalDataWorks.Hosts", "src\FractalDataWorks.Hosts\FractalDataWorks.Hosts.csproj", "{9DEFC062-A3AD-4CDC-9C99-0AA138B661F1}"
EndProject
Project("{2150E333-8FDC-42A3-9474-1A3956D46DE8}") = "Tests", "Tests", "{0AB3BF05-4346-4AA6-1389-037BE0695223}"
EndProject
Project("{2150E333-8FDC-42A3-9474-1A3956D46DE8}") = "src", "src", "{827E0CD3-B72D-47B6-A68D-7590B98EB39B}"
EndProject
Project("{2150E333-8FDC-42A3-9474-1A3956D46DE8}") = "Services", "Services", "{178555D8-32F9-C996-44E5-7167B75726FB}"
EndProject
Project("{FAE04EC0-301F-11D3-BF4B-00C04F79EFBC}") = "FractalDataWorks.Services.ExternalConnections.Abstractions", "src\FractalDataWorks.Services.ExternalConnections.Abstractions\FractalDataWorks.Services.ExternalConnections.Abstractions.csproj", "{586F1E83-5F8D-411E-89EA-62F8EB80497D}"
EndProject
Project("{FAE04EC0-301F-11D3-BF4B-00C04F79EFBC}") = "FractalDataWorks.Services.SecretManagement.Abstractions", "src\FractalDataWorks.Services.SecretManagement.Abstractions\FractalDataWorks.Services.SecretManagement.Abstractions.csproj", "{1E39798F-1CF5-4D0F-8904-63ED6ECFDAB9}"
EndProject
Project("{FAE04EC0-301F-11D3-BF4B-00C04F79EFBC}") = "FractalDataWorks.Services.Transformations.Abstractions", "src\FractalDataWorks.Services.Transformations.Abstractions\FractalDataWorks.Services.Transformations.Abstractions.csproj", "{18B3D76C-A257-4F10-8D88-34E06856C715}"
EndProject
Project("{FAE04EC0-301F-11D3-BF4B-00C04F79EFBC}") = "FractalDataWorks.Services.Scheduling.Abstractions", "src\FractalDataWorks.Services.Scheduling.Abstractions\FractalDataWorks.Services.Scheduling.Abstractions.csproj", "{0FD111E4-3A9D-4EC0-9A28-318FEC253E28}"
EndProject
Project("{2150E333-8FDC-42A3-9474-1A3956D46DE8}") = "Data", "Data", "{02EA681E-C7D8-13C7-8484-4AC65E1B71E8}"
EndProject
Project("{2150E333-8FDC-42A3-9474-1A3956D46DE8}") = "Configuration", "Configuration", "{4B6EFD51-8111-46F8-8699-B8A31202E406}"
EndProject
Project("{2150E333-8FDC-42A3-9474-1A3956D46DE8}") = "samples", "samples", "{5D20AA90-6969-D8BD-9DCD-8634F4692FDA}"
EndProject
Project("{FAE04EC0-301F-11D3-BF4B-00C04F79EFBC}") = "FractalDataWorks.Services.DataProvider", "src\FractalDataWorks.Services.DataProvider\FractalDataWorks.Services.DataProvider.csproj", "{D4034100-EBF4-4A8B-815A-E2F50415890F}"
EndProject
Project("{FAE04EC0-301F-11D3-BF4B-00C04F79EFBC}") = "FractalDataWorks.Services.DataProvider.Abstractions", "src\FractalDataWorks.Services.DataProvider.Abstractions\FractalDataWorks.Services.DataProvider.Abstractions.csproj", "{D93292F1-15A4-4CFE-A571-6A8F98F383AB}"
EndProject
Project("{FAE04EC0-301F-11D3-BF4B-00C04F79EFBC}") = "FractalDataWorks.Services.ExternalConnections.MsSql", "src\FractalDataWorks.Services.ExternalConnections.MsSql\FractalDataWorks.Services.ExternalConnections.MsSql.csproj", "{F5F07AEE-6C10-4F81-B0E4-33C090CDF3B8}"
EndProject
Project("{FAE04EC0-301F-11D3-BF4B-00C04F79EFBC}") = "FractalDataWorks.Configuration.Abstractions", "src\FractalDataWorks.Configuration.Abstractions\FractalDataWorks.Configuration.Abstractions.csproj", "{DCF58990-2402-4BD9-92FC-ED34E565C1D9}"
EndProject
Project("{FAE04EC0-301F-11D3-BF4B-00C04F79EFBC}") = "FractalDataWorks.Results", "src\FractalDataWorks.Results\FractalDataWorks.Results.csproj", "{84E19DE9-FAD6-4E1C-9369-4501ED10DF33}"
EndProject
Project("{FAE04EC0-301F-11D3-BF4B-00C04F79EFBC}") = "FractalDataWorks.Messages", "src\FractalDataWorks.Messages\FractalDataWorks.Messages.csproj", "{B67C2F4C-ECA8-417E-AE1A-44E9075D5775}"
EndProject
Project("{FAE04EC0-301F-11D3-BF4B-00C04F79EFBC}") = "FractalDataWorks.Services.Abstractions", "src\FractalDataWorks.Services.Abstractions\FractalDataWorks.Services.Abstractions.csproj", "{7B76F18B-DD9C-62B4-97B8-244F8616C639}"
EndProject
Project("{FAE04EC0-301F-11D3-BF4B-00C04F79EFBC}") = "FractalDataWorks.EnhancedEnums", "src\FractalDataWorks.EnhancedEnums\FractalDataWorks.EnhancedEnums.csproj", "{72F65A77-3204-4FA3-AD66-32F2B6B7229E}"
EndProject
Project("{FAE04EC0-301F-11D3-BF4B-00C04F79EFBC}") = "FractalDataWorks.EnhancedEnums.Tests", "tests\FractalDataWorks.EnhancedEnums.Tests\FractalDataWorks.EnhancedEnums.Tests.csproj", "{AFC9B33C-1F15-4417-BFD2-EE4E08E36C07}"
EndProject
Project("{FAE04EC0-301F-11D3-BF4B-00C04F79EFBC}") = "FractalDataWorks.Configuration.Abstractions.Tests", "tests\FractalDataWorks.Configuration.Abstractions.Tests\FractalDataWorks.Configuration.Abstractions.Tests.csproj", "{4E2B0097-610A-4E7E-8705-8A2BC887C652}"
EndProject
Project("{FAE04EC0-301F-11D3-BF4B-00C04F79EFBC}") = "FractalDataWorks.Results.Tests", "tests\FractalDataWorks.Results.Tests\FractalDataWorks.Results.Tests.csproj", "{78515882-CF81-4F10-A193-764E309C5C91}"
EndProject
Project("{FAE04EC0-301F-11D3-BF4B-00C04F79EFBC}") = "FractalDataWorks.Services.Scheduling.Abstractions.Tests", "tests\FractalDataWorks.Services.Scheduling.Abstractions.Tests\FractalDataWorks.Services.Scheduling.Abstractions.Tests.csproj", "{20C9EFFC-6AFC-49EE-9148-264DB0256A36}"
EndProject
Global
	GlobalSection(SolutionConfigurationPlatforms) = preSolution
		Alpha|Any CPU = Alpha|Any CPU
		Alpha|x64 = Alpha|x64
		Alpha|x86 = Alpha|x86
		Beta|Any CPU = Beta|Any CPU
		Beta|x64 = Beta|x64
		Beta|x86 = Beta|x86
		Debug|Any CPU = Debug|Any CPU
		Debug|x64 = Debug|x64
		Debug|x86 = Debug|x86
		Experimental|Any CPU = Experimental|Any CPU
		Experimental|x64 = Experimental|x64
		Experimental|x86 = Experimental|x86
		Preview|Any CPU = Preview|Any CPU
		Preview|x64 = Preview|x64
		Preview|x86 = Preview|x86
		Release|Any CPU = Release|Any CPU
		Release|x64 = Release|x64
		Release|x86 = Release|x86
	EndGlobalSection
	GlobalSection(ProjectConfigurationPlatforms) = postSolution
		{F7C9C545-C56B-42E5-A5DD-83B1E168F381}.Alpha|Any CPU.ActiveCfg = Alpha|Any CPU
		{F7C9C545-C56B-42E5-A5DD-83B1E168F381}.Alpha|Any CPU.Build.0 = Alpha|Any CPU
		{F7C9C545-C56B-42E5-A5DD-83B1E168F381}.Alpha|x64.ActiveCfg = Alpha|Any CPU
		{F7C9C545-C56B-42E5-A5DD-83B1E168F381}.Alpha|x64.Build.0 = Alpha|Any CPU
		{F7C9C545-C56B-42E5-A5DD-83B1E168F381}.Alpha|x86.ActiveCfg = Alpha|Any CPU
		{F7C9C545-C56B-42E5-A5DD-83B1E168F381}.Alpha|x86.Build.0 = Alpha|Any CPU
		{F7C9C545-C56B-42E5-A5DD-83B1E168F381}.Beta|Any CPU.ActiveCfg = Beta|Any CPU
		{F7C9C545-C56B-42E5-A5DD-83B1E168F381}.Beta|Any CPU.Build.0 = Beta|Any CPU
		{F7C9C545-C56B-42E5-A5DD-83B1E168F381}.Beta|x64.ActiveCfg = Beta|Any CPU
		{F7C9C545-C56B-42E5-A5DD-83B1E168F381}.Beta|x64.Build.0 = Beta|Any CPU
		{F7C9C545-C56B-42E5-A5DD-83B1E168F381}.Beta|x86.ActiveCfg = Beta|Any CPU
		{F7C9C545-C56B-42E5-A5DD-83B1E168F381}.Beta|x86.Build.0 = Beta|Any CPU
		{F7C9C545-C56B-42E5-A5DD-83B1E168F381}.Debug|Any CPU.ActiveCfg = Debug|Any CPU
		{F7C9C545-C56B-42E5-A5DD-83B1E168F381}.Debug|Any CPU.Build.0 = Debug|Any CPU
		{F7C9C545-C56B-42E5-A5DD-83B1E168F381}.Debug|x64.ActiveCfg = Debug|Any CPU
		{F7C9C545-C56B-42E5-A5DD-83B1E168F381}.Debug|x64.Build.0 = Debug|Any CPU
		{F7C9C545-C56B-42E5-A5DD-83B1E168F381}.Debug|x86.ActiveCfg = Debug|Any CPU
		{F7C9C545-C56B-42E5-A5DD-83B1E168F381}.Debug|x86.Build.0 = Debug|Any CPU
		{F7C9C545-C56B-42E5-A5DD-83B1E168F381}.Experimental|Any CPU.ActiveCfg = Experimental|Any CPU
		{F7C9C545-C56B-42E5-A5DD-83B1E168F381}.Experimental|Any CPU.Build.0 = Experimental|Any CPU
		{F7C9C545-C56B-42E5-A5DD-83B1E168F381}.Experimental|x64.ActiveCfg = Experimental|Any CPU
		{F7C9C545-C56B-42E5-A5DD-83B1E168F381}.Experimental|x64.Build.0 = Experimental|Any CPU
		{F7C9C545-C56B-42E5-A5DD-83B1E168F381}.Experimental|x86.ActiveCfg = Experimental|Any CPU
		{F7C9C545-C56B-42E5-A5DD-83B1E168F381}.Experimental|x86.Build.0 = Experimental|Any CPU
		{F7C9C545-C56B-42E5-A5DD-83B1E168F381}.Preview|Any CPU.ActiveCfg = Preview|Any CPU
		{F7C9C545-C56B-42E5-A5DD-83B1E168F381}.Preview|Any CPU.Build.0 = Preview|Any CPU
		{F7C9C545-C56B-42E5-A5DD-83B1E168F381}.Preview|x64.ActiveCfg = Preview|Any CPU
		{F7C9C545-C56B-42E5-A5DD-83B1E168F381}.Preview|x64.Build.0 = Preview|Any CPU
		{F7C9C545-C56B-42E5-A5DD-83B1E168F381}.Preview|x86.ActiveCfg = Preview|Any CPU
		{F7C9C545-C56B-42E5-A5DD-83B1E168F381}.Preview|x86.Build.0 = Preview|Any CPU
		{F7C9C545-C56B-42E5-A5DD-83B1E168F381}.Release|Any CPU.ActiveCfg = Release|Any CPU
		{F7C9C545-C56B-42E5-A5DD-83B1E168F381}.Release|Any CPU.Build.0 = Release|Any CPU
		{F7C9C545-C56B-42E5-A5DD-83B1E168F381}.Release|x64.ActiveCfg = Release|Any CPU
		{F7C9C545-C56B-42E5-A5DD-83B1E168F381}.Release|x64.Build.0 = Release|Any CPU
		{F7C9C545-C56B-42E5-A5DD-83B1E168F381}.Release|x86.ActiveCfg = Release|Any CPU
		{F7C9C545-C56B-42E5-A5DD-83B1E168F381}.Release|x86.Build.0 = Release|Any CPU
		{386D6670-7432-422C-8F20-516A5E9F6CC6}.Alpha|Any CPU.ActiveCfg = Alpha|Any CPU
		{386D6670-7432-422C-8F20-516A5E9F6CC6}.Alpha|Any CPU.Build.0 = Alpha|Any CPU
		{386D6670-7432-422C-8F20-516A5E9F6CC6}.Alpha|x64.ActiveCfg = Alpha|Any CPU
		{386D6670-7432-422C-8F20-516A5E9F6CC6}.Alpha|x64.Build.0 = Alpha|Any CPU
		{386D6670-7432-422C-8F20-516A5E9F6CC6}.Alpha|x86.ActiveCfg = Alpha|Any CPU
		{386D6670-7432-422C-8F20-516A5E9F6CC6}.Alpha|x86.Build.0 = Alpha|Any CPU
		{386D6670-7432-422C-8F20-516A5E9F6CC6}.Beta|Any CPU.ActiveCfg = Beta|Any CPU
		{386D6670-7432-422C-8F20-516A5E9F6CC6}.Beta|Any CPU.Build.0 = Beta|Any CPU
		{386D6670-7432-422C-8F20-516A5E9F6CC6}.Beta|x64.ActiveCfg = Beta|Any CPU
		{386D6670-7432-422C-8F20-516A5E9F6CC6}.Beta|x64.Build.0 = Beta|Any CPU
		{386D6670-7432-422C-8F20-516A5E9F6CC6}.Beta|x86.ActiveCfg = Beta|Any CPU
		{386D6670-7432-422C-8F20-516A5E9F6CC6}.Beta|x86.Build.0 = Beta|Any CPU
		{386D6670-7432-422C-8F20-516A5E9F6CC6}.Debug|Any CPU.ActiveCfg = Debug|Any CPU
		{386D6670-7432-422C-8F20-516A5E9F6CC6}.Debug|Any CPU.Build.0 = Debug|Any CPU
		{386D6670-7432-422C-8F20-516A5E9F6CC6}.Debug|x64.ActiveCfg = Debug|Any CPU
		{386D6670-7432-422C-8F20-516A5E9F6CC6}.Debug|x64.Build.0 = Debug|Any CPU
		{386D6670-7432-422C-8F20-516A5E9F6CC6}.Debug|x86.ActiveCfg = Debug|Any CPU
		{386D6670-7432-422C-8F20-516A5E9F6CC6}.Debug|x86.Build.0 = Debug|Any CPU
		{386D6670-7432-422C-8F20-516A5E9F6CC6}.Experimental|Any CPU.ActiveCfg = Experimental|Any CPU
		{386D6670-7432-422C-8F20-516A5E9F6CC6}.Experimental|Any CPU.Build.0 = Experimental|Any CPU
		{386D6670-7432-422C-8F20-516A5E9F6CC6}.Experimental|x64.ActiveCfg = Experimental|Any CPU
		{386D6670-7432-422C-8F20-516A5E9F6CC6}.Experimental|x64.Build.0 = Experimental|Any CPU
		{386D6670-7432-422C-8F20-516A5E9F6CC6}.Experimental|x86.ActiveCfg = Experimental|Any CPU
		{386D6670-7432-422C-8F20-516A5E9F6CC6}.Experimental|x86.Build.0 = Experimental|Any CPU
		{386D6670-7432-422C-8F20-516A5E9F6CC6}.Preview|Any CPU.ActiveCfg = Preview|Any CPU
		{386D6670-7432-422C-8F20-516A5E9F6CC6}.Preview|Any CPU.Build.0 = Preview|Any CPU
		{386D6670-7432-422C-8F20-516A5E9F6CC6}.Preview|x64.ActiveCfg = Preview|Any CPU
		{386D6670-7432-422C-8F20-516A5E9F6CC6}.Preview|x64.Build.0 = Preview|Any CPU
		{386D6670-7432-422C-8F20-516A5E9F6CC6}.Preview|x86.ActiveCfg = Preview|Any CPU
		{386D6670-7432-422C-8F20-516A5E9F6CC6}.Preview|x86.Build.0 = Preview|Any CPU
		{386D6670-7432-422C-8F20-516A5E9F6CC6}.Release|Any CPU.ActiveCfg = Release|Any CPU
		{386D6670-7432-422C-8F20-516A5E9F6CC6}.Release|Any CPU.Build.0 = Release|Any CPU
		{386D6670-7432-422C-8F20-516A5E9F6CC6}.Release|x64.ActiveCfg = Release|Any CPU
		{386D6670-7432-422C-8F20-516A5E9F6CC6}.Release|x64.Build.0 = Release|Any CPU
		{386D6670-7432-422C-8F20-516A5E9F6CC6}.Release|x86.ActiveCfg = Release|Any CPU
		{386D6670-7432-422C-8F20-516A5E9F6CC6}.Release|x86.Build.0 = Release|Any CPU
		{2E5B175A-8EA8-42F6-9999-C01A5017C5E8}.Alpha|Any CPU.ActiveCfg = Alpha|Any CPU
		{2E5B175A-8EA8-42F6-9999-C01A5017C5E8}.Alpha|Any CPU.Build.0 = Alpha|Any CPU
		{2E5B175A-8EA8-42F6-9999-C01A5017C5E8}.Alpha|x64.ActiveCfg = Alpha|Any CPU
		{2E5B175A-8EA8-42F6-9999-C01A5017C5E8}.Alpha|x64.Build.0 = Alpha|Any CPU
		{2E5B175A-8EA8-42F6-9999-C01A5017C5E8}.Alpha|x86.ActiveCfg = Alpha|Any CPU
		{2E5B175A-8EA8-42F6-9999-C01A5017C5E8}.Alpha|x86.Build.0 = Alpha|Any CPU
		{2E5B175A-8EA8-42F6-9999-C01A5017C5E8}.Beta|Any CPU.ActiveCfg = Beta|Any CPU
		{2E5B175A-8EA8-42F6-9999-C01A5017C5E8}.Beta|Any CPU.Build.0 = Beta|Any CPU
		{2E5B175A-8EA8-42F6-9999-C01A5017C5E8}.Beta|x64.ActiveCfg = Beta|Any CPU
		{2E5B175A-8EA8-42F6-9999-C01A5017C5E8}.Beta|x64.Build.0 = Beta|Any CPU
		{2E5B175A-8EA8-42F6-9999-C01A5017C5E8}.Beta|x86.ActiveCfg = Beta|Any CPU
		{2E5B175A-8EA8-42F6-9999-C01A5017C5E8}.Beta|x86.Build.0 = Beta|Any CPU
		{2E5B175A-8EA8-42F6-9999-C01A5017C5E8}.Debug|Any CPU.ActiveCfg = Debug|Any CPU
		{2E5B175A-8EA8-42F6-9999-C01A5017C5E8}.Debug|Any CPU.Build.0 = Debug|Any CPU
		{2E5B175A-8EA8-42F6-9999-C01A5017C5E8}.Debug|x64.ActiveCfg = Debug|Any CPU
		{2E5B175A-8EA8-42F6-9999-C01A5017C5E8}.Debug|x64.Build.0 = Debug|Any CPU
		{2E5B175A-8EA8-42F6-9999-C01A5017C5E8}.Debug|x86.ActiveCfg = Debug|Any CPU
		{2E5B175A-8EA8-42F6-9999-C01A5017C5E8}.Debug|x86.Build.0 = Debug|Any CPU
		{2E5B175A-8EA8-42F6-9999-C01A5017C5E8}.Experimental|Any CPU.ActiveCfg = Experimental|Any CPU
		{2E5B175A-8EA8-42F6-9999-C01A5017C5E8}.Experimental|Any CPU.Build.0 = Experimental|Any CPU
		{2E5B175A-8EA8-42F6-9999-C01A5017C5E8}.Experimental|x64.ActiveCfg = Experimental|Any CPU
		{2E5B175A-8EA8-42F6-9999-C01A5017C5E8}.Experimental|x64.Build.0 = Experimental|Any CPU
		{2E5B175A-8EA8-42F6-9999-C01A5017C5E8}.Experimental|x86.ActiveCfg = Experimental|Any CPU
		{2E5B175A-8EA8-42F6-9999-C01A5017C5E8}.Experimental|x86.Build.0 = Experimental|Any CPU
		{2E5B175A-8EA8-42F6-9999-C01A5017C5E8}.Preview|Any CPU.ActiveCfg = Preview|Any CPU
		{2E5B175A-8EA8-42F6-9999-C01A5017C5E8}.Preview|Any CPU.Build.0 = Preview|Any CPU
		{2E5B175A-8EA8-42F6-9999-C01A5017C5E8}.Preview|x64.ActiveCfg = Preview|Any CPU
		{2E5B175A-8EA8-42F6-9999-C01A5017C5E8}.Preview|x64.Build.0 = Preview|Any CPU
		{2E5B175A-8EA8-42F6-9999-C01A5017C5E8}.Preview|x86.ActiveCfg = Preview|Any CPU
		{2E5B175A-8EA8-42F6-9999-C01A5017C5E8}.Preview|x86.Build.0 = Preview|Any CPU
		{2E5B175A-8EA8-42F6-9999-C01A5017C5E8}.Release|Any CPU.ActiveCfg = Release|Any CPU
		{2E5B175A-8EA8-42F6-9999-C01A5017C5E8}.Release|Any CPU.Build.0 = Release|Any CPU
		{2E5B175A-8EA8-42F6-9999-C01A5017C5E8}.Release|x64.ActiveCfg = Release|Any CPU
		{2E5B175A-8EA8-42F6-9999-C01A5017C5E8}.Release|x64.Build.0 = Release|Any CPU
		{2E5B175A-8EA8-42F6-9999-C01A5017C5E8}.Release|x86.ActiveCfg = Release|Any CPU
		{2E5B175A-8EA8-42F6-9999-C01A5017C5E8}.Release|x86.Build.0 = Release|Any CPU
		{D18DCA24-643E-45F3-9FDE-C595CA3C32EA}.Alpha|Any CPU.ActiveCfg = Alpha|Any CPU
		{D18DCA24-643E-45F3-9FDE-C595CA3C32EA}.Alpha|Any CPU.Build.0 = Alpha|Any CPU
		{D18DCA24-643E-45F3-9FDE-C595CA3C32EA}.Alpha|x64.ActiveCfg = Alpha|Any CPU
		{D18DCA24-643E-45F3-9FDE-C595CA3C32EA}.Alpha|x64.Build.0 = Alpha|Any CPU
		{D18DCA24-643E-45F3-9FDE-C595CA3C32EA}.Alpha|x86.ActiveCfg = Alpha|Any CPU
		{D18DCA24-643E-45F3-9FDE-C595CA3C32EA}.Alpha|x86.Build.0 = Alpha|Any CPU
		{D18DCA24-643E-45F3-9FDE-C595CA3C32EA}.Beta|Any CPU.ActiveCfg = Beta|Any CPU
		{D18DCA24-643E-45F3-9FDE-C595CA3C32EA}.Beta|Any CPU.Build.0 = Beta|Any CPU
		{D18DCA24-643E-45F3-9FDE-C595CA3C32EA}.Beta|x64.ActiveCfg = Beta|Any CPU
		{D18DCA24-643E-45F3-9FDE-C595CA3C32EA}.Beta|x64.Build.0 = Beta|Any CPU
		{D18DCA24-643E-45F3-9FDE-C595CA3C32EA}.Beta|x86.ActiveCfg = Beta|Any CPU
		{D18DCA24-643E-45F3-9FDE-C595CA3C32EA}.Beta|x86.Build.0 = Beta|Any CPU
		{D18DCA24-643E-45F3-9FDE-C595CA3C32EA}.Debug|Any CPU.ActiveCfg = Debug|Any CPU
		{D18DCA24-643E-45F3-9FDE-C595CA3C32EA}.Debug|Any CPU.Build.0 = Debug|Any CPU
		{D18DCA24-643E-45F3-9FDE-C595CA3C32EA}.Debug|x64.ActiveCfg = Debug|Any CPU
		{D18DCA24-643E-45F3-9FDE-C595CA3C32EA}.Debug|x64.Build.0 = Debug|Any CPU
		{D18DCA24-643E-45F3-9FDE-C595CA3C32EA}.Debug|x86.ActiveCfg = Debug|Any CPU
		{D18DCA24-643E-45F3-9FDE-C595CA3C32EA}.Debug|x86.Build.0 = Debug|Any CPU
		{D18DCA24-643E-45F3-9FDE-C595CA3C32EA}.Experimental|Any CPU.ActiveCfg = Experimental|Any CPU
		{D18DCA24-643E-45F3-9FDE-C595CA3C32EA}.Experimental|Any CPU.Build.0 = Experimental|Any CPU
		{D18DCA24-643E-45F3-9FDE-C595CA3C32EA}.Experimental|x64.ActiveCfg = Experimental|Any CPU
		{D18DCA24-643E-45F3-9FDE-C595CA3C32EA}.Experimental|x64.Build.0 = Experimental|Any CPU
		{D18DCA24-643E-45F3-9FDE-C595CA3C32EA}.Experimental|x86.ActiveCfg = Experimental|Any CPU
		{D18DCA24-643E-45F3-9FDE-C595CA3C32EA}.Experimental|x86.Build.0 = Experimental|Any CPU
		{D18DCA24-643E-45F3-9FDE-C595CA3C32EA}.Preview|Any CPU.ActiveCfg = Preview|Any CPU
		{D18DCA24-643E-45F3-9FDE-C595CA3C32EA}.Preview|Any CPU.Build.0 = Preview|Any CPU
		{D18DCA24-643E-45F3-9FDE-C595CA3C32EA}.Preview|x64.ActiveCfg = Preview|Any CPU
		{D18DCA24-643E-45F3-9FDE-C595CA3C32EA}.Preview|x64.Build.0 = Preview|Any CPU
		{D18DCA24-643E-45F3-9FDE-C595CA3C32EA}.Preview|x86.ActiveCfg = Preview|Any CPU
		{D18DCA24-643E-45F3-9FDE-C595CA3C32EA}.Preview|x86.Build.0 = Preview|Any CPU
		{D18DCA24-643E-45F3-9FDE-C595CA3C32EA}.Release|Any CPU.ActiveCfg = Release|Any CPU
		{D18DCA24-643E-45F3-9FDE-C595CA3C32EA}.Release|Any CPU.Build.0 = Release|Any CPU
		{D18DCA24-643E-45F3-9FDE-C595CA3C32EA}.Release|x64.ActiveCfg = Release|Any CPU
		{D18DCA24-643E-45F3-9FDE-C595CA3C32EA}.Release|x64.Build.0 = Release|Any CPU
		{D18DCA24-643E-45F3-9FDE-C595CA3C32EA}.Release|x86.ActiveCfg = Release|Any CPU
		{D18DCA24-643E-45F3-9FDE-C595CA3C32EA}.Release|x86.Build.0 = Release|Any CPU
		{61C16C5E-EA51-4029-9D98-66BE4EC8BF1C}.Alpha|Any CPU.ActiveCfg = Alpha|Any CPU
		{61C16C5E-EA51-4029-9D98-66BE4EC8BF1C}.Alpha|Any CPU.Build.0 = Alpha|Any CPU
		{61C16C5E-EA51-4029-9D98-66BE4EC8BF1C}.Alpha|x64.ActiveCfg = Alpha|Any CPU
		{61C16C5E-EA51-4029-9D98-66BE4EC8BF1C}.Alpha|x64.Build.0 = Alpha|Any CPU
		{61C16C5E-EA51-4029-9D98-66BE4EC8BF1C}.Alpha|x86.ActiveCfg = Alpha|Any CPU
		{61C16C5E-EA51-4029-9D98-66BE4EC8BF1C}.Alpha|x86.Build.0 = Alpha|Any CPU
		{61C16C5E-EA51-4029-9D98-66BE4EC8BF1C}.Beta|Any CPU.ActiveCfg = Beta|Any CPU
		{61C16C5E-EA51-4029-9D98-66BE4EC8BF1C}.Beta|Any CPU.Build.0 = Beta|Any CPU
		{61C16C5E-EA51-4029-9D98-66BE4EC8BF1C}.Beta|x64.ActiveCfg = Beta|Any CPU
		{61C16C5E-EA51-4029-9D98-66BE4EC8BF1C}.Beta|x64.Build.0 = Beta|Any CPU
		{61C16C5E-EA51-4029-9D98-66BE4EC8BF1C}.Beta|x86.ActiveCfg = Beta|Any CPU
		{61C16C5E-EA51-4029-9D98-66BE4EC8BF1C}.Beta|x86.Build.0 = Beta|Any CPU
		{61C16C5E-EA51-4029-9D98-66BE4EC8BF1C}.Debug|Any CPU.ActiveCfg = Debug|Any CPU
		{61C16C5E-EA51-4029-9D98-66BE4EC8BF1C}.Debug|Any CPU.Build.0 = Debug|Any CPU
		{61C16C5E-EA51-4029-9D98-66BE4EC8BF1C}.Debug|x64.ActiveCfg = Debug|Any CPU
		{61C16C5E-EA51-4029-9D98-66BE4EC8BF1C}.Debug|x64.Build.0 = Debug|Any CPU
		{61C16C5E-EA51-4029-9D98-66BE4EC8BF1C}.Debug|x86.ActiveCfg = Debug|Any CPU
		{61C16C5E-EA51-4029-9D98-66BE4EC8BF1C}.Debug|x86.Build.0 = Debug|Any CPU
		{61C16C5E-EA51-4029-9D98-66BE4EC8BF1C}.Experimental|Any CPU.ActiveCfg = Experimental|Any CPU
		{61C16C5E-EA51-4029-9D98-66BE4EC8BF1C}.Experimental|Any CPU.Build.0 = Experimental|Any CPU
		{61C16C5E-EA51-4029-9D98-66BE4EC8BF1C}.Experimental|x64.ActiveCfg = Experimental|Any CPU
		{61C16C5E-EA51-4029-9D98-66BE4EC8BF1C}.Experimental|x64.Build.0 = Experimental|Any CPU
		{61C16C5E-EA51-4029-9D98-66BE4EC8BF1C}.Experimental|x86.ActiveCfg = Experimental|Any CPU
		{61C16C5E-EA51-4029-9D98-66BE4EC8BF1C}.Experimental|x86.Build.0 = Experimental|Any CPU
		{61C16C5E-EA51-4029-9D98-66BE4EC8BF1C}.Preview|Any CPU.ActiveCfg = Preview|Any CPU
		{61C16C5E-EA51-4029-9D98-66BE4EC8BF1C}.Preview|Any CPU.Build.0 = Preview|Any CPU
		{61C16C5E-EA51-4029-9D98-66BE4EC8BF1C}.Preview|x64.ActiveCfg = Preview|Any CPU
		{61C16C5E-EA51-4029-9D98-66BE4EC8BF1C}.Preview|x64.Build.0 = Preview|Any CPU
		{61C16C5E-EA51-4029-9D98-66BE4EC8BF1C}.Preview|x86.ActiveCfg = Preview|Any CPU
		{61C16C5E-EA51-4029-9D98-66BE4EC8BF1C}.Preview|x86.Build.0 = Preview|Any CPU
		{61C16C5E-EA51-4029-9D98-66BE4EC8BF1C}.Release|Any CPU.ActiveCfg = Release|Any CPU
		{61C16C5E-EA51-4029-9D98-66BE4EC8BF1C}.Release|Any CPU.Build.0 = Release|Any CPU
		{61C16C5E-EA51-4029-9D98-66BE4EC8BF1C}.Release|x64.ActiveCfg = Release|Any CPU
		{61C16C5E-EA51-4029-9D98-66BE4EC8BF1C}.Release|x64.Build.0 = Release|Any CPU
		{61C16C5E-EA51-4029-9D98-66BE4EC8BF1C}.Release|x86.ActiveCfg = Release|Any CPU
		{61C16C5E-EA51-4029-9D98-66BE4EC8BF1C}.Release|x86.Build.0 = Release|Any CPU
		{9DEFC062-A3AD-4CDC-9C99-0AA138B661F1}.Alpha|Any CPU.ActiveCfg = Alpha|Any CPU
		{9DEFC062-A3AD-4CDC-9C99-0AA138B661F1}.Alpha|Any CPU.Build.0 = Alpha|Any CPU
		{9DEFC062-A3AD-4CDC-9C99-0AA138B661F1}.Alpha|x64.ActiveCfg = Alpha|Any CPU
		{9DEFC062-A3AD-4CDC-9C99-0AA138B661F1}.Alpha|x64.Build.0 = Alpha|Any CPU
		{9DEFC062-A3AD-4CDC-9C99-0AA138B661F1}.Alpha|x86.ActiveCfg = Alpha|Any CPU
		{9DEFC062-A3AD-4CDC-9C99-0AA138B661F1}.Alpha|x86.Build.0 = Alpha|Any CPU
		{9DEFC062-A3AD-4CDC-9C99-0AA138B661F1}.Beta|Any CPU.ActiveCfg = Beta|Any CPU
		{9DEFC062-A3AD-4CDC-9C99-0AA138B661F1}.Beta|Any CPU.Build.0 = Beta|Any CPU
		{9DEFC062-A3AD-4CDC-9C99-0AA138B661F1}.Beta|x64.ActiveCfg = Beta|Any CPU
		{9DEFC062-A3AD-4CDC-9C99-0AA138B661F1}.Beta|x64.Build.0 = Beta|Any CPU
		{9DEFC062-A3AD-4CDC-9C99-0AA138B661F1}.Beta|x86.ActiveCfg = Beta|Any CPU
		{9DEFC062-A3AD-4CDC-9C99-0AA138B661F1}.Beta|x86.Build.0 = Beta|Any CPU
		{9DEFC062-A3AD-4CDC-9C99-0AA138B661F1}.Debug|Any CPU.ActiveCfg = Debug|Any CPU
		{9DEFC062-A3AD-4CDC-9C99-0AA138B661F1}.Debug|Any CPU.Build.0 = Debug|Any CPU
		{9DEFC062-A3AD-4CDC-9C99-0AA138B661F1}.Debug|x64.ActiveCfg = Debug|Any CPU
		{9DEFC062-A3AD-4CDC-9C99-0AA138B661F1}.Debug|x64.Build.0 = Debug|Any CPU
		{9DEFC062-A3AD-4CDC-9C99-0AA138B661F1}.Debug|x86.ActiveCfg = Debug|Any CPU
		{9DEFC062-A3AD-4CDC-9C99-0AA138B661F1}.Debug|x86.Build.0 = Debug|Any CPU
		{9DEFC062-A3AD-4CDC-9C99-0AA138B661F1}.Experimental|Any CPU.ActiveCfg = Experimental|Any CPU
		{9DEFC062-A3AD-4CDC-9C99-0AA138B661F1}.Experimental|Any CPU.Build.0 = Experimental|Any CPU
		{9DEFC062-A3AD-4CDC-9C99-0AA138B661F1}.Experimental|x64.ActiveCfg = Experimental|Any CPU
		{9DEFC062-A3AD-4CDC-9C99-0AA138B661F1}.Experimental|x64.Build.0 = Experimental|Any CPU
		{9DEFC062-A3AD-4CDC-9C99-0AA138B661F1}.Experimental|x86.ActiveCfg = Experimental|Any CPU
		{9DEFC062-A3AD-4CDC-9C99-0AA138B661F1}.Experimental|x86.Build.0 = Experimental|Any CPU
		{9DEFC062-A3AD-4CDC-9C99-0AA138B661F1}.Preview|Any CPU.ActiveCfg = Preview|Any CPU
		{9DEFC062-A3AD-4CDC-9C99-0AA138B661F1}.Preview|Any CPU.Build.0 = Preview|Any CPU
		{9DEFC062-A3AD-4CDC-9C99-0AA138B661F1}.Preview|x64.ActiveCfg = Preview|Any CPU
		{9DEFC062-A3AD-4CDC-9C99-0AA138B661F1}.Preview|x64.Build.0 = Preview|Any CPU
		{9DEFC062-A3AD-4CDC-9C99-0AA138B661F1}.Preview|x86.ActiveCfg = Preview|Any CPU
		{9DEFC062-A3AD-4CDC-9C99-0AA138B661F1}.Preview|x86.Build.0 = Preview|Any CPU
		{9DEFC062-A3AD-4CDC-9C99-0AA138B661F1}.Release|Any CPU.ActiveCfg = Release|Any CPU
		{9DEFC062-A3AD-4CDC-9C99-0AA138B661F1}.Release|Any CPU.Build.0 = Release|Any CPU
		{9DEFC062-A3AD-4CDC-9C99-0AA138B661F1}.Release|x64.ActiveCfg = Release|Any CPU
		{9DEFC062-A3AD-4CDC-9C99-0AA138B661F1}.Release|x64.Build.0 = Release|Any CPU
		{9DEFC062-A3AD-4CDC-9C99-0AA138B661F1}.Release|x86.ActiveCfg = Release|Any CPU
		{9DEFC062-A3AD-4CDC-9C99-0AA138B661F1}.Release|x86.Build.0 = Release|Any CPU
		{586F1E83-5F8D-411E-89EA-62F8EB80497D}.Alpha|Any CPU.ActiveCfg = Alpha|Any CPU
		{586F1E83-5F8D-411E-89EA-62F8EB80497D}.Alpha|Any CPU.Build.0 = Alpha|Any CPU
		{586F1E83-5F8D-411E-89EA-62F8EB80497D}.Alpha|x64.ActiveCfg = Alpha|Any CPU
		{586F1E83-5F8D-411E-89EA-62F8EB80497D}.Alpha|x64.Build.0 = Alpha|Any CPU
		{586F1E83-5F8D-411E-89EA-62F8EB80497D}.Alpha|x86.ActiveCfg = Alpha|Any CPU
		{586F1E83-5F8D-411E-89EA-62F8EB80497D}.Alpha|x86.Build.0 = Alpha|Any CPU
		{586F1E83-5F8D-411E-89EA-62F8EB80497D}.Beta|Any CPU.ActiveCfg = Beta|Any CPU
		{586F1E83-5F8D-411E-89EA-62F8EB80497D}.Beta|Any CPU.Build.0 = Beta|Any CPU
		{586F1E83-5F8D-411E-89EA-62F8EB80497D}.Beta|x64.ActiveCfg = Beta|Any CPU
		{586F1E83-5F8D-411E-89EA-62F8EB80497D}.Beta|x64.Build.0 = Beta|Any CPU
		{586F1E83-5F8D-411E-89EA-62F8EB80497D}.Beta|x86.ActiveCfg = Beta|Any CPU
		{586F1E83-5F8D-411E-89EA-62F8EB80497D}.Beta|x86.Build.0 = Beta|Any CPU
		{586F1E83-5F8D-411E-89EA-62F8EB80497D}.Debug|Any CPU.ActiveCfg = Debug|Any CPU
		{586F1E83-5F8D-411E-89EA-62F8EB80497D}.Debug|Any CPU.Build.0 = Debug|Any CPU
		{586F1E83-5F8D-411E-89EA-62F8EB80497D}.Debug|x64.ActiveCfg = Debug|Any CPU
		{586F1E83-5F8D-411E-89EA-62F8EB80497D}.Debug|x64.Build.0 = Debug|Any CPU
		{586F1E83-5F8D-411E-89EA-62F8EB80497D}.Debug|x86.ActiveCfg = Debug|Any CPU
		{586F1E83-5F8D-411E-89EA-62F8EB80497D}.Debug|x86.Build.0 = Debug|Any CPU
		{586F1E83-5F8D-411E-89EA-62F8EB80497D}.Experimental|Any CPU.ActiveCfg = Experimental|Any CPU
		{586F1E83-5F8D-411E-89EA-62F8EB80497D}.Experimental|Any CPU.Build.0 = Experimental|Any CPU
		{586F1E83-5F8D-411E-89EA-62F8EB80497D}.Experimental|x64.ActiveCfg = Experimental|Any CPU
		{586F1E83-5F8D-411E-89EA-62F8EB80497D}.Experimental|x64.Build.0 = Experimental|Any CPU
		{586F1E83-5F8D-411E-89EA-62F8EB80497D}.Experimental|x86.ActiveCfg = Experimental|Any CPU
		{586F1E83-5F8D-411E-89EA-62F8EB80497D}.Experimental|x86.Build.0 = Experimental|Any CPU
		{586F1E83-5F8D-411E-89EA-62F8EB80497D}.Preview|Any CPU.ActiveCfg = Preview|Any CPU
		{586F1E83-5F8D-411E-89EA-62F8EB80497D}.Preview|Any CPU.Build.0 = Preview|Any CPU
		{586F1E83-5F8D-411E-89EA-62F8EB80497D}.Preview|x64.ActiveCfg = Preview|Any CPU
		{586F1E83-5F8D-411E-89EA-62F8EB80497D}.Preview|x64.Build.0 = Preview|Any CPU
		{586F1E83-5F8D-411E-89EA-62F8EB80497D}.Preview|x86.ActiveCfg = Preview|Any CPU
		{586F1E83-5F8D-411E-89EA-62F8EB80497D}.Preview|x86.Build.0 = Preview|Any CPU
		{586F1E83-5F8D-411E-89EA-62F8EB80497D}.Release|Any CPU.ActiveCfg = Release|Any CPU
		{586F1E83-5F8D-411E-89EA-62F8EB80497D}.Release|Any CPU.Build.0 = Release|Any CPU
		{586F1E83-5F8D-411E-89EA-62F8EB80497D}.Release|x64.ActiveCfg = Release|Any CPU
		{586F1E83-5F8D-411E-89EA-62F8EB80497D}.Release|x64.Build.0 = Release|Any CPU
		{586F1E83-5F8D-411E-89EA-62F8EB80497D}.Release|x86.ActiveCfg = Release|Any CPU
		{586F1E83-5F8D-411E-89EA-62F8EB80497D}.Release|x86.Build.0 = Release|Any CPU
		{1E39798F-1CF5-4D0F-8904-63ED6ECFDAB9}.Alpha|Any CPU.ActiveCfg = Alpha|Any CPU
		{1E39798F-1CF5-4D0F-8904-63ED6ECFDAB9}.Alpha|Any CPU.Build.0 = Alpha|Any CPU
		{1E39798F-1CF5-4D0F-8904-63ED6ECFDAB9}.Alpha|x64.ActiveCfg = Alpha|Any CPU
		{1E39798F-1CF5-4D0F-8904-63ED6ECFDAB9}.Alpha|x64.Build.0 = Alpha|Any CPU
		{1E39798F-1CF5-4D0F-8904-63ED6ECFDAB9}.Alpha|x86.ActiveCfg = Alpha|Any CPU
		{1E39798F-1CF5-4D0F-8904-63ED6ECFDAB9}.Alpha|x86.Build.0 = Alpha|Any CPU
		{1E39798F-1CF5-4D0F-8904-63ED6ECFDAB9}.Beta|Any CPU.ActiveCfg = Beta|Any CPU
		{1E39798F-1CF5-4D0F-8904-63ED6ECFDAB9}.Beta|Any CPU.Build.0 = Beta|Any CPU
		{1E39798F-1CF5-4D0F-8904-63ED6ECFDAB9}.Beta|x64.ActiveCfg = Beta|Any CPU
		{1E39798F-1CF5-4D0F-8904-63ED6ECFDAB9}.Beta|x64.Build.0 = Beta|Any CPU
		{1E39798F-1CF5-4D0F-8904-63ED6ECFDAB9}.Beta|x86.ActiveCfg = Beta|Any CPU
		{1E39798F-1CF5-4D0F-8904-63ED6ECFDAB9}.Beta|x86.Build.0 = Beta|Any CPU
		{1E39798F-1CF5-4D0F-8904-63ED6ECFDAB9}.Debug|Any CPU.ActiveCfg = Debug|Any CPU
		{1E39798F-1CF5-4D0F-8904-63ED6ECFDAB9}.Debug|Any CPU.Build.0 = Debug|Any CPU
		{1E39798F-1CF5-4D0F-8904-63ED6ECFDAB9}.Debug|x64.ActiveCfg = Debug|Any CPU
		{1E39798F-1CF5-4D0F-8904-63ED6ECFDAB9}.Debug|x64.Build.0 = Debug|Any CPU
		{1E39798F-1CF5-4D0F-8904-63ED6ECFDAB9}.Debug|x86.ActiveCfg = Debug|Any CPU
		{1E39798F-1CF5-4D0F-8904-63ED6ECFDAB9}.Debug|x86.Build.0 = Debug|Any CPU
		{1E39798F-1CF5-4D0F-8904-63ED6ECFDAB9}.Experimental|Any CPU.ActiveCfg = Experimental|Any CPU
		{1E39798F-1CF5-4D0F-8904-63ED6ECFDAB9}.Experimental|Any CPU.Build.0 = Experimental|Any CPU
		{1E39798F-1CF5-4D0F-8904-63ED6ECFDAB9}.Experimental|x64.ActiveCfg = Experimental|Any CPU
		{1E39798F-1CF5-4D0F-8904-63ED6ECFDAB9}.Experimental|x64.Build.0 = Experimental|Any CPU
		{1E39798F-1CF5-4D0F-8904-63ED6ECFDAB9}.Experimental|x86.ActiveCfg = Experimental|Any CPU
		{1E39798F-1CF5-4D0F-8904-63ED6ECFDAB9}.Experimental|x86.Build.0 = Experimental|Any CPU
		{1E39798F-1CF5-4D0F-8904-63ED6ECFDAB9}.Preview|Any CPU.ActiveCfg = Preview|Any CPU
		{1E39798F-1CF5-4D0F-8904-63ED6ECFDAB9}.Preview|Any CPU.Build.0 = Preview|Any CPU
		{1E39798F-1CF5-4D0F-8904-63ED6ECFDAB9}.Preview|x64.ActiveCfg = Preview|Any CPU
		{1E39798F-1CF5-4D0F-8904-63ED6ECFDAB9}.Preview|x64.Build.0 = Preview|Any CPU
		{1E39798F-1CF5-4D0F-8904-63ED6ECFDAB9}.Preview|x86.ActiveCfg = Preview|Any CPU
		{1E39798F-1CF5-4D0F-8904-63ED6ECFDAB9}.Preview|x86.Build.0 = Preview|Any CPU
		{1E39798F-1CF5-4D0F-8904-63ED6ECFDAB9}.Release|Any CPU.ActiveCfg = Release|Any CPU
		{1E39798F-1CF5-4D0F-8904-63ED6ECFDAB9}.Release|Any CPU.Build.0 = Release|Any CPU
		{1E39798F-1CF5-4D0F-8904-63ED6ECFDAB9}.Release|x64.ActiveCfg = Release|Any CPU
		{1E39798F-1CF5-4D0F-8904-63ED6ECFDAB9}.Release|x64.Build.0 = Release|Any CPU
		{1E39798F-1CF5-4D0F-8904-63ED6ECFDAB9}.Release|x86.ActiveCfg = Release|Any CPU
		{1E39798F-1CF5-4D0F-8904-63ED6ECFDAB9}.Release|x86.Build.0 = Release|Any CPU
		{18B3D76C-A257-4F10-8D88-34E06856C715}.Alpha|Any CPU.ActiveCfg = Alpha|Any CPU
		{18B3D76C-A257-4F10-8D88-34E06856C715}.Alpha|Any CPU.Build.0 = Alpha|Any CPU
		{18B3D76C-A257-4F10-8D88-34E06856C715}.Alpha|x64.ActiveCfg = Alpha|Any CPU
		{18B3D76C-A257-4F10-8D88-34E06856C715}.Alpha|x64.Build.0 = Alpha|Any CPU
		{18B3D76C-A257-4F10-8D88-34E06856C715}.Alpha|x86.ActiveCfg = Alpha|Any CPU
		{18B3D76C-A257-4F10-8D88-34E06856C715}.Alpha|x86.Build.0 = Alpha|Any CPU
		{18B3D76C-A257-4F10-8D88-34E06856C715}.Beta|Any CPU.ActiveCfg = Beta|Any CPU
		{18B3D76C-A257-4F10-8D88-34E06856C715}.Beta|Any CPU.Build.0 = Beta|Any CPU
		{18B3D76C-A257-4F10-8D88-34E06856C715}.Beta|x64.ActiveCfg = Beta|Any CPU
		{18B3D76C-A257-4F10-8D88-34E06856C715}.Beta|x64.Build.0 = Beta|Any CPU
		{18B3D76C-A257-4F10-8D88-34E06856C715}.Beta|x86.ActiveCfg = Beta|Any CPU
		{18B3D76C-A257-4F10-8D88-34E06856C715}.Beta|x86.Build.0 = Beta|Any CPU
		{18B3D76C-A257-4F10-8D88-34E06856C715}.Debug|Any CPU.ActiveCfg = Debug|Any CPU
		{18B3D76C-A257-4F10-8D88-34E06856C715}.Debug|Any CPU.Build.0 = Debug|Any CPU
		{18B3D76C-A257-4F10-8D88-34E06856C715}.Debug|x64.ActiveCfg = Debug|Any CPU
		{18B3D76C-A257-4F10-8D88-34E06856C715}.Debug|x64.Build.0 = Debug|Any CPU
		{18B3D76C-A257-4F10-8D88-34E06856C715}.Debug|x86.ActiveCfg = Debug|Any CPU
		{18B3D76C-A257-4F10-8D88-34E06856C715}.Debug|x86.Build.0 = Debug|Any CPU
		{18B3D76C-A257-4F10-8D88-34E06856C715}.Experimental|Any CPU.ActiveCfg = Experimental|Any CPU
		{18B3D76C-A257-4F10-8D88-34E06856C715}.Experimental|Any CPU.Build.0 = Experimental|Any CPU
		{18B3D76C-A257-4F10-8D88-34E06856C715}.Experimental|x64.ActiveCfg = Experimental|Any CPU
		{18B3D76C-A257-4F10-8D88-34E06856C715}.Experimental|x64.Build.0 = Experimental|Any CPU
		{18B3D76C-A257-4F10-8D88-34E06856C715}.Experimental|x86.ActiveCfg = Experimental|Any CPU
		{18B3D76C-A257-4F10-8D88-34E06856C715}.Experimental|x86.Build.0 = Experimental|Any CPU
		{18B3D76C-A257-4F10-8D88-34E06856C715}.Preview|Any CPU.ActiveCfg = Preview|Any CPU
		{18B3D76C-A257-4F10-8D88-34E06856C715}.Preview|Any CPU.Build.0 = Preview|Any CPU
		{18B3D76C-A257-4F10-8D88-34E06856C715}.Preview|x64.ActiveCfg = Preview|Any CPU
		{18B3D76C-A257-4F10-8D88-34E06856C715}.Preview|x64.Build.0 = Preview|Any CPU
		{18B3D76C-A257-4F10-8D88-34E06856C715}.Preview|x86.ActiveCfg = Preview|Any CPU
		{18B3D76C-A257-4F10-8D88-34E06856C715}.Preview|x86.Build.0 = Preview|Any CPU
		{18B3D76C-A257-4F10-8D88-34E06856C715}.Release|Any CPU.ActiveCfg = Release|Any CPU
		{18B3D76C-A257-4F10-8D88-34E06856C715}.Release|Any CPU.Build.0 = Release|Any CPU
		{18B3D76C-A257-4F10-8D88-34E06856C715}.Release|x64.ActiveCfg = Release|Any CPU
		{18B3D76C-A257-4F10-8D88-34E06856C715}.Release|x64.Build.0 = Release|Any CPU
		{18B3D76C-A257-4F10-8D88-34E06856C715}.Release|x86.ActiveCfg = Release|Any CPU
		{18B3D76C-A257-4F10-8D88-34E06856C715}.Release|x86.Build.0 = Release|Any CPU
		{0FD111E4-3A9D-4EC0-9A28-318FEC253E28}.Alpha|Any CPU.ActiveCfg = Alpha|Any CPU
		{0FD111E4-3A9D-4EC0-9A28-318FEC253E28}.Alpha|Any CPU.Build.0 = Alpha|Any CPU
		{0FD111E4-3A9D-4EC0-9A28-318FEC253E28}.Alpha|x64.ActiveCfg = Alpha|Any CPU
		{0FD111E4-3A9D-4EC0-9A28-318FEC253E28}.Alpha|x64.Build.0 = Alpha|Any CPU
		{0FD111E4-3A9D-4EC0-9A28-318FEC253E28}.Alpha|x86.ActiveCfg = Alpha|Any CPU
		{0FD111E4-3A9D-4EC0-9A28-318FEC253E28}.Alpha|x86.Build.0 = Alpha|Any CPU
		{0FD111E4-3A9D-4EC0-9A28-318FEC253E28}.Beta|Any CPU.ActiveCfg = Beta|Any CPU
		{0FD111E4-3A9D-4EC0-9A28-318FEC253E28}.Beta|Any CPU.Build.0 = Beta|Any CPU
		{0FD111E4-3A9D-4EC0-9A28-318FEC253E28}.Beta|x64.ActiveCfg = Beta|Any CPU
		{0FD111E4-3A9D-4EC0-9A28-318FEC253E28}.Beta|x64.Build.0 = Beta|Any CPU
		{0FD111E4-3A9D-4EC0-9A28-318FEC253E28}.Beta|x86.ActiveCfg = Beta|Any CPU
		{0FD111E4-3A9D-4EC0-9A28-318FEC253E28}.Beta|x86.Build.0 = Beta|Any CPU
		{0FD111E4-3A9D-4EC0-9A28-318FEC253E28}.Debug|Any CPU.ActiveCfg = Debug|Any CPU
		{0FD111E4-3A9D-4EC0-9A28-318FEC253E28}.Debug|Any CPU.Build.0 = Debug|Any CPU
		{0FD111E4-3A9D-4EC0-9A28-318FEC253E28}.Debug|x64.ActiveCfg = Debug|Any CPU
		{0FD111E4-3A9D-4EC0-9A28-318FEC253E28}.Debug|x64.Build.0 = Debug|Any CPU
		{0FD111E4-3A9D-4EC0-9A28-318FEC253E28}.Debug|x86.ActiveCfg = Debug|Any CPU
		{0FD111E4-3A9D-4EC0-9A28-318FEC253E28}.Debug|x86.Build.0 = Debug|Any CPU
		{0FD111E4-3A9D-4EC0-9A28-318FEC253E28}.Experimental|Any CPU.ActiveCfg = Experimental|Any CPU
		{0FD111E4-3A9D-4EC0-9A28-318FEC253E28}.Experimental|Any CPU.Build.0 = Experimental|Any CPU
		{0FD111E4-3A9D-4EC0-9A28-318FEC253E28}.Experimental|x64.ActiveCfg = Experimental|Any CPU
		{0FD111E4-3A9D-4EC0-9A28-318FEC253E28}.Experimental|x64.Build.0 = Experimental|Any CPU
		{0FD111E4-3A9D-4EC0-9A28-318FEC253E28}.Experimental|x86.ActiveCfg = Experimental|Any CPU
		{0FD111E4-3A9D-4EC0-9A28-318FEC253E28}.Experimental|x86.Build.0 = Experimental|Any CPU
		{0FD111E4-3A9D-4EC0-9A28-318FEC253E28}.Preview|Any CPU.ActiveCfg = Preview|Any CPU
		{0FD111E4-3A9D-4EC0-9A28-318FEC253E28}.Preview|Any CPU.Build.0 = Preview|Any CPU
		{0FD111E4-3A9D-4EC0-9A28-318FEC253E28}.Preview|x64.ActiveCfg = Preview|Any CPU
		{0FD111E4-3A9D-4EC0-9A28-318FEC253E28}.Preview|x64.Build.0 = Preview|Any CPU
		{0FD111E4-3A9D-4EC0-9A28-318FEC253E28}.Preview|x86.ActiveCfg = Preview|Any CPU
		{0FD111E4-3A9D-4EC0-9A28-318FEC253E28}.Preview|x86.Build.0 = Preview|Any CPU
		{0FD111E4-3A9D-4EC0-9A28-318FEC253E28}.Release|Any CPU.ActiveCfg = Release|Any CPU
		{0FD111E4-3A9D-4EC0-9A28-318FEC253E28}.Release|Any CPU.Build.0 = Release|Any CPU
		{0FD111E4-3A9D-4EC0-9A28-318FEC253E28}.Release|x64.ActiveCfg = Release|Any CPU
		{0FD111E4-3A9D-4EC0-9A28-318FEC253E28}.Release|x64.Build.0 = Release|Any CPU
		{0FD111E4-3A9D-4EC0-9A28-318FEC253E28}.Release|x86.ActiveCfg = Release|Any CPU
		{0FD111E4-3A9D-4EC0-9A28-318FEC253E28}.Release|x86.Build.0 = Release|Any CPU
		{D4034100-EBF4-4A8B-815A-E2F50415890F}.Alpha|Any CPU.ActiveCfg = Alpha|Any CPU
		{D4034100-EBF4-4A8B-815A-E2F50415890F}.Alpha|Any CPU.Build.0 = Alpha|Any CPU
		{D4034100-EBF4-4A8B-815A-E2F50415890F}.Alpha|x64.ActiveCfg = Alpha|Any CPU
		{D4034100-EBF4-4A8B-815A-E2F50415890F}.Alpha|x64.Build.0 = Alpha|Any CPU
		{D4034100-EBF4-4A8B-815A-E2F50415890F}.Alpha|x86.ActiveCfg = Alpha|Any CPU
		{D4034100-EBF4-4A8B-815A-E2F50415890F}.Alpha|x86.Build.0 = Alpha|Any CPU
		{D4034100-EBF4-4A8B-815A-E2F50415890F}.Beta|Any CPU.ActiveCfg = Beta|Any CPU
		{D4034100-EBF4-4A8B-815A-E2F50415890F}.Beta|Any CPU.Build.0 = Beta|Any CPU
		{D4034100-EBF4-4A8B-815A-E2F50415890F}.Beta|x64.ActiveCfg = Beta|Any CPU
		{D4034100-EBF4-4A8B-815A-E2F50415890F}.Beta|x64.Build.0 = Beta|Any CPU
		{D4034100-EBF4-4A8B-815A-E2F50415890F}.Beta|x86.ActiveCfg = Beta|Any CPU
		{D4034100-EBF4-4A8B-815A-E2F50415890F}.Beta|x86.Build.0 = Beta|Any CPU
		{D4034100-EBF4-4A8B-815A-E2F50415890F}.Debug|Any CPU.ActiveCfg = Debug|Any CPU
		{D4034100-EBF4-4A8B-815A-E2F50415890F}.Debug|Any CPU.Build.0 = Debug|Any CPU
		{D4034100-EBF4-4A8B-815A-E2F50415890F}.Debug|x64.ActiveCfg = Debug|Any CPU
		{D4034100-EBF4-4A8B-815A-E2F50415890F}.Debug|x64.Build.0 = Debug|Any CPU
		{D4034100-EBF4-4A8B-815A-E2F50415890F}.Debug|x86.ActiveCfg = Debug|Any CPU
		{D4034100-EBF4-4A8B-815A-E2F50415890F}.Debug|x86.Build.0 = Debug|Any CPU
		{D4034100-EBF4-4A8B-815A-E2F50415890F}.Experimental|Any CPU.ActiveCfg = Experimental|Any CPU
		{D4034100-EBF4-4A8B-815A-E2F50415890F}.Experimental|Any CPU.Build.0 = Experimental|Any CPU
		{D4034100-EBF4-4A8B-815A-E2F50415890F}.Experimental|x64.ActiveCfg = Experimental|Any CPU
		{D4034100-EBF4-4A8B-815A-E2F50415890F}.Experimental|x64.Build.0 = Experimental|Any CPU
		{D4034100-EBF4-4A8B-815A-E2F50415890F}.Experimental|x86.ActiveCfg = Experimental|Any CPU
		{D4034100-EBF4-4A8B-815A-E2F50415890F}.Experimental|x86.Build.0 = Experimental|Any CPU
		{D4034100-EBF4-4A8B-815A-E2F50415890F}.Preview|Any CPU.ActiveCfg = Preview|Any CPU
		{D4034100-EBF4-4A8B-815A-E2F50415890F}.Preview|Any CPU.Build.0 = Preview|Any CPU
		{D4034100-EBF4-4A8B-815A-E2F50415890F}.Preview|x64.ActiveCfg = Preview|Any CPU
		{D4034100-EBF4-4A8B-815A-E2F50415890F}.Preview|x64.Build.0 = Preview|Any CPU
		{D4034100-EBF4-4A8B-815A-E2F50415890F}.Preview|x86.ActiveCfg = Preview|Any CPU
		{D4034100-EBF4-4A8B-815A-E2F50415890F}.Preview|x86.Build.0 = Preview|Any CPU
		{D4034100-EBF4-4A8B-815A-E2F50415890F}.Release|Any CPU.ActiveCfg = Release|Any CPU
		{D4034100-EBF4-4A8B-815A-E2F50415890F}.Release|Any CPU.Build.0 = Release|Any CPU
		{D4034100-EBF4-4A8B-815A-E2F50415890F}.Release|x64.ActiveCfg = Release|Any CPU
		{D4034100-EBF4-4A8B-815A-E2F50415890F}.Release|x64.Build.0 = Release|Any CPU
		{D4034100-EBF4-4A8B-815A-E2F50415890F}.Release|x86.ActiveCfg = Release|Any CPU
		{D4034100-EBF4-4A8B-815A-E2F50415890F}.Release|x86.Build.0 = Release|Any CPU
		{D93292F1-15A4-4CFE-A571-6A8F98F383AB}.Alpha|Any CPU.ActiveCfg = Alpha|Any CPU
		{D93292F1-15A4-4CFE-A571-6A8F98F383AB}.Alpha|Any CPU.Build.0 = Alpha|Any CPU
		{D93292F1-15A4-4CFE-A571-6A8F98F383AB}.Alpha|x64.ActiveCfg = Alpha|Any CPU
		{D93292F1-15A4-4CFE-A571-6A8F98F383AB}.Alpha|x64.Build.0 = Alpha|Any CPU
		{D93292F1-15A4-4CFE-A571-6A8F98F383AB}.Alpha|x86.ActiveCfg = Alpha|Any CPU
		{D93292F1-15A4-4CFE-A571-6A8F98F383AB}.Alpha|x86.Build.0 = Alpha|Any CPU
		{D93292F1-15A4-4CFE-A571-6A8F98F383AB}.Beta|Any CPU.ActiveCfg = Beta|Any CPU
		{D93292F1-15A4-4CFE-A571-6A8F98F383AB}.Beta|Any CPU.Build.0 = Beta|Any CPU
		{D93292F1-15A4-4CFE-A571-6A8F98F383AB}.Beta|x64.ActiveCfg = Beta|Any CPU
		{D93292F1-15A4-4CFE-A571-6A8F98F383AB}.Beta|x64.Build.0 = Beta|Any CPU
		{D93292F1-15A4-4CFE-A571-6A8F98F383AB}.Beta|x86.ActiveCfg = Beta|Any CPU
		{D93292F1-15A4-4CFE-A571-6A8F98F383AB}.Beta|x86.Build.0 = Beta|Any CPU
		{D93292F1-15A4-4CFE-A571-6A8F98F383AB}.Debug|Any CPU.ActiveCfg = Debug|Any CPU
		{D93292F1-15A4-4CFE-A571-6A8F98F383AB}.Debug|Any CPU.Build.0 = Debug|Any CPU
		{D93292F1-15A4-4CFE-A571-6A8F98F383AB}.Debug|x64.ActiveCfg = Debug|Any CPU
		{D93292F1-15A4-4CFE-A571-6A8F98F383AB}.Debug|x64.Build.0 = Debug|Any CPU
		{D93292F1-15A4-4CFE-A571-6A8F98F383AB}.Debug|x86.ActiveCfg = Debug|Any CPU
		{D93292F1-15A4-4CFE-A571-6A8F98F383AB}.Debug|x86.Build.0 = Debug|Any CPU
		{D93292F1-15A4-4CFE-A571-6A8F98F383AB}.Experimental|Any CPU.ActiveCfg = Experimental|Any CPU
		{D93292F1-15A4-4CFE-A571-6A8F98F383AB}.Experimental|Any CPU.Build.0 = Experimental|Any CPU
		{D93292F1-15A4-4CFE-A571-6A8F98F383AB}.Experimental|x64.ActiveCfg = Experimental|Any CPU
		{D93292F1-15A4-4CFE-A571-6A8F98F383AB}.Experimental|x64.Build.0 = Experimental|Any CPU
		{D93292F1-15A4-4CFE-A571-6A8F98F383AB}.Experimental|x86.ActiveCfg = Experimental|Any CPU
		{D93292F1-15A4-4CFE-A571-6A8F98F383AB}.Experimental|x86.Build.0 = Experimental|Any CPU
		{D93292F1-15A4-4CFE-A571-6A8F98F383AB}.Preview|Any CPU.ActiveCfg = Preview|Any CPU
		{D93292F1-15A4-4CFE-A571-6A8F98F383AB}.Preview|Any CPU.Build.0 = Preview|Any CPU
		{D93292F1-15A4-4CFE-A571-6A8F98F383AB}.Preview|x64.ActiveCfg = Preview|Any CPU
		{D93292F1-15A4-4CFE-A571-6A8F98F383AB}.Preview|x64.Build.0 = Preview|Any CPU
		{D93292F1-15A4-4CFE-A571-6A8F98F383AB}.Preview|x86.ActiveCfg = Preview|Any CPU
		{D93292F1-15A4-4CFE-A571-6A8F98F383AB}.Preview|x86.Build.0 = Preview|Any CPU
		{D93292F1-15A4-4CFE-A571-6A8F98F383AB}.Release|Any CPU.ActiveCfg = Release|Any CPU
		{D93292F1-15A4-4CFE-A571-6A8F98F383AB}.Release|Any CPU.Build.0 = Release|Any CPU
		{D93292F1-15A4-4CFE-A571-6A8F98F383AB}.Release|x64.ActiveCfg = Release|Any CPU
		{D93292F1-15A4-4CFE-A571-6A8F98F383AB}.Release|x64.Build.0 = Release|Any CPU
		{D93292F1-15A4-4CFE-A571-6A8F98F383AB}.Release|x86.ActiveCfg = Release|Any CPU
		{D93292F1-15A4-4CFE-A571-6A8F98F383AB}.Release|x86.Build.0 = Release|Any CPU
		{F5F07AEE-6C10-4F81-B0E4-33C090CDF3B8}.Alpha|Any CPU.ActiveCfg = Alpha|Any CPU
		{F5F07AEE-6C10-4F81-B0E4-33C090CDF3B8}.Alpha|Any CPU.Build.0 = Alpha|Any CPU
		{F5F07AEE-6C10-4F81-B0E4-33C090CDF3B8}.Alpha|x64.ActiveCfg = Alpha|Any CPU
		{F5F07AEE-6C10-4F81-B0E4-33C090CDF3B8}.Alpha|x64.Build.0 = Alpha|Any CPU
		{F5F07AEE-6C10-4F81-B0E4-33C090CDF3B8}.Alpha|x86.ActiveCfg = Alpha|Any CPU
		{F5F07AEE-6C10-4F81-B0E4-33C090CDF3B8}.Alpha|x86.Build.0 = Alpha|Any CPU
		{F5F07AEE-6C10-4F81-B0E4-33C090CDF3B8}.Beta|Any CPU.ActiveCfg = Beta|Any CPU
		{F5F07AEE-6C10-4F81-B0E4-33C090CDF3B8}.Beta|Any CPU.Build.0 = Beta|Any CPU
		{F5F07AEE-6C10-4F81-B0E4-33C090CDF3B8}.Beta|x64.ActiveCfg = Beta|Any CPU
		{F5F07AEE-6C10-4F81-B0E4-33C090CDF3B8}.Beta|x64.Build.0 = Beta|Any CPU
		{F5F07AEE-6C10-4F81-B0E4-33C090CDF3B8}.Beta|x86.ActiveCfg = Beta|Any CPU
		{F5F07AEE-6C10-4F81-B0E4-33C090CDF3B8}.Beta|x86.Build.0 = Beta|Any CPU
		{F5F07AEE-6C10-4F81-B0E4-33C090CDF3B8}.Debug|Any CPU.ActiveCfg = Debug|Any CPU
		{F5F07AEE-6C10-4F81-B0E4-33C090CDF3B8}.Debug|Any CPU.Build.0 = Debug|Any CPU
		{F5F07AEE-6C10-4F81-B0E4-33C090CDF3B8}.Debug|x64.ActiveCfg = Debug|Any CPU
		{F5F07AEE-6C10-4F81-B0E4-33C090CDF3B8}.Debug|x64.Build.0 = Debug|Any CPU
		{F5F07AEE-6C10-4F81-B0E4-33C090CDF3B8}.Debug|x86.ActiveCfg = Debug|Any CPU
		{F5F07AEE-6C10-4F81-B0E4-33C090CDF3B8}.Debug|x86.Build.0 = Debug|Any CPU
		{F5F07AEE-6C10-4F81-B0E4-33C090CDF3B8}.Experimental|Any CPU.ActiveCfg = Experimental|Any CPU
		{F5F07AEE-6C10-4F81-B0E4-33C090CDF3B8}.Experimental|Any CPU.Build.0 = Experimental|Any CPU
		{F5F07AEE-6C10-4F81-B0E4-33C090CDF3B8}.Experimental|x64.ActiveCfg = Experimental|Any CPU
		{F5F07AEE-6C10-4F81-B0E4-33C090CDF3B8}.Experimental|x64.Build.0 = Experimental|Any CPU
		{F5F07AEE-6C10-4F81-B0E4-33C090CDF3B8}.Experimental|x86.ActiveCfg = Experimental|Any CPU
		{F5F07AEE-6C10-4F81-B0E4-33C090CDF3B8}.Experimental|x86.Build.0 = Experimental|Any CPU
		{F5F07AEE-6C10-4F81-B0E4-33C090CDF3B8}.Preview|Any CPU.ActiveCfg = Preview|Any CPU
		{F5F07AEE-6C10-4F81-B0E4-33C090CDF3B8}.Preview|Any CPU.Build.0 = Preview|Any CPU
		{F5F07AEE-6C10-4F81-B0E4-33C090CDF3B8}.Preview|x64.ActiveCfg = Preview|Any CPU
		{F5F07AEE-6C10-4F81-B0E4-33C090CDF3B8}.Preview|x64.Build.0 = Preview|Any CPU
		{F5F07AEE-6C10-4F81-B0E4-33C090CDF3B8}.Preview|x86.ActiveCfg = Preview|Any CPU
		{F5F07AEE-6C10-4F81-B0E4-33C090CDF3B8}.Preview|x86.Build.0 = Preview|Any CPU
		{F5F07AEE-6C10-4F81-B0E4-33C090CDF3B8}.Release|Any CPU.ActiveCfg = Release|Any CPU
		{F5F07AEE-6C10-4F81-B0E4-33C090CDF3B8}.Release|Any CPU.Build.0 = Release|Any CPU
		{F5F07AEE-6C10-4F81-B0E4-33C090CDF3B8}.Release|x64.ActiveCfg = Release|Any CPU
		{F5F07AEE-6C10-4F81-B0E4-33C090CDF3B8}.Release|x64.Build.0 = Release|Any CPU
		{F5F07AEE-6C10-4F81-B0E4-33C090CDF3B8}.Release|x86.ActiveCfg = Release|Any CPU
		{F5F07AEE-6C10-4F81-B0E4-33C090CDF3B8}.Release|x86.Build.0 = Release|Any CPU
		{DCF58990-2402-4BD9-92FC-ED34E565C1D9}.Alpha|Any CPU.ActiveCfg = Alpha|Any CPU
		{DCF58990-2402-4BD9-92FC-ED34E565C1D9}.Alpha|Any CPU.Build.0 = Alpha|Any CPU
		{DCF58990-2402-4BD9-92FC-ED34E565C1D9}.Alpha|x64.ActiveCfg = Alpha|Any CPU
		{DCF58990-2402-4BD9-92FC-ED34E565C1D9}.Alpha|x64.Build.0 = Alpha|Any CPU
		{DCF58990-2402-4BD9-92FC-ED34E565C1D9}.Alpha|x86.ActiveCfg = Alpha|Any CPU
		{DCF58990-2402-4BD9-92FC-ED34E565C1D9}.Alpha|x86.Build.0 = Alpha|Any CPU
		{DCF58990-2402-4BD9-92FC-ED34E565C1D9}.Beta|Any CPU.ActiveCfg = Beta|Any CPU
		{DCF58990-2402-4BD9-92FC-ED34E565C1D9}.Beta|Any CPU.Build.0 = Beta|Any CPU
		{DCF58990-2402-4BD9-92FC-ED34E565C1D9}.Beta|x64.ActiveCfg = Beta|Any CPU
		{DCF58990-2402-4BD9-92FC-ED34E565C1D9}.Beta|x64.Build.0 = Beta|Any CPU
		{DCF58990-2402-4BD9-92FC-ED34E565C1D9}.Beta|x86.ActiveCfg = Beta|Any CPU
		{DCF58990-2402-4BD9-92FC-ED34E565C1D9}.Beta|x86.Build.0 = Beta|Any CPU
		{DCF58990-2402-4BD9-92FC-ED34E565C1D9}.Debug|Any CPU.ActiveCfg = Debug|Any CPU
		{DCF58990-2402-4BD9-92FC-ED34E565C1D9}.Debug|Any CPU.Build.0 = Debug|Any CPU
		{DCF58990-2402-4BD9-92FC-ED34E565C1D9}.Debug|x64.ActiveCfg = Debug|Any CPU
		{DCF58990-2402-4BD9-92FC-ED34E565C1D9}.Debug|x64.Build.0 = Debug|Any CPU
		{DCF58990-2402-4BD9-92FC-ED34E565C1D9}.Debug|x86.ActiveCfg = Debug|Any CPU
		{DCF58990-2402-4BD9-92FC-ED34E565C1D9}.Debug|x86.Build.0 = Debug|Any CPU
		{DCF58990-2402-4BD9-92FC-ED34E565C1D9}.Experimental|Any CPU.ActiveCfg = Experimental|Any CPU
		{DCF58990-2402-4BD9-92FC-ED34E565C1D9}.Experimental|Any CPU.Build.0 = Experimental|Any CPU
		{DCF58990-2402-4BD9-92FC-ED34E565C1D9}.Experimental|x64.ActiveCfg = Experimental|Any CPU
		{DCF58990-2402-4BD9-92FC-ED34E565C1D9}.Experimental|x64.Build.0 = Experimental|Any CPU
		{DCF58990-2402-4BD9-92FC-ED34E565C1D9}.Experimental|x86.ActiveCfg = Experimental|Any CPU
		{DCF58990-2402-4BD9-92FC-ED34E565C1D9}.Experimental|x86.Build.0 = Experimental|Any CPU
		{DCF58990-2402-4BD9-92FC-ED34E565C1D9}.Preview|Any CPU.ActiveCfg = Preview|Any CPU
		{DCF58990-2402-4BD9-92FC-ED34E565C1D9}.Preview|Any CPU.Build.0 = Preview|Any CPU
		{DCF58990-2402-4BD9-92FC-ED34E565C1D9}.Preview|x64.ActiveCfg = Preview|Any CPU
		{DCF58990-2402-4BD9-92FC-ED34E565C1D9}.Preview|x64.Build.0 = Preview|Any CPU
		{DCF58990-2402-4BD9-92FC-ED34E565C1D9}.Preview|x86.ActiveCfg = Preview|Any CPU
		{DCF58990-2402-4BD9-92FC-ED34E565C1D9}.Preview|x86.Build.0 = Preview|Any CPU
		{DCF58990-2402-4BD9-92FC-ED34E565C1D9}.Release|Any CPU.ActiveCfg = Release|Any CPU
		{DCF58990-2402-4BD9-92FC-ED34E565C1D9}.Release|Any CPU.Build.0 = Release|Any CPU
		{DCF58990-2402-4BD9-92FC-ED34E565C1D9}.Release|x64.ActiveCfg = Release|Any CPU
		{DCF58990-2402-4BD9-92FC-ED34E565C1D9}.Release|x64.Build.0 = Release|Any CPU
		{DCF58990-2402-4BD9-92FC-ED34E565C1D9}.Release|x86.ActiveCfg = Release|Any CPU
		{DCF58990-2402-4BD9-92FC-ED34E565C1D9}.Release|x86.Build.0 = Release|Any CPU
		{84E19DE9-FAD6-4E1C-9369-4501ED10DF33}.Alpha|Any CPU.ActiveCfg = Alpha|Any CPU
		{84E19DE9-FAD6-4E1C-9369-4501ED10DF33}.Alpha|Any CPU.Build.0 = Alpha|Any CPU
		{84E19DE9-FAD6-4E1C-9369-4501ED10DF33}.Alpha|x64.ActiveCfg = Alpha|Any CPU
		{84E19DE9-FAD6-4E1C-9369-4501ED10DF33}.Alpha|x64.Build.0 = Alpha|Any CPU
		{84E19DE9-FAD6-4E1C-9369-4501ED10DF33}.Alpha|x86.ActiveCfg = Alpha|Any CPU
		{84E19DE9-FAD6-4E1C-9369-4501ED10DF33}.Alpha|x86.Build.0 = Alpha|Any CPU
		{84E19DE9-FAD6-4E1C-9369-4501ED10DF33}.Beta|Any CPU.ActiveCfg = Beta|Any CPU
		{84E19DE9-FAD6-4E1C-9369-4501ED10DF33}.Beta|Any CPU.Build.0 = Beta|Any CPU
		{84E19DE9-FAD6-4E1C-9369-4501ED10DF33}.Beta|x64.ActiveCfg = Beta|Any CPU
		{84E19DE9-FAD6-4E1C-9369-4501ED10DF33}.Beta|x64.Build.0 = Beta|Any CPU
		{84E19DE9-FAD6-4E1C-9369-4501ED10DF33}.Beta|x86.ActiveCfg = Beta|Any CPU
		{84E19DE9-FAD6-4E1C-9369-4501ED10DF33}.Beta|x86.Build.0 = Beta|Any CPU
		{84E19DE9-FAD6-4E1C-9369-4501ED10DF33}.Debug|Any CPU.ActiveCfg = Debug|Any CPU
		{84E19DE9-FAD6-4E1C-9369-4501ED10DF33}.Debug|Any CPU.Build.0 = Debug|Any CPU
		{84E19DE9-FAD6-4E1C-9369-4501ED10DF33}.Debug|x64.ActiveCfg = Debug|Any CPU
		{84E19DE9-FAD6-4E1C-9369-4501ED10DF33}.Debug|x64.Build.0 = Debug|Any CPU
		{84E19DE9-FAD6-4E1C-9369-4501ED10DF33}.Debug|x86.ActiveCfg = Debug|Any CPU
		{84E19DE9-FAD6-4E1C-9369-4501ED10DF33}.Debug|x86.Build.0 = Debug|Any CPU
		{84E19DE9-FAD6-4E1C-9369-4501ED10DF33}.Experimental|Any CPU.ActiveCfg = Experimental|Any CPU
		{84E19DE9-FAD6-4E1C-9369-4501ED10DF33}.Experimental|Any CPU.Build.0 = Experimental|Any CPU
		{84E19DE9-FAD6-4E1C-9369-4501ED10DF33}.Experimental|x64.ActiveCfg = Experimental|Any CPU
		{84E19DE9-FAD6-4E1C-9369-4501ED10DF33}.Experimental|x64.Build.0 = Experimental|Any CPU
		{84E19DE9-FAD6-4E1C-9369-4501ED10DF33}.Experimental|x86.ActiveCfg = Experimental|Any CPU
		{84E19DE9-FAD6-4E1C-9369-4501ED10DF33}.Experimental|x86.Build.0 = Experimental|Any CPU
		{84E19DE9-FAD6-4E1C-9369-4501ED10DF33}.Preview|Any CPU.ActiveCfg = Preview|Any CPU
		{84E19DE9-FAD6-4E1C-9369-4501ED10DF33}.Preview|Any CPU.Build.0 = Preview|Any CPU
		{84E19DE9-FAD6-4E1C-9369-4501ED10DF33}.Preview|x64.ActiveCfg = Preview|Any CPU
		{84E19DE9-FAD6-4E1C-9369-4501ED10DF33}.Preview|x64.Build.0 = Preview|Any CPU
		{84E19DE9-FAD6-4E1C-9369-4501ED10DF33}.Preview|x86.ActiveCfg = Preview|Any CPU
		{84E19DE9-FAD6-4E1C-9369-4501ED10DF33}.Preview|x86.Build.0 = Preview|Any CPU
		{84E19DE9-FAD6-4E1C-9369-4501ED10DF33}.Release|Any CPU.ActiveCfg = Release|Any CPU
		{84E19DE9-FAD6-4E1C-9369-4501ED10DF33}.Release|Any CPU.Build.0 = Release|Any CPU
		{84E19DE9-FAD6-4E1C-9369-4501ED10DF33}.Release|x64.ActiveCfg = Release|Any CPU
		{84E19DE9-FAD6-4E1C-9369-4501ED10DF33}.Release|x64.Build.0 = Release|Any CPU
		{84E19DE9-FAD6-4E1C-9369-4501ED10DF33}.Release|x86.ActiveCfg = Release|Any CPU
		{84E19DE9-FAD6-4E1C-9369-4501ED10DF33}.Release|x86.Build.0 = Release|Any CPU
		{B67C2F4C-ECA8-417E-AE1A-44E9075D5775}.Alpha|Any CPU.ActiveCfg = Alpha|Any CPU
		{B67C2F4C-ECA8-417E-AE1A-44E9075D5775}.Alpha|Any CPU.Build.0 = Alpha|Any CPU
		{B67C2F4C-ECA8-417E-AE1A-44E9075D5775}.Alpha|x64.ActiveCfg = Alpha|Any CPU
		{B67C2F4C-ECA8-417E-AE1A-44E9075D5775}.Alpha|x64.Build.0 = Alpha|Any CPU
		{B67C2F4C-ECA8-417E-AE1A-44E9075D5775}.Alpha|x86.ActiveCfg = Alpha|Any CPU
		{B67C2F4C-ECA8-417E-AE1A-44E9075D5775}.Alpha|x86.Build.0 = Alpha|Any CPU
		{B67C2F4C-ECA8-417E-AE1A-44E9075D5775}.Beta|Any CPU.ActiveCfg = Beta|Any CPU
		{B67C2F4C-ECA8-417E-AE1A-44E9075D5775}.Beta|Any CPU.Build.0 = Beta|Any CPU
		{B67C2F4C-ECA8-417E-AE1A-44E9075D5775}.Beta|x64.ActiveCfg = Beta|Any CPU
		{B67C2F4C-ECA8-417E-AE1A-44E9075D5775}.Beta|x64.Build.0 = Beta|Any CPU
		{B67C2F4C-ECA8-417E-AE1A-44E9075D5775}.Beta|x86.ActiveCfg = Beta|Any CPU
		{B67C2F4C-ECA8-417E-AE1A-44E9075D5775}.Beta|x86.Build.0 = Beta|Any CPU
		{B67C2F4C-ECA8-417E-AE1A-44E9075D5775}.Debug|Any CPU.ActiveCfg = Debug|Any CPU
		{B67C2F4C-ECA8-417E-AE1A-44E9075D5775}.Debug|Any CPU.Build.0 = Debug|Any CPU
		{B67C2F4C-ECA8-417E-AE1A-44E9075D5775}.Debug|x64.ActiveCfg = Debug|Any CPU
		{B67C2F4C-ECA8-417E-AE1A-44E9075D5775}.Debug|x64.Build.0 = Debug|Any CPU
		{B67C2F4C-ECA8-417E-AE1A-44E9075D5775}.Debug|x86.ActiveCfg = Debug|Any CPU
		{B67C2F4C-ECA8-417E-AE1A-44E9075D5775}.Debug|x86.Build.0 = Debug|Any CPU
		{B67C2F4C-ECA8-417E-AE1A-44E9075D5775}.Experimental|Any CPU.ActiveCfg = Experimental|Any CPU
		{B67C2F4C-ECA8-417E-AE1A-44E9075D5775}.Experimental|Any CPU.Build.0 = Experimental|Any CPU
		{B67C2F4C-ECA8-417E-AE1A-44E9075D5775}.Experimental|x64.ActiveCfg = Experimental|Any CPU
		{B67C2F4C-ECA8-417E-AE1A-44E9075D5775}.Experimental|x64.Build.0 = Experimental|Any CPU
		{B67C2F4C-ECA8-417E-AE1A-44E9075D5775}.Experimental|x86.ActiveCfg = Experimental|Any CPU
		{B67C2F4C-ECA8-417E-AE1A-44E9075D5775}.Experimental|x86.Build.0 = Experimental|Any CPU
		{B67C2F4C-ECA8-417E-AE1A-44E9075D5775}.Preview|Any CPU.ActiveCfg = Preview|Any CPU
		{B67C2F4C-ECA8-417E-AE1A-44E9075D5775}.Preview|Any CPU.Build.0 = Preview|Any CPU
		{B67C2F4C-ECA8-417E-AE1A-44E9075D5775}.Preview|x64.ActiveCfg = Preview|Any CPU
		{B67C2F4C-ECA8-417E-AE1A-44E9075D5775}.Preview|x64.Build.0 = Preview|Any CPU
		{B67C2F4C-ECA8-417E-AE1A-44E9075D5775}.Preview|x86.ActiveCfg = Preview|Any CPU
		{B67C2F4C-ECA8-417E-AE1A-44E9075D5775}.Preview|x86.Build.0 = Preview|Any CPU
		{B67C2F4C-ECA8-417E-AE1A-44E9075D5775}.Release|Any CPU.ActiveCfg = Release|Any CPU
		{B67C2F4C-ECA8-417E-AE1A-44E9075D5775}.Release|Any CPU.Build.0 = Release|Any CPU
		{B67C2F4C-ECA8-417E-AE1A-44E9075D5775}.Release|x64.ActiveCfg = Release|Any CPU
		{B67C2F4C-ECA8-417E-AE1A-44E9075D5775}.Release|x64.Build.0 = Release|Any CPU
		{B67C2F4C-ECA8-417E-AE1A-44E9075D5775}.Release|x86.ActiveCfg = Release|Any CPU
		{B67C2F4C-ECA8-417E-AE1A-44E9075D5775}.Release|x86.Build.0 = Release|Any CPU
		{7B76F18B-DD9C-62B4-97B8-244F8616C639}.Alpha|Any CPU.ActiveCfg = Alpha|Any CPU
		{7B76F18B-DD9C-62B4-97B8-244F8616C639}.Alpha|Any CPU.Build.0 = Alpha|Any CPU
		{7B76F18B-DD9C-62B4-97B8-244F8616C639}.Alpha|x64.ActiveCfg = Alpha|Any CPU
		{7B76F18B-DD9C-62B4-97B8-244F8616C639}.Alpha|x64.Build.0 = Alpha|Any CPU
		{7B76F18B-DD9C-62B4-97B8-244F8616C639}.Alpha|x86.ActiveCfg = Alpha|Any CPU
		{7B76F18B-DD9C-62B4-97B8-244F8616C639}.Alpha|x86.Build.0 = Alpha|Any CPU
		{7B76F18B-DD9C-62B4-97B8-244F8616C639}.Beta|Any CPU.ActiveCfg = Beta|Any CPU
		{7B76F18B-DD9C-62B4-97B8-244F8616C639}.Beta|Any CPU.Build.0 = Beta|Any CPU
		{7B76F18B-DD9C-62B4-97B8-244F8616C639}.Beta|x64.ActiveCfg = Beta|Any CPU
		{7B76F18B-DD9C-62B4-97B8-244F8616C639}.Beta|x64.Build.0 = Beta|Any CPU
		{7B76F18B-DD9C-62B4-97B8-244F8616C639}.Beta|x86.ActiveCfg = Beta|Any CPU
		{7B76F18B-DD9C-62B4-97B8-244F8616C639}.Beta|x86.Build.0 = Beta|Any CPU
		{7B76F18B-DD9C-62B4-97B8-244F8616C639}.Debug|Any CPU.ActiveCfg = Debug|Any CPU
		{7B76F18B-DD9C-62B4-97B8-244F8616C639}.Debug|Any CPU.Build.0 = Debug|Any CPU
		{7B76F18B-DD9C-62B4-97B8-244F8616C639}.Debug|x64.ActiveCfg = Debug|Any CPU
		{7B76F18B-DD9C-62B4-97B8-244F8616C639}.Debug|x64.Build.0 = Debug|Any CPU
		{7B76F18B-DD9C-62B4-97B8-244F8616C639}.Debug|x86.ActiveCfg = Debug|Any CPU
		{7B76F18B-DD9C-62B4-97B8-244F8616C639}.Debug|x86.Build.0 = Debug|Any CPU
		{7B76F18B-DD9C-62B4-97B8-244F8616C639}.Experimental|Any CPU.ActiveCfg = Experimental|Any CPU
		{7B76F18B-DD9C-62B4-97B8-244F8616C639}.Experimental|Any CPU.Build.0 = Experimental|Any CPU
		{7B76F18B-DD9C-62B4-97B8-244F8616C639}.Experimental|x64.ActiveCfg = Experimental|Any CPU
		{7B76F18B-DD9C-62B4-97B8-244F8616C639}.Experimental|x64.Build.0 = Experimental|Any CPU
		{7B76F18B-DD9C-62B4-97B8-244F8616C639}.Experimental|x86.ActiveCfg = Experimental|Any CPU
		{7B76F18B-DD9C-62B4-97B8-244F8616C639}.Experimental|x86.Build.0 = Experimental|Any CPU
		{7B76F18B-DD9C-62B4-97B8-244F8616C639}.Preview|Any CPU.ActiveCfg = Preview|Any CPU
		{7B76F18B-DD9C-62B4-97B8-244F8616C639}.Preview|Any CPU.Build.0 = Preview|Any CPU
		{7B76F18B-DD9C-62B4-97B8-244F8616C639}.Preview|x64.ActiveCfg = Preview|Any CPU
		{7B76F18B-DD9C-62B4-97B8-244F8616C639}.Preview|x64.Build.0 = Preview|Any CPU
		{7B76F18B-DD9C-62B4-97B8-244F8616C639}.Preview|x86.ActiveCfg = Preview|Any CPU
		{7B76F18B-DD9C-62B4-97B8-244F8616C639}.Preview|x86.Build.0 = Preview|Any CPU
		{7B76F18B-DD9C-62B4-97B8-244F8616C639}.Release|Any CPU.ActiveCfg = Release|Any CPU
		{7B76F18B-DD9C-62B4-97B8-244F8616C639}.Release|Any CPU.Build.0 = Release|Any CPU
		{7B76F18B-DD9C-62B4-97B8-244F8616C639}.Release|x64.ActiveCfg = Release|Any CPU
		{7B76F18B-DD9C-62B4-97B8-244F8616C639}.Release|x64.Build.0 = Release|Any CPU
		{7B76F18B-DD9C-62B4-97B8-244F8616C639}.Release|x86.ActiveCfg = Release|Any CPU
		{7B76F18B-DD9C-62B4-97B8-244F8616C639}.Release|x86.Build.0 = Release|Any CPU
		{72F65A77-3204-4FA3-AD66-32F2B6B7229E}.Alpha|Any CPU.ActiveCfg = Alpha|Any CPU
		{72F65A77-3204-4FA3-AD66-32F2B6B7229E}.Alpha|Any CPU.Build.0 = Alpha|Any CPU
		{72F65A77-3204-4FA3-AD66-32F2B6B7229E}.Alpha|x64.ActiveCfg = Alpha|Any CPU
		{72F65A77-3204-4FA3-AD66-32F2B6B7229E}.Alpha|x64.Build.0 = Alpha|Any CPU
		{72F65A77-3204-4FA3-AD66-32F2B6B7229E}.Alpha|x86.ActiveCfg = Alpha|Any CPU
		{72F65A77-3204-4FA3-AD66-32F2B6B7229E}.Alpha|x86.Build.0 = Alpha|Any CPU
		{72F65A77-3204-4FA3-AD66-32F2B6B7229E}.Beta|Any CPU.ActiveCfg = Beta|Any CPU
		{72F65A77-3204-4FA3-AD66-32F2B6B7229E}.Beta|Any CPU.Build.0 = Beta|Any CPU
		{72F65A77-3204-4FA3-AD66-32F2B6B7229E}.Beta|x64.ActiveCfg = Beta|Any CPU
		{72F65A77-3204-4FA3-AD66-32F2B6B7229E}.Beta|x64.Build.0 = Beta|Any CPU
		{72F65A77-3204-4FA3-AD66-32F2B6B7229E}.Beta|x86.ActiveCfg = Beta|Any CPU
		{72F65A77-3204-4FA3-AD66-32F2B6B7229E}.Beta|x86.Build.0 = Beta|Any CPU
		{72F65A77-3204-4FA3-AD66-32F2B6B7229E}.Debug|Any CPU.ActiveCfg = Debug|Any CPU
		{72F65A77-3204-4FA3-AD66-32F2B6B7229E}.Debug|Any CPU.Build.0 = Debug|Any CPU
		{72F65A77-3204-4FA3-AD66-32F2B6B7229E}.Debug|x64.ActiveCfg = Debug|Any CPU
		{72F65A77-3204-4FA3-AD66-32F2B6B7229E}.Debug|x64.Build.0 = Debug|Any CPU
		{72F65A77-3204-4FA3-AD66-32F2B6B7229E}.Debug|x86.ActiveCfg = Debug|Any CPU
		{72F65A77-3204-4FA3-AD66-32F2B6B7229E}.Debug|x86.Build.0 = Debug|Any CPU
		{72F65A77-3204-4FA3-AD66-32F2B6B7229E}.Experimental|Any CPU.ActiveCfg = Experimental|Any CPU
		{72F65A77-3204-4FA3-AD66-32F2B6B7229E}.Experimental|Any CPU.Build.0 = Experimental|Any CPU
		{72F65A77-3204-4FA3-AD66-32F2B6B7229E}.Experimental|x64.ActiveCfg = Experimental|Any CPU
		{72F65A77-3204-4FA3-AD66-32F2B6B7229E}.Experimental|x64.Build.0 = Experimental|Any CPU
		{72F65A77-3204-4FA3-AD66-32F2B6B7229E}.Experimental|x86.ActiveCfg = Experimental|Any CPU
		{72F65A77-3204-4FA3-AD66-32F2B6B7229E}.Experimental|x86.Build.0 = Experimental|Any CPU
		{72F65A77-3204-4FA3-AD66-32F2B6B7229E}.Preview|Any CPU.ActiveCfg = Preview|Any CPU
		{72F65A77-3204-4FA3-AD66-32F2B6B7229E}.Preview|Any CPU.Build.0 = Preview|Any CPU
		{72F65A77-3204-4FA3-AD66-32F2B6B7229E}.Preview|x64.ActiveCfg = Preview|Any CPU
		{72F65A77-3204-4FA3-AD66-32F2B6B7229E}.Preview|x64.Build.0 = Preview|Any CPU
		{72F65A77-3204-4FA3-AD66-32F2B6B7229E}.Preview|x86.ActiveCfg = Preview|Any CPU
		{72F65A77-3204-4FA3-AD66-32F2B6B7229E}.Preview|x86.Build.0 = Preview|Any CPU
		{72F65A77-3204-4FA3-AD66-32F2B6B7229E}.Release|Any CPU.ActiveCfg = Release|Any CPU
		{72F65A77-3204-4FA3-AD66-32F2B6B7229E}.Release|Any CPU.Build.0 = Release|Any CPU
		{72F65A77-3204-4FA3-AD66-32F2B6B7229E}.Release|x64.ActiveCfg = Release|Any CPU
		{72F65A77-3204-4FA3-AD66-32F2B6B7229E}.Release|x64.Build.0 = Release|Any CPU
		{72F65A77-3204-4FA3-AD66-32F2B6B7229E}.Release|x86.ActiveCfg = Release|Any CPU
		{72F65A77-3204-4FA3-AD66-32F2B6B7229E}.Release|x86.Build.0 = Release|Any CPU
		{AFC9B33C-1F15-4417-BFD2-EE4E08E36C07}.Alpha|Any CPU.ActiveCfg = Alpha|Any CPU
		{AFC9B33C-1F15-4417-BFD2-EE4E08E36C07}.Alpha|Any CPU.Build.0 = Alpha|Any CPU
		{AFC9B33C-1F15-4417-BFD2-EE4E08E36C07}.Alpha|x64.ActiveCfg = Alpha|Any CPU
		{AFC9B33C-1F15-4417-BFD2-EE4E08E36C07}.Alpha|x64.Build.0 = Alpha|Any CPU
		{AFC9B33C-1F15-4417-BFD2-EE4E08E36C07}.Alpha|x86.ActiveCfg = Alpha|Any CPU
		{AFC9B33C-1F15-4417-BFD2-EE4E08E36C07}.Alpha|x86.Build.0 = Alpha|Any CPU
		{AFC9B33C-1F15-4417-BFD2-EE4E08E36C07}.Beta|Any CPU.ActiveCfg = Beta|Any CPU
		{AFC9B33C-1F15-4417-BFD2-EE4E08E36C07}.Beta|Any CPU.Build.0 = Beta|Any CPU
		{AFC9B33C-1F15-4417-BFD2-EE4E08E36C07}.Beta|x64.ActiveCfg = Beta|Any CPU
		{AFC9B33C-1F15-4417-BFD2-EE4E08E36C07}.Beta|x64.Build.0 = Beta|Any CPU
		{AFC9B33C-1F15-4417-BFD2-EE4E08E36C07}.Beta|x86.ActiveCfg = Beta|Any CPU
		{AFC9B33C-1F15-4417-BFD2-EE4E08E36C07}.Beta|x86.Build.0 = Beta|Any CPU
		{AFC9B33C-1F15-4417-BFD2-EE4E08E36C07}.Debug|Any CPU.ActiveCfg = Debug|Any CPU
		{AFC9B33C-1F15-4417-BFD2-EE4E08E36C07}.Debug|Any CPU.Build.0 = Debug|Any CPU
		{AFC9B33C-1F15-4417-BFD2-EE4E08E36C07}.Debug|x64.ActiveCfg = Debug|Any CPU
		{AFC9B33C-1F15-4417-BFD2-EE4E08E36C07}.Debug|x64.Build.0 = Debug|Any CPU
		{AFC9B33C-1F15-4417-BFD2-EE4E08E36C07}.Debug|x86.ActiveCfg = Debug|Any CPU
		{AFC9B33C-1F15-4417-BFD2-EE4E08E36C07}.Debug|x86.Build.0 = Debug|Any CPU
		{AFC9B33C-1F15-4417-BFD2-EE4E08E36C07}.Experimental|Any CPU.ActiveCfg = Experimental|Any CPU
		{AFC9B33C-1F15-4417-BFD2-EE4E08E36C07}.Experimental|Any CPU.Build.0 = Experimental|Any CPU
		{AFC9B33C-1F15-4417-BFD2-EE4E08E36C07}.Experimental|x64.ActiveCfg = Experimental|Any CPU
		{AFC9B33C-1F15-4417-BFD2-EE4E08E36C07}.Experimental|x64.Build.0 = Experimental|Any CPU
		{AFC9B33C-1F15-4417-BFD2-EE4E08E36C07}.Experimental|x86.ActiveCfg = Experimental|Any CPU
		{AFC9B33C-1F15-4417-BFD2-EE4E08E36C07}.Experimental|x86.Build.0 = Experimental|Any CPU
		{AFC9B33C-1F15-4417-BFD2-EE4E08E36C07}.Preview|Any CPU.ActiveCfg = Preview|Any CPU
		{AFC9B33C-1F15-4417-BFD2-EE4E08E36C07}.Preview|Any CPU.Build.0 = Preview|Any CPU
		{AFC9B33C-1F15-4417-BFD2-EE4E08E36C07}.Preview|x64.ActiveCfg = Preview|Any CPU
		{AFC9B33C-1F15-4417-BFD2-EE4E08E36C07}.Preview|x64.Build.0 = Preview|Any CPU
		{AFC9B33C-1F15-4417-BFD2-EE4E08E36C07}.Preview|x86.ActiveCfg = Preview|Any CPU
		{AFC9B33C-1F15-4417-BFD2-EE4E08E36C07}.Preview|x86.Build.0 = Preview|Any CPU
		{AFC9B33C-1F15-4417-BFD2-EE4E08E36C07}.Release|Any CPU.ActiveCfg = Release|Any CPU
		{AFC9B33C-1F15-4417-BFD2-EE4E08E36C07}.Release|Any CPU.Build.0 = Release|Any CPU
		{AFC9B33C-1F15-4417-BFD2-EE4E08E36C07}.Release|x64.ActiveCfg = Release|Any CPU
		{AFC9B33C-1F15-4417-BFD2-EE4E08E36C07}.Release|x64.Build.0 = Release|Any CPU
		{AFC9B33C-1F15-4417-BFD2-EE4E08E36C07}.Release|x86.ActiveCfg = Release|Any CPU
		{AFC9B33C-1F15-4417-BFD2-EE4E08E36C07}.Release|x86.Build.0 = Release|Any CPU
		{4E2B0097-610A-4E7E-8705-8A2BC887C652}.Alpha|Any CPU.ActiveCfg = Alpha|Any CPU
		{4E2B0097-610A-4E7E-8705-8A2BC887C652}.Alpha|Any CPU.Build.0 = Alpha|Any CPU
		{4E2B0097-610A-4E7E-8705-8A2BC887C652}.Alpha|x64.ActiveCfg = Alpha|Any CPU
		{4E2B0097-610A-4E7E-8705-8A2BC887C652}.Alpha|x64.Build.0 = Alpha|Any CPU
		{4E2B0097-610A-4E7E-8705-8A2BC887C652}.Alpha|x86.ActiveCfg = Alpha|Any CPU
		{4E2B0097-610A-4E7E-8705-8A2BC887C652}.Alpha|x86.Build.0 = Alpha|Any CPU
		{4E2B0097-610A-4E7E-8705-8A2BC887C652}.Beta|Any CPU.ActiveCfg = Beta|Any CPU
		{4E2B0097-610A-4E7E-8705-8A2BC887C652}.Beta|Any CPU.Build.0 = Beta|Any CPU
		{4E2B0097-610A-4E7E-8705-8A2BC887C652}.Beta|x64.ActiveCfg = Beta|Any CPU
		{4E2B0097-610A-4E7E-8705-8A2BC887C652}.Beta|x64.Build.0 = Beta|Any CPU
		{4E2B0097-610A-4E7E-8705-8A2BC887C652}.Beta|x86.ActiveCfg = Beta|Any CPU
		{4E2B0097-610A-4E7E-8705-8A2BC887C652}.Beta|x86.Build.0 = Beta|Any CPU
		{4E2B0097-610A-4E7E-8705-8A2BC887C652}.Debug|Any CPU.ActiveCfg = Debug|Any CPU
		{4E2B0097-610A-4E7E-8705-8A2BC887C652}.Debug|Any CPU.Build.0 = Debug|Any CPU
		{4E2B0097-610A-4E7E-8705-8A2BC887C652}.Debug|x64.ActiveCfg = Debug|Any CPU
		{4E2B0097-610A-4E7E-8705-8A2BC887C652}.Debug|x64.Build.0 = Debug|Any CPU
		{4E2B0097-610A-4E7E-8705-8A2BC887C652}.Debug|x86.ActiveCfg = Debug|Any CPU
		{4E2B0097-610A-4E7E-8705-8A2BC887C652}.Debug|x86.Build.0 = Debug|Any CPU
		{4E2B0097-610A-4E7E-8705-8A2BC887C652}.Experimental|Any CPU.ActiveCfg = Experimental|Any CPU
		{4E2B0097-610A-4E7E-8705-8A2BC887C652}.Experimental|Any CPU.Build.0 = Experimental|Any CPU
		{4E2B0097-610A-4E7E-8705-8A2BC887C652}.Experimental|x64.ActiveCfg = Experimental|Any CPU
		{4E2B0097-610A-4E7E-8705-8A2BC887C652}.Experimental|x64.Build.0 = Experimental|Any CPU
		{4E2B0097-610A-4E7E-8705-8A2BC887C652}.Experimental|x86.ActiveCfg = Experimental|Any CPU
		{4E2B0097-610A-4E7E-8705-8A2BC887C652}.Experimental|x86.Build.0 = Experimental|Any CPU
		{4E2B0097-610A-4E7E-8705-8A2BC887C652}.Preview|Any CPU.ActiveCfg = Preview|Any CPU
		{4E2B0097-610A-4E7E-8705-8A2BC887C652}.Preview|Any CPU.Build.0 = Preview|Any CPU
		{4E2B0097-610A-4E7E-8705-8A2BC887C652}.Preview|x64.ActiveCfg = Preview|Any CPU
		{4E2B0097-610A-4E7E-8705-8A2BC887C652}.Preview|x64.Build.0 = Preview|Any CPU
		{4E2B0097-610A-4E7E-8705-8A2BC887C652}.Preview|x86.ActiveCfg = Preview|Any CPU
		{4E2B0097-610A-4E7E-8705-8A2BC887C652}.Preview|x86.Build.0 = Preview|Any CPU
		{4E2B0097-610A-4E7E-8705-8A2BC887C652}.Release|Any CPU.ActiveCfg = Release|Any CPU
		{4E2B0097-610A-4E7E-8705-8A2BC887C652}.Release|Any CPU.Build.0 = Release|Any CPU
		{4E2B0097-610A-4E7E-8705-8A2BC887C652}.Release|x64.ActiveCfg = Release|Any CPU
		{4E2B0097-610A-4E7E-8705-8A2BC887C652}.Release|x64.Build.0 = Release|Any CPU
		{4E2B0097-610A-4E7E-8705-8A2BC887C652}.Release|x86.ActiveCfg = Release|Any CPU
		{4E2B0097-610A-4E7E-8705-8A2BC887C652}.Release|x86.Build.0 = Release|Any CPU
		{78515882-CF81-4F10-A193-764E309C5C91}.Alpha|Any CPU.ActiveCfg = Alpha|Any CPU
		{78515882-CF81-4F10-A193-764E309C5C91}.Alpha|Any CPU.Build.0 = Alpha|Any CPU
		{78515882-CF81-4F10-A193-764E309C5C91}.Alpha|x64.ActiveCfg = Alpha|Any CPU
		{78515882-CF81-4F10-A193-764E309C5C91}.Alpha|x64.Build.0 = Alpha|Any CPU
		{78515882-CF81-4F10-A193-764E309C5C91}.Alpha|x86.ActiveCfg = Alpha|Any CPU
		{78515882-CF81-4F10-A193-764E309C5C91}.Alpha|x86.Build.0 = Alpha|Any CPU
		{78515882-CF81-4F10-A193-764E309C5C91}.Beta|Any CPU.ActiveCfg = Beta|Any CPU
		{78515882-CF81-4F10-A193-764E309C5C91}.Beta|Any CPU.Build.0 = Beta|Any CPU
		{78515882-CF81-4F10-A193-764E309C5C91}.Beta|x64.ActiveCfg = Beta|Any CPU
		{78515882-CF81-4F10-A193-764E309C5C91}.Beta|x64.Build.0 = Beta|Any CPU
		{78515882-CF81-4F10-A193-764E309C5C91}.Beta|x86.ActiveCfg = Beta|Any CPU
		{78515882-CF81-4F10-A193-764E309C5C91}.Beta|x86.Build.0 = Beta|Any CPU
		{78515882-CF81-4F10-A193-764E309C5C91}.Debug|Any CPU.ActiveCfg = Debug|Any CPU
		{78515882-CF81-4F10-A193-764E309C5C91}.Debug|Any CPU.Build.0 = Debug|Any CPU
		{78515882-CF81-4F10-A193-764E309C5C91}.Debug|x64.ActiveCfg = Debug|Any CPU
		{78515882-CF81-4F10-A193-764E309C5C91}.Debug|x64.Build.0 = Debug|Any CPU
		{78515882-CF81-4F10-A193-764E309C5C91}.Debug|x86.ActiveCfg = Debug|Any CPU
		{78515882-CF81-4F10-A193-764E309C5C91}.Debug|x86.Build.0 = Debug|Any CPU
		{78515882-CF81-4F10-A193-764E309C5C91}.Experimental|Any CPU.ActiveCfg = Experimental|Any CPU
		{78515882-CF81-4F10-A193-764E309C5C91}.Experimental|Any CPU.Build.0 = Experimental|Any CPU
		{78515882-CF81-4F10-A193-764E309C5C91}.Experimental|x64.ActiveCfg = Experimental|Any CPU
		{78515882-CF81-4F10-A193-764E309C5C91}.Experimental|x64.Build.0 = Experimental|Any CPU
		{78515882-CF81-4F10-A193-764E309C5C91}.Experimental|x86.ActiveCfg = Experimental|Any CPU
		{78515882-CF81-4F10-A193-764E309C5C91}.Experimental|x86.Build.0 = Experimental|Any CPU
		{78515882-CF81-4F10-A193-764E309C5C91}.Preview|Any CPU.ActiveCfg = Preview|Any CPU
		{78515882-CF81-4F10-A193-764E309C5C91}.Preview|Any CPU.Build.0 = Preview|Any CPU
		{78515882-CF81-4F10-A193-764E309C5C91}.Preview|x64.ActiveCfg = Preview|Any CPU
		{78515882-CF81-4F10-A193-764E309C5C91}.Preview|x64.Build.0 = Preview|Any CPU
		{78515882-CF81-4F10-A193-764E309C5C91}.Preview|x86.ActiveCfg = Preview|Any CPU
		{78515882-CF81-4F10-A193-764E309C5C91}.Preview|x86.Build.0 = Preview|Any CPU
		{78515882-CF81-4F10-A193-764E309C5C91}.Release|Any CPU.ActiveCfg = Release|Any CPU
		{78515882-CF81-4F10-A193-764E309C5C91}.Release|Any CPU.Build.0 = Release|Any CPU
		{78515882-CF81-4F10-A193-764E309C5C91}.Release|x64.ActiveCfg = Release|Any CPU
		{78515882-CF81-4F10-A193-764E309C5C91}.Release|x64.Build.0 = Release|Any CPU
		{78515882-CF81-4F10-A193-764E309C5C91}.Release|x86.ActiveCfg = Release|Any CPU
		{78515882-CF81-4F10-A193-764E309C5C91}.Release|x86.Build.0 = Release|Any CPU
		{20C9EFFC-6AFC-49EE-9148-264DB0256A36}.Alpha|Any CPU.ActiveCfg = Alpha|Any CPU
		{20C9EFFC-6AFC-49EE-9148-264DB0256A36}.Alpha|Any CPU.Build.0 = Alpha|Any CPU
		{20C9EFFC-6AFC-49EE-9148-264DB0256A36}.Alpha|x64.ActiveCfg = Alpha|Any CPU
		{20C9EFFC-6AFC-49EE-9148-264DB0256A36}.Alpha|x64.Build.0 = Alpha|Any CPU
		{20C9EFFC-6AFC-49EE-9148-264DB0256A36}.Alpha|x86.ActiveCfg = Alpha|Any CPU
		{20C9EFFC-6AFC-49EE-9148-264DB0256A36}.Alpha|x86.Build.0 = Alpha|Any CPU
		{20C9EFFC-6AFC-49EE-9148-264DB0256A36}.Beta|Any CPU.ActiveCfg = Beta|Any CPU
		{20C9EFFC-6AFC-49EE-9148-264DB0256A36}.Beta|Any CPU.Build.0 = Beta|Any CPU
		{20C9EFFC-6AFC-49EE-9148-264DB0256A36}.Beta|x64.ActiveCfg = Beta|Any CPU
		{20C9EFFC-6AFC-49EE-9148-264DB0256A36}.Beta|x64.Build.0 = Beta|Any CPU
		{20C9EFFC-6AFC-49EE-9148-264DB0256A36}.Beta|x86.ActiveCfg = Beta|Any CPU
		{20C9EFFC-6AFC-49EE-9148-264DB0256A36}.Beta|x86.Build.0 = Beta|Any CPU
		{20C9EFFC-6AFC-49EE-9148-264DB0256A36}.Debug|Any CPU.ActiveCfg = Debug|Any CPU
		{20C9EFFC-6AFC-49EE-9148-264DB0256A36}.Debug|Any CPU.Build.0 = Debug|Any CPU
		{20C9EFFC-6AFC-49EE-9148-264DB0256A36}.Debug|x64.ActiveCfg = Debug|Any CPU
		{20C9EFFC-6AFC-49EE-9148-264DB0256A36}.Debug|x64.Build.0 = Debug|Any CPU
		{20C9EFFC-6AFC-49EE-9148-264DB0256A36}.Debug|x86.ActiveCfg = Debug|Any CPU
		{20C9EFFC-6AFC-49EE-9148-264DB0256A36}.Debug|x86.Build.0 = Debug|Any CPU
		{20C9EFFC-6AFC-49EE-9148-264DB0256A36}.Experimental|Any CPU.ActiveCfg = Experimental|Any CPU
		{20C9EFFC-6AFC-49EE-9148-264DB0256A36}.Experimental|Any CPU.Build.0 = Experimental|Any CPU
		{20C9EFFC-6AFC-49EE-9148-264DB0256A36}.Experimental|x64.ActiveCfg = Experimental|Any CPU
		{20C9EFFC-6AFC-49EE-9148-264DB0256A36}.Experimental|x64.Build.0 = Experimental|Any CPU
		{20C9EFFC-6AFC-49EE-9148-264DB0256A36}.Experimental|x86.ActiveCfg = Experimental|Any CPU
		{20C9EFFC-6AFC-49EE-9148-264DB0256A36}.Experimental|x86.Build.0 = Experimental|Any CPU
		{20C9EFFC-6AFC-49EE-9148-264DB0256A36}.Preview|Any CPU.ActiveCfg = Preview|Any CPU
		{20C9EFFC-6AFC-49EE-9148-264DB0256A36}.Preview|Any CPU.Build.0 = Preview|Any CPU
		{20C9EFFC-6AFC-49EE-9148-264DB0256A36}.Preview|x64.ActiveCfg = Preview|Any CPU
		{20C9EFFC-6AFC-49EE-9148-264DB0256A36}.Preview|x64.Build.0 = Preview|Any CPU
		{20C9EFFC-6AFC-49EE-9148-264DB0256A36}.Preview|x86.ActiveCfg = Preview|Any CPU
		{20C9EFFC-6AFC-49EE-9148-264DB0256A36}.Preview|x86.Build.0 = Preview|Any CPU
		{20C9EFFC-6AFC-49EE-9148-264DB0256A36}.Release|Any CPU.ActiveCfg = Release|Any CPU
		{20C9EFFC-6AFC-49EE-9148-264DB0256A36}.Release|Any CPU.Build.0 = Release|Any CPU
		{20C9EFFC-6AFC-49EE-9148-264DB0256A36}.Release|x64.ActiveCfg = Release|Any CPU
		{20C9EFFC-6AFC-49EE-9148-264DB0256A36}.Release|x64.Build.0 = Release|Any CPU
		{20C9EFFC-6AFC-49EE-9148-264DB0256A36}.Release|x86.ActiveCfg = Release|Any CPU
		{20C9EFFC-6AFC-49EE-9148-264DB0256A36}.Release|x86.Build.0 = Release|Any CPU
	EndGlobalSection
	GlobalSection(SolutionProperties) = preSolution
		HideSolutionNode = FALSE
	EndGlobalSection
	GlobalSection(NestedProjects) = preSolution
		{9A0CCAB9-4303-13B4-2371-F1B97FF5B728} = {827E0CD3-B72D-47B6-A68D-7590B98EB39B}
		{F7C9C545-C56B-42E5-A5DD-83B1E168F381} = {827E0CD3-B72D-47B6-A68D-7590B98EB39B}
		{386D6670-7432-422C-8F20-516A5E9F6CC6} = {827E0CD3-B72D-47B6-A68D-7590B98EB39B}
		{2E5B175A-8EA8-42F6-9999-C01A5017C5E8} = {827E0CD3-B72D-47B6-A68D-7590B98EB39B}
		{D18DCA24-643E-45F3-9FDE-C595CA3C32EA} = {827E0CD3-B72D-47B6-A68D-7590B98EB39B}
		{61C16C5E-EA51-4029-9D98-66BE4EC8BF1C} = {827E0CD3-B72D-47B6-A68D-7590B98EB39B}
		{9DEFC062-A3AD-4CDC-9C99-0AA138B661F1} = {827E0CD3-B72D-47B6-A68D-7590B98EB39B}
		{178555D8-32F9-C996-44E5-7167B75726FB} = {827E0CD3-B72D-47B6-A68D-7590B98EB39B}
		{586F1E83-5F8D-411E-89EA-62F8EB80497D} = {178555D8-32F9-C996-44E5-7167B75726FB}
		{1E39798F-1CF5-4D0F-8904-63ED6ECFDAB9} = {178555D8-32F9-C996-44E5-7167B75726FB}
		{18B3D76C-A257-4F10-8D88-34E06856C715} = {178555D8-32F9-C996-44E5-7167B75726FB}
		{0FD111E4-3A9D-4EC0-9A28-318FEC253E28} = {178555D8-32F9-C996-44E5-7167B75726FB}
		{02EA681E-C7D8-13C7-8484-4AC65E1B71E8} = {827E0CD3-B72D-47B6-A68D-7590B98EB39B}
		{4B6EFD51-8111-46F8-8699-B8A31202E406} = {827E0CD3-B72D-47B6-A68D-7590B98EB39B}
		{D4034100-EBF4-4A8B-815A-E2F50415890F} = {827E0CD3-B72D-47B6-A68D-7590B98EB39B}
		{D93292F1-15A4-4CFE-A571-6A8F98F383AB} = {827E0CD3-B72D-47B6-A68D-7590B98EB39B}
		{F5F07AEE-6C10-4F81-B0E4-33C090CDF3B8} = {827E0CD3-B72D-47B6-A68D-7590B98EB39B}
		{DCF58990-2402-4BD9-92FC-ED34E565C1D9} = {827E0CD3-B72D-47B6-A68D-7590B98EB39B}
		{84E19DE9-FAD6-4E1C-9369-4501ED10DF33} = {827E0CD3-B72D-47B6-A68D-7590B98EB39B}
		{B67C2F4C-ECA8-417E-AE1A-44E9075D5775} = {827E0CD3-B72D-47B6-A68D-7590B98EB39B}
		{7B76F18B-DD9C-62B4-97B8-244F8616C639} = {178555D8-32F9-C996-44E5-7167B75726FB}
		{72F65A77-3204-4FA3-AD66-32F2B6B7229E} = {827E0CD3-B72D-47B6-A68D-7590B98EB39B}
		{AFC9B33C-1F15-4417-BFD2-EE4E08E36C07} = {0AB3BF05-4346-4AA6-1389-037BE0695223}
		{4E2B0097-610A-4E7E-8705-8A2BC887C652} = {0AB3BF05-4346-4AA6-1389-037BE0695223}
		{78515882-CF81-4F10-A193-764E309C5C91} = {0AB3BF05-4346-4AA6-1389-037BE0695223}
		{20C9EFFC-6AFC-49EE-9148-264DB0256A36} = {0AB3BF05-4346-4AA6-1389-037BE0695223}
	EndGlobalSection
	GlobalSection(ExtensibilityGlobals) = postSolution
		SolutionGuid = {CAE45157-2C07-4FE0-B693-6448888211D8}
	EndGlobalSection
EndGlobal
